{
  "version": 4,
  "terraform_version": "1.15.6",
  "serial": 15,
  "lineage": "d5d312fc-3728-bf65-70a4-410db0742e90",
  "outputs": {},
  "resources": [
    {
      "mode": "data",
      "type": "cloudru_evolution_compute_image_collection",
      "name": "ubuntu_img",
      "provider": "provider[\"cloud.ru/cloudru/cloud\"]",
      "instances": [
        {
          "schema_version": 0,
          "attributes": {
            "filter": null,
            "images": [
              {
                "created_at": "Fri, 05 May 2023 10:44:11 UTC",
                "description": null,
                "display_name": "Debian 11 error",
                "icon": "\u003c?xml version=\"1.0\" encoding=\"UTF-8\" standalone=\"no\"?\u003e\n\u003csvg width=\"256px\" height=\"317px\" viewBox=\"0 0 256 317\" version=\"1.1\" xmlns=\"http://www.w3.org/2000/svg\" xmlns:xlink=\"http://www.w3.org/1999/xlink\" preserveAspectRatio=\"xMidYMid\"\u003e\n\t\u003cg fill=\"#A80030\"\u003e\n\t\t\u003cpath d=\"M152.796616,167.425369 C147.545671,167.498421 153.790117,170.131199 160.645273,171.186063 C162.538769,169.7075 164.256942,168.211404 165.788102,166.756218 C161.51897,167.802315 157.173864,167.825692 152.796616,167.425369\"\u003e\u003c/path\u003e\n\t\t\u003cpath d=\"M180.979901,160.400733 C184.106507,156.084848 186.385715,151.359874 187.189282,146.474187 C186.487987,149.957285 184.597414,152.964086 182.817877,156.137446 C173.002673,162.317606 181.894506,152.467336 182.812034,148.724175 C172.257546,162.007867 181.362691,156.689715 180.979901,160.400733\"\u003e\u003c/path\u003e\n\t\t\u003cpath d=\"M191.382441,133.330754 C192.016528,123.874962 189.521087,126.864232 188.682455,130.472977 C189.661347,130.981416 190.435693,137.1382 191.382441,133.330754\"\u003e\u003c/path\u003e\n\t\t\u003cpath d=\"M132.885687,4.08796433 C135.687944,4.59055894 138.940199,4.97627109 138.484357,5.64542322 C141.549601,4.97334903 142.245051,4.35387195 132.885687,4.08796433\"\u003e\u003c/path\u003e\n\t\t\u003cpath d=\"M138.484357,5.64542322 L136.503199,6.05451186 L138.34702,5.8908764 L138.484357,5.64542322\"\u003e\u003c/path\u003e\n\t\t\u003cpath d=\"M225.86569,136.916123 C226.178352,145.407634 223.381939,149.527742 220.860199,156.821207 L216.322237,159.088727 C212.608297,166.300376 216.681651,163.667598 214.022575,169.403605 C208.225204,174.558123 196.428841,185.533386 192.653538,186.535654 C189.898033,186.47429 194.520734,183.283399 195.125602,182.032756 C187.364606,187.362597 188.898688,190.033361 177.029273,193.271005 L176.681548,192.499581 C147.408334,206.271258 106.744923,178.979202 107.279661,141.740447 C106.966999,144.104395 106.391354,143.514138 105.742656,144.469653 C104.23195,125.309694 114.590659,106.064996 132.061666,98.207572 C149.149883,89.7482033 169.183538,93.2196126 181.424054,104.627341 C174.700391,95.8202476 161.317348,86.4842604 145.456396,87.3579569 C129.919795,87.60341 115.38546,97.4770565 110.534837,108.195179 C102.575141,113.206515 101.65177,127.512929 98.1832823,130.131096 C93.5167498,164.427334 106.961156,179.245109 129.703562,196.675207 C133.283087,199.08883 130.711673,199.454088 131.196736,201.292065 C123.640283,197.753449 116.720842,192.411919 111.031588,185.872345 C114.050077,190.290502 117.308176,194.585933 121.518867,197.960914 C114.394881,195.547291 104.877725,180.697374 102.098845,180.092507 C114.380271,202.081022 151.925841,218.654956 171.585472,210.432274 C162.489094,210.768311 150.93234,210.619286 140.710969,206.841061 C136.418459,204.631982 130.58018,200.056033 131.623357,199.199869 C158.453727,209.22254 186.169482,206.791385 209.385263,188.180774 C215.290749,183.581449 221.742662,175.756168 223.606937,175.648052 C220.798836,179.87043 224.086155,177.678885 221.929673,181.407435 C227.814706,171.916579 219.37287,177.544469 228.013406,165.017591 L231.204297,169.412371 C230.01794,161.534493 240.987361,151.967664 239.874054,139.507992 C242.38995,135.697623 242.682156,143.607644 240.011391,152.37383 C243.716565,142.649209 240.987361,141.085905 241.939952,133.061924 C242.968518,135.758987 244.318511,138.62553 245.011039,141.471618 C242.597416,132.074267 247.488948,125.645732 248.698681,120.184398 C247.50648,119.655505 244.973052,124.33957 244.394484,113.238657 C244.479224,108.417256 245.73571,110.711074 246.220773,109.524717 C245.274025,108.981213 242.790272,105.284805 241.279566,98.1958837 C242.37534,96.5303086 244.207472,102.514691 245.697724,102.760144 C244.739287,97.1234871 243.088322,92.8251343 243.021115,88.5004829 C238.667243,79.4011828 241.481189,89.7131386 237.948416,84.5936865 C233.314026,70.1382472 241.793849,81.2391597 242.366574,74.6703649 C249.39121,84.8479058 253.397356,100.621195 255.235333,107.154925 C253.832744,99.1893847 251.565224,91.4722197 248.798031,84.0063521 C250.931136,84.903425 245.361686,67.6165079 251.571068,79.0651457 C244.937987,54.6600863 223.183238,31.8563167 203.170038,21.1557267 C205.618726,23.3969481 208.710267,26.2108935 207.599883,26.6521249 C197.647341,20.7261837 199.397655,20.264498 197.97169,17.760291 C189.862969,14.4612834 189.331153,18.0261987 183.960403,17.7661352 C168.678021,9.66033601 165.732583,10.5223442 151.668699,5.44380096 L152.308631,8.43307009 C142.183687,5.06101087 140.512268,9.71293312 129.569147,8.44475834 C128.902917,7.92463135 133.075622,6.56295059 136.509044,6.06327805 C126.720137,7.35482932 127.1789,4.13471732 117.600382,6.41976957 C119.961408,4.76296059 122.456849,3.66718744 124.975666,2.2587537 C116.992593,2.74381594 105.917979,6.90483182 109.336791,3.1207619 C96.3160849,8.92982058 73.1908885,17.0852948 60.2140124,29.2527598 L59.8049238,26.5264762 C53.8585283,33.665073 33.8745482,47.8458384 32.2820246,57.0912417 L30.692423,57.4623435 C27.5979597,62.7016001 25.5963474,68.6392296 23.1418156,74.0304334 C19.0947601,80.926499 17.2100303,76.6836654 17.7856765,77.7648282 C9.82598034,93.903375 5.87243089,107.464663 2.45654075,118.586031 C4.89061816,122.223997 2.51498198,140.486883 3.43543143,155.103036 C-0.561948993,227.289648 54.0981373,297.37822 113.845533,313.560597 C122.602952,316.693048 135.626581,316.573244 146.704117,316.89467 C133.633735,313.157354 131.944783,314.913513 119.213361,310.4749 C110.02932,306.15025 108.01602,301.211965 101.51151,295.566542 L104.085847,300.116191 C91.3281256,295.601606 96.6667323,294.52921 86.2875691,291.241891 L89.0372292,287.650677 C84.9025118,287.338017 78.0853419,280.681559 76.2210666,276.99684 L71.697715,277.175086 C66.2626802,270.468953 63.3669171,265.635863 63.5773055,261.892702 L62.1162747,264.49626 C60.4594657,261.653094 42.1206064,239.346074 51.6348393,244.538578 C49.8669919,242.922678 47.5176543,241.908723 44.9696166,237.280177 L46.9069435,235.065255 C42.3280727,229.174378 38.4797175,221.62377 38.7719237,219.107876 C41.2147672,222.406883 42.909563,223.023438 44.5868265,223.587396 C33.0242283,194.898594 32.3755306,222.006561 23.6181117,194.384311 L25.4706988,194.235286 C24.0505768,192.096336 23.1885686,189.773298 22.0460424,187.494089 L22.8525315,179.45842 C14.5275777,169.833149 20.5236483,138.532024 21.7246156,121.364911 C22.5574032,114.384106 28.6732784,106.953302 33.3252007,95.3001206 L30.4908008,94.8121362 C35.9083032,85.3621887 61.423746,56.8603988 73.2405636,58.3272738 C78.9648825,51.1360799 72.1038815,58.3009752 70.9847319,56.489297 C83.5583634,43.4773562 87.5119129,47.2964908 95.9975802,44.9559193 C105.149478,39.5238067 88.1430783,47.0744141 92.48234,42.8841777 C108.302382,38.8429662 103.69429,33.6972156 124.332812,31.6459283 C126.509749,32.8848825 119.280568,33.5598787 117.465968,35.1670127 C130.647387,28.7180225 159.178398,30.1848974 177.710114,38.7465383 C199.213566,48.7955085 223.373172,78.5011878 224.325764,106.450708 L225.409849,106.742914 C224.860501,117.852593 227.110489,130.700899 223.212459,142.503105 L225.86569,136.916123\"\u003e\u003c/path\u003e\n\t\t\u003cpath d=\"M95.4832973,174.634096 L94.7469378,178.315894 C98.1978927,183.002881 100.935865,188.081424 105.342334,191.745689 C102.171897,185.556762 99.8167152,182.999958 95.4832973,174.634096\"\u003e\u003c/path\u003e\n\t\t\u003cpath d=\"M103.641693,174.312669 C101.815405,172.293524 100.734243,169.86237 99.5245086,167.43998 C100.681645,171.697424 103.051437,175.355845 105.257594,179.07563 L103.641693,174.312669\"\u003e\u003c/path\u003e\n\t\t\u003cpath d=\"M248.00323,142.93557 L247.231806,144.869975 C245.817528,154.916024 242.763974,164.856878 238.082831,174.073061 C243.254879,164.348438 246.600641,153.712134 248.00323,142.93557\"\u003e\u003c/path\u003e\n\t\t\u003cpath d=\"M133.923019,1.56914713 C137.473324,0.268829677 142.651217,0.856164081 146.417755,0 C141.508691,0.412010701 136.623004,0.657463884 131.79868,1.27986303 L133.923019,1.56914713\"\u003e\u003c/path\u003e\n\t\t\u003cpath d=\"M9.2824769,67.8473509 C10.1006542,75.4213348 3.58445657,78.3609288 10.7259754,73.3671253 C14.5538762,64.7441213 9.22987977,70.9856451 9.2824769,67.8473509\"\u003e\u003c/path\u003e\n\t\t\u003cpath d=\"M0.890315672,102.900403 C2.53543641,97.8510804 2.83348671,94.8179803 3.46172998,91.8959186 C-1.08499804,97.7078994 1.3695338,98.9468536 0.890315672,102.900403\"\u003e\u003c/path\u003e\n\t\u003c/g\u003e\n\u003c/svg\u003e",
                "id": "4bffa7e2-a8c7-4663-9154-e13bdfc95d15",
                "image_metadata": [
                  {
                    "default_value": "",
                    "display_group": "Дополнительные параметры системы",
                    "display_name": "Имя хоста",
                    "display_position": 1,
                    "field_type": "METADATA_FIELD_TYPE_HOSTNAME",
                    "id": "ece772ce-3344-40fb-8e41-c101b67f4243",
                    "image_id": "4bffa7e2-a8c7-4663-9154-e13bdfc95d15",
                    "mandatory_group": "hostname",
                    "mandatory_group_display_name": "",
                    "name": "hostname",
                    "sensitive": false
                  },
                  {
                    "default_value": "user1",
                    "display_group": "Авторизация пользователя",
                    "display_name": "Логин",
                    "display_position": 2,
                    "field_type": "METADATA_FIELD_TYPE_LINUX_LOGIN",
                    "id": "8f6d596b-a98d-4937-8210-8e592b9afe84",
                    "image_id": "4bffa7e2-a8c7-4663-9154-e13bdfc95d15",
                    "mandatory_group": "name",
                    "mandatory_group_display_name": "",
                    "name": "name",
                    "sensitive": false
                  },
                  {
                    "default_value": "",
                    "display_group": "Авторизация пользователя",
                    "display_name": "Публичный ключ",
                    "display_position": 3,
                    "field_type": "METADATA_FIELD_TYPE_PUBLIC_KEY",
                    "id": "37ab831d-db67-421d-b195-aa96dbf65869",
                    "image_id": "4bffa7e2-a8c7-4663-9154-e13bdfc95d15",
                    "mandatory_group": "authentication",
                    "mandatory_group_display_name": "Метод аутентификации",
                    "name": "public_key",
                    "sensitive": false
                  },
                  {
                    "default_value": "",
                    "display_group": "Авторизация пользователя",
                    "display_name": "Пароль",
                    "display_position": 4,
                    "field_type": "METADATA_FIELD_TYPE_LINUX_PASSWORD",
                    "id": "a1a1e1c9-691e-49bb-858c-09bf24625cb7",
                    "image_id": "4bffa7e2-a8c7-4663-9154-e13bdfc95d15",
                    "mandatory_group": "authentication",
                    "mandatory_group_display_name": "Метод аутентификации",
                    "name": "linux_password",
                    "sensitive": true
                  }
                ],
                "min_cpu": 1,
                "min_disk": 10,
                "min_ram": 1,
                "name": "debian-11_error",
                "project_id": null,
                "type": "IMAGE_TYPE_PUBLIC",
                "updated_at": "Sat, 05 Apr 2025 10:01:13 UTC",
                "user_data_template": "groups:\n- admingroup:\n  - root\n  - sys\n- cloud-users\nhostname: $hostname\nusers:\n- groups: users\n  lock_passwd: false\n  name: $name\n  passwd: $linux_password\n  primary_group: $name\n  ssh_authorized_keys: $public_key\n  sudo: ALL=(ALL) NOPASSWD:ALL\n",
                "zones": [
                  {
                    "enabled": false,
                    "id": "7c99a597-8516-494f-a2c7-d7377048681e",
                    "name": "ru.AZ-1"
                  }
                ]
              },
              {
                "created_at": "Fri, 05 May 2023 10:44:11 UTC",
                "description": null,
                "display_name": "Ubuntu 20.04",
                "icon": "\u003c?xml version='1.0' encoding='UTF-8' standalone='no'?\u003e\u003csvg width='256px' height='256px' viewBox='0 0 256 256' version='1.1' xmlns='http://www.w3.org/2000/svg' xmlns:xlink='http://www.w3.org/1999/xlink' preserveAspectRatio='xMidYMid'\u003e\u003cg\u003e\u003cpath d='M255.637396,127.683191 C255.637396,198.196551 198.47207,255.363378 127.954205,255.363378 C57.4348387,255.363378 0.27026393,198.196551 0.27026393,127.683191 C0.27026393,57.1653255 57.4355894,0 127.954205,0 C198.472821,0 255.637396,57.1653255 255.637396,127.683191 L255.637396,127.683191 Z' fill='#DD4814'\u003e\u003c/path\u003e\u003cpath d='M41.1334194,110.63254 C31.7139707,110.63254 24.0827683,118.264493 24.0827683,127.683191 C24.0827683,137.097384 31.7139707,144.728587 41.1334194,144.728587 C50.5476129,144.728587 58.1788152,137.097384 58.1788152,127.683191 C58.1788152,118.264493 50.5476129,110.63254 41.1334194,110.63254 L41.1334194,110.63254 Z M162.848282,188.111202 C154.694569,192.820551 151.898839,203.240727 156.608938,211.389935 C161.313032,219.543648 171.733208,222.338628 179.886921,217.629279 C188.039883,212.925185 190.835613,202.505009 186.126264,194.350545 C181.42217,186.202088 170.995988,183.407109 162.848282,188.111202 L162.848282,188.111202 Z M78.1618299,127.683191 C78.1618299,110.836739 86.5295015,95.9534545 99.3332551,86.9409032 L86.8703343,66.0667683 C71.9555191,76.0365044 60.8581818,91.271132 56.2464282,109.113806 C61.6276833,113.504845 65.0720469,120.189372 65.0720469,127.68244 C65.0720469,135.171003 61.6276833,141.855531 56.2464282,146.246569 C60.852176,164.094499 71.9495132,179.329877 86.8703343,189.299613 L99.3332551,168.420223 C86.5295015,159.412927 78.1618299,144.530393 78.1618299,127.683191 L78.1618299,127.683191 Z M127.954205,77.8855601 C153.967109,77.8855601 175.30895,97.8302874 177.549138,123.265877 L201.839859,122.907777 C200.644692,104.129689 192.441431,87.2719765 179.836622,74.875871 C173.354792,77.3247625 165.86773,76.9501466 159.396411,73.2197537 C152.91383,69.4788504 148.849361,63.1681877 147.738276,56.3177478 C141.438123,54.5790499 134.807648,53.6271202 127.952704,53.6271202 C116.168446,53.6271202 105.026815,56.3950733 95.1344047,61.2913548 L106.979472,82.5175836 C113.351695,79.5521877 120.460387,77.8855601 127.954205,77.8855601 L127.954205,77.8855601 Z M127.954205,177.475566 C120.460387,177.475566 113.351695,175.808188 106.980223,172.843543 L95.1351554,194.069021 C105.027566,198.971308 116.169196,201.740012 127.954205,201.740012 C134.80915,201.740012 141.439625,200.787331 147.739026,199.043378 C148.850111,192.192938 152.916082,185.888282 159.397161,182.140622 C165.872985,178.404223 173.355543,178.036364 179.837372,180.485255 C192.442182,168.08915 200.645443,151.231437 201.84061,132.453349 L177.543883,132.095249 C175.30895,157.537595 153.967859,177.475566 127.954205,177.475566 L127.954205,177.475566 Z M162.842276,67.2446686 C170.995988,71.9532669 181.416915,69.1642933 186.121009,61.0105806 C190.830358,52.856868 188.041384,42.4359413 179.886921,37.7258416 C171.733208,33.0217478 161.313032,35.8167273 156.602182,43.9704399 C151.898839,52.1196481 154.693818,62.5405748 162.842276,67.2446686 L162.842276,67.2446686 Z' fill='#FFFFFF'\u003e\u003c/path\u003e\u003c/g\u003e\u003c/svg\u003e",
                "id": "8a7556a0-4cb4-459d-9905-7bb2ca7beab6",
                "image_metadata": [
                  {
                    "default_value": "true",
                    "display_group": "Дополнительные параметры системы",
                    "display_name": "Compute agent",
                    "display_position": 5,
                    "field_type": "METADATA_FIELD_TYPE_FLAG",
                    "id": "f1b6494a-ed77-428e-b915-ad28d5c435f1",
                    "image_id": "8a7556a0-4cb4-459d-9905-7bb2ca7beab6",
                    "mandatory_group": "",
                    "mandatory_group_display_name": "",
                    "name": "guest_agent_ready",
                    "sensitive": true
                  },
                  {
                    "default_value": "",
                    "display_group": "Дополнительные параметры системы",
                    "display_name": "Имя хоста",
                    "display_position": 4,
                    "field_type": "METADATA_FIELD_TYPE_HOSTNAME",
                    "id": "549cc186-e0dc-4b3c-837b-565825eb8b35",
                    "image_id": "8a7556a0-4cb4-459d-9905-7bb2ca7beab6",
                    "mandatory_group": "hostname",
                    "mandatory_group_display_name": "",
                    "name": "hostname",
                    "sensitive": false
                  },
                  {
                    "default_value": "user1",
                    "display_group": "Авторизация пользователя",
                    "display_name": "Логин",
                    "display_position": 1,
                    "field_type": "METADATA_FIELD_TYPE_LINUX_LOGIN",
                    "id": "1ac3323f-46a3-4d10-b41c-e16ddf25092f",
                    "image_id": "8a7556a0-4cb4-459d-9905-7bb2ca7beab6",
                    "mandatory_group": "name",
                    "mandatory_group_display_name": "",
                    "name": "name",
                    "sensitive": false
                  },
                  {
                    "default_value": "",
                    "display_group": "Авторизация пользователя",
                    "display_name": "Публичный ключ",
                    "display_position": 3,
                    "field_type": "METADATA_FIELD_TYPE_PUBLIC_KEY",
                    "id": "e9137001-a745-41b2-94ef-b6bf8cd790de",
                    "image_id": "8a7556a0-4cb4-459d-9905-7bb2ca7beab6",
                    "mandatory_group": "authentication",
                    "mandatory_group_display_name": "Метод аутентификации",
                    "name": "public_key",
                    "sensitive": false
                  },
                  {
                    "default_value": "",
                    "display_group": "Авторизация пользователя",
                    "display_name": "Пароль",
                    "display_position": 2,
                    "field_type": "METADATA_FIELD_TYPE_LINUX_PASSWORD",
                    "id": "bae6dddc-6cfc-4c91-9edc-941cf247aad3",
                    "image_id": "8a7556a0-4cb4-459d-9905-7bb2ca7beab6",
                    "mandatory_group": "authentication",
                    "mandatory_group_display_name": "Метод аутентификации",
                    "name": "linux_password",
                    "sensitive": true
                  }
                ],
                "min_cpu": 1,
                "min_disk": 10,
                "min_ram": 1,
                "name": "ubuntu-20.04",
                "project_id": null,
                "type": "IMAGE_TYPE_PUBLIC",
                "updated_at": "Fri, 17 Apr 2026 10:36:36 UTC",
                "user_data_template": "groups:\n- admingroup:\n  - root\n  - sys\n- cloud-users\nhostname: $hostname\nusers:\n- groups: users\n  lock_passwd: false\n  name: $name\n  passwd: $linux_password\n  primary_group: $name\n  ssh_authorized_keys: $public_key\n  sudo: ALL=(ALL) NOPASSWD:ALL\n  shell: /bin/bash\nruncmd:\n  - sudo systemctl enable qemu-guest-agent\n  - sudo systemctl stop qemu-guest-agent\n{% if guest_agent_ready %}\n  - sudo systemctl start qemu-guest-agent\n{% endif %}\n  - [sync]\n  - [echo, 3, '\u003e', /proc/sys/vm/drop_caches]\npackage_update: true\napt:\n  primary:\n    - arches: [default]\n      uri: http://mirror.yandex.ru/ubuntu/",
                "zones": [
                  {
                    "enabled": true,
                    "id": "2c63c482-2532-4bba-8c9b-70ea330507bf",
                    "name": "ru.AZ-3"
                  },
                  {
                    "enabled": true,
                    "id": "7c99a597-8516-494f-a2c7-d7377048681e",
                    "name": "ru.AZ-1"
                  },
                  {
                    "enabled": true,
                    "id": "479a4ab3-3ff3-4972-95c5-7610bac5c0bb",
                    "name": "ru.AZ-2"
                  }
                ]
              },
              {
                "created_at": "Tue, 30 Jan 2024 16:49:41 UTC",
                "description": null,
                "display_name": "Debian 12",
                "icon": "\u003c?xml version=\"1.0\" encoding=\"UTF-8\" standalone=\"no\"?\u003e\n\u003csvg width=\"256px\" height=\"317px\" viewBox=\"0 0 256 317\" version=\"1.1\" xmlns=\"http://www.w3.org/2000/svg\" xmlns:xlink=\"http://www.w3.org/1999/xlink\" preserveAspectRatio=\"xMidYMid\"\u003e\n\t\u003cg fill=\"#A80030\"\u003e\n\t\t\u003cpath d=\"M152.796616,167.425369 C147.545671,167.498421 153.790117,170.131199 160.645273,171.186063 C162.538769,169.7075 164.256942,168.211404 165.788102,166.756218 C161.51897,167.802315 157.173864,167.825692 152.796616,167.425369\"\u003e\u003c/path\u003e\n\t\t\u003cpath d=\"M180.979901,160.400733 C184.106507,156.084848 186.385715,151.359874 187.189282,146.474187 C186.487987,149.957285 184.597414,152.964086 182.817877,156.137446 C173.002673,162.317606 181.894506,152.467336 182.812034,148.724175 C172.257546,162.007867 181.362691,156.689715 180.979901,160.400733\"\u003e\u003c/path\u003e\n\t\t\u003cpath d=\"M191.382441,133.330754 C192.016528,123.874962 189.521087,126.864232 188.682455,130.472977 C189.661347,130.981416 190.435693,137.1382 191.382441,133.330754\"\u003e\u003c/path\u003e\n\t\t\u003cpath d=\"M132.885687,4.08796433 C135.687944,4.59055894 138.940199,4.97627109 138.484357,5.64542322 C141.549601,4.97334903 142.245051,4.35387195 132.885687,4.08796433\"\u003e\u003c/path\u003e\n\t\t\u003cpath d=\"M138.484357,5.64542322 L136.503199,6.05451186 L138.34702,5.8908764 L138.484357,5.64542322\"\u003e\u003c/path\u003e\n\t\t\u003cpath d=\"M225.86569,136.916123 C226.178352,145.407634 223.381939,149.527742 220.860199,156.821207 L216.322237,159.088727 C212.608297,166.300376 216.681651,163.667598 214.022575,169.403605 C208.225204,174.558123 196.428841,185.533386 192.653538,186.535654 C189.898033,186.47429 194.520734,183.283399 195.125602,182.032756 C187.364606,187.362597 188.898688,190.033361 177.029273,193.271005 L176.681548,192.499581 C147.408334,206.271258 106.744923,178.979202 107.279661,141.740447 C106.966999,144.104395 106.391354,143.514138 105.742656,144.469653 C104.23195,125.309694 114.590659,106.064996 132.061666,98.207572 C149.149883,89.7482033 169.183538,93.2196126 181.424054,104.627341 C174.700391,95.8202476 161.317348,86.4842604 145.456396,87.3579569 C129.919795,87.60341 115.38546,97.4770565 110.534837,108.195179 C102.575141,113.206515 101.65177,127.512929 98.1832823,130.131096 C93.5167498,164.427334 106.961156,179.245109 129.703562,196.675207 C133.283087,199.08883 130.711673,199.454088 131.196736,201.292065 C123.640283,197.753449 116.720842,192.411919 111.031588,185.872345 C114.050077,190.290502 117.308176,194.585933 121.518867,197.960914 C114.394881,195.547291 104.877725,180.697374 102.098845,180.092507 C114.380271,202.081022 151.925841,218.654956 171.585472,210.432274 C162.489094,210.768311 150.93234,210.619286 140.710969,206.841061 C136.418459,204.631982 130.58018,200.056033 131.623357,199.199869 C158.453727,209.22254 186.169482,206.791385 209.385263,188.180774 C215.290749,183.581449 221.742662,175.756168 223.606937,175.648052 C220.798836,179.87043 224.086155,177.678885 221.929673,181.407435 C227.814706,171.916579 219.37287,177.544469 228.013406,165.017591 L231.204297,169.412371 C230.01794,161.534493 240.987361,151.967664 239.874054,139.507992 C242.38995,135.697623 242.682156,143.607644 240.011391,152.37383 C243.716565,142.649209 240.987361,141.085905 241.939952,133.061924 C242.968518,135.758987 244.318511,138.62553 245.011039,141.471618 C242.597416,132.074267 247.488948,125.645732 248.698681,120.184398 C247.50648,119.655505 244.973052,124.33957 244.394484,113.238657 C244.479224,108.417256 245.73571,110.711074 246.220773,109.524717 C245.274025,108.981213 242.790272,105.284805 241.279566,98.1958837 C242.37534,96.5303086 244.207472,102.514691 245.697724,102.760144 C244.739287,97.1234871 243.088322,92.8251343 243.021115,88.5004829 C238.667243,79.4011828 241.481189,89.7131386 237.948416,84.5936865 C233.314026,70.1382472 241.793849,81.2391597 242.366574,74.6703649 C249.39121,84.8479058 253.397356,100.621195 255.235333,107.154925 C253.832744,99.1893847 251.565224,91.4722197 248.798031,84.0063521 C250.931136,84.903425 245.361686,67.6165079 251.571068,79.0651457 C244.937987,54.6600863 223.183238,31.8563167 203.170038,21.1557267 C205.618726,23.3969481 208.710267,26.2108935 207.599883,26.6521249 C197.647341,20.7261837 199.397655,20.264498 197.97169,17.760291 C189.862969,14.4612834 189.331153,18.0261987 183.960403,17.7661352 C168.678021,9.66033601 165.732583,10.5223442 151.668699,5.44380096 L152.308631,8.43307009 C142.183687,5.06101087 140.512268,9.71293312 129.569147,8.44475834 C128.902917,7.92463135 133.075622,6.56295059 136.509044,6.06327805 C126.720137,7.35482932 127.1789,4.13471732 117.600382,6.41976957 C119.961408,4.76296059 122.456849,3.66718744 124.975666,2.2587537 C116.992593,2.74381594 105.917979,6.90483182 109.336791,3.1207619 C96.3160849,8.92982058 73.1908885,17.0852948 60.2140124,29.2527598 L59.8049238,26.5264762 C53.8585283,33.665073 33.8745482,47.8458384 32.2820246,57.0912417 L30.692423,57.4623435 C27.5979597,62.7016001 25.5963474,68.6392296 23.1418156,74.0304334 C19.0947601,80.926499 17.2100303,76.6836654 17.7856765,77.7648282 C9.82598034,93.903375 5.87243089,107.464663 2.45654075,118.586031 C4.89061816,122.223997 2.51498198,140.486883 3.43543143,155.103036 C-0.561948993,227.289648 54.0981373,297.37822 113.845533,313.560597 C122.602952,316.693048 135.626581,316.573244 146.704117,316.89467 C133.633735,313.157354 131.944783,314.913513 119.213361,310.4749 C110.02932,306.15025 108.01602,301.211965 101.51151,295.566542 L104.085847,300.116191 C91.3281256,295.601606 96.6667323,294.52921 86.2875691,291.241891 L89.0372292,287.650677 C84.9025118,287.338017 78.0853419,280.681559 76.2210666,276.99684 L71.697715,277.175086 C66.2626802,270.468953 63.3669171,265.635863 63.5773055,261.892702 L62.1162747,264.49626 C60.4594657,261.653094 42.1206064,239.346074 51.6348393,244.538578 C49.8669919,242.922678 47.5176543,241.908723 44.9696166,237.280177 L46.9069435,235.065255 C42.3280727,229.174378 38.4797175,221.62377 38.7719237,219.107876 C41.2147672,222.406883 42.909563,223.023438 44.5868265,223.587396 C33.0242283,194.898594 32.3755306,222.006561 23.6181117,194.384311 L25.4706988,194.235286 C24.0505768,192.096336 23.1885686,189.773298 22.0460424,187.494089 L22.8525315,179.45842 C14.5275777,169.833149 20.5236483,138.532024 21.7246156,121.364911 C22.5574032,114.384106 28.6732784,106.953302 33.3252007,95.3001206 L30.4908008,94.8121362 C35.9083032,85.3621887 61.423746,56.8603988 73.2405636,58.3272738 C78.9648825,51.1360799 72.1038815,58.3009752 70.9847319,56.489297 C83.5583634,43.4773562 87.5119129,47.2964908 95.9975802,44.9559193 C105.149478,39.5238067 88.1430783,47.0744141 92.48234,42.8841777 C108.302382,38.8429662 103.69429,33.6972156 124.332812,31.6459283 C126.509749,32.8848825 119.280568,33.5598787 117.465968,35.1670127 C130.647387,28.7180225 159.178398,30.1848974 177.710114,38.7465383 C199.213566,48.7955085 223.373172,78.5011878 224.325764,106.450708 L225.409849,106.742914 C224.860501,117.852593 227.110489,130.700899 223.212459,142.503105 L225.86569,136.916123\"\u003e\u003c/path\u003e\n\t\t\u003cpath d=\"M95.4832973,174.634096 L94.7469378,178.315894 C98.1978927,183.002881 100.935865,188.081424 105.342334,191.745689 C102.171897,185.556762 99.8167152,182.999958 95.4832973,174.634096\"\u003e\u003c/path\u003e\n\t\t\u003cpath d=\"M103.641693,174.312669 C101.815405,172.293524 100.734243,169.86237 99.5245086,167.43998 C100.681645,171.697424 103.051437,175.355845 105.257594,179.07563 L103.641693,174.312669\"\u003e\u003c/path\u003e\n\t\t\u003cpath d=\"M248.00323,142.93557 L247.231806,144.869975 C245.817528,154.916024 242.763974,164.856878 238.082831,174.073061 C243.254879,164.348438 246.600641,153.712134 248.00323,142.93557\"\u003e\u003c/path\u003e\n\t\t\u003cpath d=\"M133.923019,1.56914713 C137.473324,0.268829677 142.651217,0.856164081 146.417755,0 C141.508691,0.412010701 136.623004,0.657463884 131.79868,1.27986303 L133.923019,1.56914713\"\u003e\u003c/path\u003e\n\t\t\u003cpath d=\"M9.2824769,67.8473509 C10.1006542,75.4213348 3.58445657,78.3609288 10.7259754,73.3671253 C14.5538762,64.7441213 9.22987977,70.9856451 9.2824769,67.8473509\"\u003e\u003c/path\u003e\n\t\t\u003cpath d=\"M0.890315672,102.900403 C2.53543641,97.8510804 2.83348671,94.8179803 3.46172998,91.8959186 C-1.08499804,97.7078994 1.3695338,98.9468536 0.890315672,102.900403\"\u003e\u003c/path\u003e\n\t\u003c/g\u003e\n\u003c/svg\u003e",
                "id": "9c20ad2f-0253-4674-99fb-2373481be414",
                "image_metadata": [
                  {
                    "default_value": "true",
                    "display_group": "Дополнительные параметры системы",
                    "display_name": "Compute agent",
                    "display_position": 5,
                    "field_type": "METADATA_FIELD_TYPE_FLAG",
                    "id": "abefc80d-cfa5-45be-8e59-ddd6b05cc070",
                    "image_id": "9c20ad2f-0253-4674-99fb-2373481be414",
                    "mandatory_group": "",
                    "mandatory_group_display_name": "",
                    "name": "guest_agent_ready",
                    "sensitive": true
                  },
                  {
                    "default_value": "",
                    "display_group": "Авторизация пользователя",
                    "display_name": "Публичный ключ",
                    "display_position": 3,
                    "field_type": "METADATA_FIELD_TYPE_PUBLIC_KEY",
                    "id": "9a6a7683-5a7f-488a-b26c-d0e7adbff820",
                    "image_id": "9c20ad2f-0253-4674-99fb-2373481be414",
                    "mandatory_group": "authentication",
                    "mandatory_group_display_name": "Метод аутентификации",
                    "name": "public_key",
                    "sensitive": false
                  },
                  {
                    "default_value": "",
                    "display_group": "Авторизация пользователя",
                    "display_name": "Пароль",
                    "display_position": 2,
                    "field_type": "METADATA_FIELD_TYPE_LINUX_PASSWORD",
                    "id": "3eba9d71-dc4c-4b67-b54e-2748087f935c",
                    "image_id": "9c20ad2f-0253-4674-99fb-2373481be414",
                    "mandatory_group": "authentication",
                    "mandatory_group_display_name": "Метод аутентификации",
                    "name": "linux_password",
                    "sensitive": true
                  },
                  {
                    "default_value": "",
                    "display_group": "Дополнительные параметры системы",
                    "display_name": "Имя хоста",
                    "display_position": 4,
                    "field_type": "METADATA_FIELD_TYPE_HOSTNAME",
                    "id": "9808aa8f-96e5-4c19-896d-c10939339edf",
                    "image_id": "9c20ad2f-0253-4674-99fb-2373481be414",
                    "mandatory_group": "hostname",
                    "mandatory_group_display_name": "",
                    "name": "hostname",
                    "sensitive": false
                  },
                  {
                    "default_value": "user1",
                    "display_group": "Авторизация пользователя",
                    "display_name": "Логин",
                    "display_position": 1,
                    "field_type": "METADATA_FIELD_TYPE_LINUX_LOGIN",
                    "id": "06be31bf-a3a3-45fa-ab91-5a123445b580",
                    "image_id": "9c20ad2f-0253-4674-99fb-2373481be414",
                    "mandatory_group": "name",
                    "mandatory_group_display_name": "",
                    "name": "name",
                    "sensitive": false
                  }
                ],
                "min_cpu": 1,
                "min_disk": 10,
                "min_ram": 1,
                "name": "debian-12",
                "project_id": null,
                "type": "IMAGE_TYPE_PUBLIC",
                "updated_at": "Wed, 20 May 2026 05:18:41 UTC",
                "user_data_template": "groups:\n- admingroup:\n  - root\n  - sys\n- cloud-users\nhostname: $hostname\nusers:\n- groups: users\n  lock_passwd: false\n  name: $name\n  passwd: $linux_password\n  primary_group: $name\n  ssh_authorized_keys: $public_key\n  sudo: ALL=(ALL) NOPASSWD:ALL\n  shell: /bin/bash\nruncmd:\n  - sudo systemctl enable qemu-guest-agent\n  - sudo systemctl stop qemu-guest-agent\n{% if guest_agent_ready %}\n  - sudo systemctl start qemu-guest-agent\n{% endif %}",
                "zones": [
                  {
                    "enabled": true,
                    "id": "479a4ab3-3ff3-4972-95c5-7610bac5c0bb",
                    "name": "ru.AZ-2"
                  },
                  {
                    "enabled": true,
                    "id": "7c99a597-8516-494f-a2c7-d7377048681e",
                    "name": "ru.AZ-1"
                  },
                  {
                    "enabled": true,
                    "id": "2c63c482-2532-4bba-8c9b-70ea330507bf",
                    "name": "ru.AZ-3"
                  }
                ]
              },
              {
                "created_at": "Thu, 21 Mar 2024 05:38:39 UTC",
                "description": "Создание веб-сайтов и веб-приложений: Linux, Apache, MySQL, PHP",
                "display_name": "LAMP",
                "icon": null,
                "id": "4e0cf369-d192-4156-8e99-d6f7ebe46824",
                "image_metadata": [
                  {
                    "default_value": "",
                    "display_group": "Авторизация пользователя",
                    "display_name": "Пароль",
                    "display_position": 4,
                    "field_type": "METADATA_FIELD_TYPE_LINUX_PASSWORD",
                    "id": "3773cba0-4c5c-4355-bc5d-9b226ba11413",
                    "image_id": "4e0cf369-d192-4156-8e99-d6f7ebe46824",
                    "mandatory_group": "authentication",
                    "mandatory_group_display_name": "Метод аутентификации",
                    "name": "linux_password",
                    "sensitive": true
                  },
                  {
                    "default_value": "",
                    "display_group": "Дополнительные параметры системы",
                    "display_name": "Имя хоста",
                    "display_position": 1,
                    "field_type": "METADATA_FIELD_TYPE_HOSTNAME",
                    "id": "476609c9-f81e-4131-8802-8aa747c59d53",
                    "image_id": "4e0cf369-d192-4156-8e99-d6f7ebe46824",
                    "mandatory_group": "hostname",
                    "mandatory_group_display_name": "",
                    "name": "hostname",
                    "sensitive": false
                  },
                  {
                    "default_value": "user1",
                    "display_group": "Авторизация пользователя",
                    "display_name": "Имя пользователя",
                    "display_position": 2,
                    "field_type": "METADATA_FIELD_TYPE_LINUX_LOGIN",
                    "id": "9988d402-9f21-426b-bee8-d4675098e2f3",
                    "image_id": "4e0cf369-d192-4156-8e99-d6f7ebe46824",
                    "mandatory_group": "name",
                    "mandatory_group_display_name": "",
                    "name": "name",
                    "sensitive": false
                  },
                  {
                    "default_value": "",
                    "display_group": "Авторизация пользователя",
                    "display_name": "Публичный ключ",
                    "display_position": 3,
                    "field_type": "METADATA_FIELD_TYPE_PUBLIC_KEY",
                    "id": "b63e07fa-8c6b-43d2-8a9f-bdf1ffb7143b",
                    "image_id": "4e0cf369-d192-4156-8e99-d6f7ebe46824",
                    "mandatory_group": "authentication",
                    "mandatory_group_display_name": "Метод аутентификации",
                    "name": "public_key",
                    "sensitive": false
                  }
                ],
                "min_cpu": 1,
                "min_disk": 10,
                "min_ram": 1,
                "name": "lamp",
                "project_id": null,
                "type": "IMAGE_TYPE_MARKETPLACE",
                "updated_at": "Thu, 28 May 2026 11:31:29 UTC",
                "user_data_template": "groups:\n- admingroup:\n  - root\n  - sys\n  - cloud-users\nhostname: $hostname\nusers:\n- groups: users\n  lock_passwd: false\n  name: $name\n  passwd: $linux_password\n  primary_group: $name\n  ssh_authorized_keys: $public_key\n  sudo: ALL=(ALL) NOPASSWD:ALL\n",
                "zones": [
                  {
                    "enabled": true,
                    "id": "479a4ab3-3ff3-4972-95c5-7610bac5c0bb",
                    "name": "ru.AZ-2"
                  },
                  {
                    "enabled": true,
                    "id": "2c63c482-2532-4bba-8c9b-70ea330507bf",
                    "name": "ru.AZ-3"
                  },
                  {
                    "enabled": true,
                    "id": "7c99a597-8516-494f-a2c7-d7377048681e",
                    "name": "ru.AZ-1"
                  }
                ]
              },
              {
                "created_at": "Thu, 21 Mar 2024 05:46:37 UTC",
                "description": "Создание и запуск веб-приложений: Nginx, MySQL и PHP",
                "display_name": "LEMP",
                "icon": null,
                "id": "7a7e591b-62f6-4028-b906-1031a27cf741",
                "image_metadata": [
                  {
                    "default_value": "",
                    "display_group": "Авторизация пользователя",
                    "display_name": "Публичный ключ",
                    "display_position": 3,
                    "field_type": "METADATA_FIELD_TYPE_PUBLIC_KEY",
                    "id": "f1c062c7-b8b0-459e-b4f6-daac36492ba5",
                    "image_id": "7a7e591b-62f6-4028-b906-1031a27cf741",
                    "mandatory_group": "authentication",
                    "mandatory_group_display_name": "Метод аутентификации",
                    "name": "public_key",
                    "sensitive": false
                  },
                  {
                    "default_value": "",
                    "display_group": "Авторизация пользователя",
                    "display_name": "Пароль",
                    "display_position": 4,
                    "field_type": "METADATA_FIELD_TYPE_LINUX_PASSWORD",
                    "id": "d5557207-a4cc-48b0-975b-1f8f65b98355",
                    "image_id": "7a7e591b-62f6-4028-b906-1031a27cf741",
                    "mandatory_group": "authentication",
                    "mandatory_group_display_name": "Метод аутентификации",
                    "name": "linux_password",
                    "sensitive": true
                  },
                  {
                    "default_value": "",
                    "display_group": "Дополнительные параметры системы",
                    "display_name": "Имя хоста",
                    "display_position": 1,
                    "field_type": "METADATA_FIELD_TYPE_HOSTNAME",
                    "id": "deaa2215-f165-4483-afc9-ef28a407cfd2",
                    "image_id": "7a7e591b-62f6-4028-b906-1031a27cf741",
                    "mandatory_group": "hostname",
                    "mandatory_group_display_name": "",
                    "name": "hostname",
                    "sensitive": false
                  },
                  {
                    "default_value": "user1",
                    "display_group": "Авторизация пользователя",
                    "display_name": "Имя пользователя",
                    "display_position": 2,
                    "field_type": "METADATA_FIELD_TYPE_LINUX_LOGIN",
                    "id": "1156ea26-a4f3-457c-96d4-5d906efee229",
                    "image_id": "7a7e591b-62f6-4028-b906-1031a27cf741",
                    "mandatory_group": "name",
                    "mandatory_group_display_name": "",
                    "name": "name",
                    "sensitive": false
                  }
                ],
                "min_cpu": 1,
                "min_disk": 10,
                "min_ram": 1,
                "name": "lemp",
                "project_id": null,
                "type": "IMAGE_TYPE_MARKETPLACE",
                "updated_at": "Thu, 28 May 2026 11:30:26 UTC",
                "user_data_template": "groups:\n- admingroup:\n  - root\n  - sys\n  - cloud-users\nhostname: $hostname\nusers:\n- groups: users\n  lock_passwd: false\n  name: $name\n  passwd: $linux_password\n  primary_group: $name\n  ssh_authorized_keys: $public_key\n  sudo: ALL=(ALL) NOPASSWD:ALL\n",
                "zones": [
                  {
                    "enabled": true,
                    "id": "479a4ab3-3ff3-4972-95c5-7610bac5c0bb",
                    "name": "ru.AZ-2"
                  },
                  {
                    "enabled": true,
                    "id": "2c63c482-2532-4bba-8c9b-70ea330507bf",
                    "name": "ru.AZ-3"
                  },
                  {
                    "enabled": true,
                    "id": "7c99a597-8516-494f-a2c7-d7377048681e",
                    "name": "ru.AZ-1"
                  }
                ]
              },
              {
                "created_at": "Thu, 20 Jun 2024 17:27:02 UTC",
                "description": "Среда для создания веб-проектов с MongoDB, Express, Angular, Node",
                "display_name": "MEAN",
                "icon": null,
                "id": "ffb24879-1702-4d8b-b8e4-dbd7fdc9bf79",
                "image_metadata": [
                  {
                    "default_value": "",
                    "display_group": "Авторизация пользователя",
                    "display_name": "Публичный ключ",
                    "display_position": 3,
                    "field_type": "METADATA_FIELD_TYPE_PUBLIC_KEY",
                    "id": "b42752a6-aec9-4aee-9754-583fd9a9ac53",
                    "image_id": "ffb24879-1702-4d8b-b8e4-dbd7fdc9bf79",
                    "mandatory_group": "authentication",
                    "mandatory_group_display_name": "Метод аутентификации",
                    "name": "public_key",
                    "sensitive": false
                  },
                  {
                    "default_value": "user1",
                    "display_group": "Авторизация пользователя",
                    "display_name": "Имя пользователя",
                    "display_position": 2,
                    "field_type": "METADATA_FIELD_TYPE_LINUX_LOGIN",
                    "id": "6c45d50f-c15a-4b8e-bf9f-c64b44ef821a",
                    "image_id": "ffb24879-1702-4d8b-b8e4-dbd7fdc9bf79",
                    "mandatory_group": "name",
                    "mandatory_group_display_name": "",
                    "name": "name",
                    "sensitive": false
                  },
                  {
                    "default_value": "",
                    "display_group": "Дополнительные параметры системы",
                    "display_name": "Имя хоста",
                    "display_position": 1,
                    "field_type": "METADATA_FIELD_TYPE_HOSTNAME",
                    "id": "dada7986-ccb5-479e-ae16-1a51df954e3f",
                    "image_id": "ffb24879-1702-4d8b-b8e4-dbd7fdc9bf79",
                    "mandatory_group": "hostname",
                    "mandatory_group_display_name": "",
                    "name": "hostname",
                    "sensitive": false
                  },
                  {
                    "default_value": "",
                    "display_group": "Авторизация пользователя",
                    "display_name": "Пароль",
                    "display_position": 4,
                    "field_type": "METADATA_FIELD_TYPE_LINUX_PASSWORD",
                    "id": "1ab84aab-b32f-430c-8a9d-c104723999b3",
                    "image_id": "ffb24879-1702-4d8b-b8e4-dbd7fdc9bf79",
                    "mandatory_group": "authentication",
                    "mandatory_group_display_name": "Метод аутентификации",
                    "name": "linux_password",
                    "sensitive": true
                  }
                ],
                "min_cpu": 1,
                "min_disk": 10,
                "min_ram": 1,
                "name": "mean-ubuntu-22.04",
                "project_id": null,
                "type": "IMAGE_TYPE_MARKETPLACE",
                "updated_at": "Thu, 28 May 2026 11:33:32 UTC",
                "user_data_template": "groups:\n- admingroup:\n  - root\n  - sys\n- cloud-users\nhostname: $hostname\nusers:\n- groups: users\n  lock_passwd: false\n  name: $name\n  passwd: $linux_password\n  primary_group: $name\n  ssh_authorized_keys: $public_key\n  sudo: ALL=(ALL) NOPASSWD:ALL\n",
                "zones": [
                  {
                    "enabled": true,
                    "id": "479a4ab3-3ff3-4972-95c5-7610bac5c0bb",
                    "name": "ru.AZ-2"
                  },
                  {
                    "enabled": true,
                    "id": "7c99a597-8516-494f-a2c7-d7377048681e",
                    "name": "ru.AZ-1"
                  },
                  {
                    "enabled": true,
                    "id": "2c63c482-2532-4bba-8c9b-70ea330507bf",
                    "name": "ru.AZ-3"
                  }
                ]
              },
              {
                "created_at": "Thu, 20 Jun 2024 17:44:34 UTC",
                "description": "Веб-сервер для высоконагруженных веб-проектов",
                "display_name": "Nginx",
                "icon": null,
                "id": "043ee094-8b00-40c9-843d-18acbec0dd28",
                "image_metadata": [
                  {
                    "default_value": "",
                    "display_group": "Дополнительные параметры системы",
                    "display_name": "Имя хоста",
                    "display_position": 1,
                    "field_type": "METADATA_FIELD_TYPE_HOSTNAME",
                    "id": "d3e642d1-1e90-41de-a70e-ce8746365eb4",
                    "image_id": "043ee094-8b00-40c9-843d-18acbec0dd28",
                    "mandatory_group": "hostname",
                    "mandatory_group_display_name": "",
                    "name": "hostname",
                    "sensitive": false
                  },
                  {
                    "default_value": "",
                    "display_group": "Авторизация пользователя",
                    "display_name": "Публичный ключ",
                    "display_position": 3,
                    "field_type": "METADATA_FIELD_TYPE_PUBLIC_KEY",
                    "id": "20e0f87a-ffbe-474a-918b-74be63b3d72b",
                    "image_id": "043ee094-8b00-40c9-843d-18acbec0dd28",
                    "mandatory_group": "authentication",
                    "mandatory_group_display_name": "Метод аутентификации",
                    "name": "public_key",
                    "sensitive": false
                  },
                  {
                    "default_value": "user1",
                    "display_group": "Авторизация пользователя",
                    "display_name": "Имя пользователя",
                    "display_position": 2,
                    "field_type": "METADATA_FIELD_TYPE_LINUX_LOGIN",
                    "id": "d2775608-dfec-4334-83b8-f2d4a68df044",
                    "image_id": "043ee094-8b00-40c9-843d-18acbec0dd28",
                    "mandatory_group": "name",
                    "mandatory_group_display_name": "",
                    "name": "name",
                    "sensitive": false
                  },
                  {
                    "default_value": "",
                    "display_group": "Авторизация пользователя",
                    "display_name": "Пароль",
                    "display_position": 4,
                    "field_type": "METADATA_FIELD_TYPE_LINUX_PASSWORD",
                    "id": "0b9f5ccb-484c-4d41-a351-a6518fc0dcef",
                    "image_id": "043ee094-8b00-40c9-843d-18acbec0dd28",
                    "mandatory_group": "authentication",
                    "mandatory_group_display_name": "Метод аутентификации",
                    "name": "linux_password",
                    "sensitive": true
                  }
                ],
                "min_cpu": 1,
                "min_disk": 10,
                "min_ram": 1,
                "name": "nginx-ubuntu-22.04",
                "project_id": null,
                "type": "IMAGE_TYPE_MARKETPLACE",
                "updated_at": "Thu, 28 May 2026 11:32:11 UTC",
                "user_data_template": "groups:\n- admingroup:\n  - root\n  - sys\n- cloud-users\nhostname: $hostname\nusers:\n- groups: users\n  lock_passwd: false\n  name: $name\n  passwd: $linux_password\n  primary_group: $name\n  ssh_authorized_keys: $public_key\n  sudo: ALL=(ALL) NOPASSWD:ALL\n",
                "zones": [
                  {
                    "enabled": true,
                    "id": "479a4ab3-3ff3-4972-95c5-7610bac5c0bb",
                    "name": "ru.AZ-2"
                  },
                  {
                    "enabled": true,
                    "id": "2c63c482-2532-4bba-8c9b-70ea330507bf",
                    "name": "ru.AZ-3"
                  },
                  {
                    "enabled": true,
                    "id": "7c99a597-8516-494f-a2c7-d7377048681e",
                    "name": "ru.AZ-1"
                  }
                ]
              },
              {
                "created_at": "Thu, 20 Jun 2024 18:45:33 UTC",
                "description": "Среда для создания серверной части веб-приложений на основе JavaScript",
                "display_name": "Node.js",
                "icon": null,
                "id": "5a285e35-3486-41f1-aca3-ac7facb53eda",
                "image_metadata": [
                  {
                    "default_value": "user1",
                    "display_group": "Авторизация пользователя",
                    "display_name": "Имя пользователя",
                    "display_position": 2,
                    "field_type": "METADATA_FIELD_TYPE_LINUX_LOGIN",
                    "id": "f89f22ca-3165-4fac-b5d9-ecb09931a499",
                    "image_id": "5a285e35-3486-41f1-aca3-ac7facb53eda",
                    "mandatory_group": "name",
                    "mandatory_group_display_name": "",
                    "name": "name",
                    "sensitive": false
                  },
                  {
                    "default_value": "",
                    "display_group": "Дополнительные параметры системы",
                    "display_name": "Имя хоста",
                    "display_position": 1,
                    "field_type": "METADATA_FIELD_TYPE_HOSTNAME",
                    "id": "f7c7a0d9-f257-4394-86e0-742cbfa9bcee",
                    "image_id": "5a285e35-3486-41f1-aca3-ac7facb53eda",
                    "mandatory_group": "hostname",
                    "mandatory_group_display_name": "",
                    "name": "hostname",
                    "sensitive": false
                  },
                  {
                    "default_value": "",
                    "display_group": "Авторизация пользователя",
                    "display_name": "Пароль",
                    "display_position": 4,
                    "field_type": "METADATA_FIELD_TYPE_LINUX_PASSWORD",
                    "id": "0e812ae2-6e2e-4f78-babb-adbaebb8b69e",
                    "image_id": "5a285e35-3486-41f1-aca3-ac7facb53eda",
                    "mandatory_group": "authentication",
                    "mandatory_group_display_name": "Метод аутентификации",
                    "name": "linux_password",
                    "sensitive": true
                  },
                  {
                    "default_value": "",
                    "display_group": "Авторизация пользователя",
                    "display_name": "Публичный ключ",
                    "display_position": 3,
                    "field_type": "METADATA_FIELD_TYPE_PUBLIC_KEY",
                    "id": "8fb6955d-35a1-4a2b-8acd-747cc6a6d91d",
                    "image_id": "5a285e35-3486-41f1-aca3-ac7facb53eda",
                    "mandatory_group": "authentication",
                    "mandatory_group_display_name": "Метод аутентификации",
                    "name": "public_key",
                    "sensitive": false
                  }
                ],
                "min_cpu": 1,
                "min_disk": 10,
                "min_ram": 1,
                "name": "nodejs-ubuntu-22.04-market",
                "project_id": null,
                "type": "IMAGE_TYPE_MARKETPLACE",
                "updated_at": "Thu, 28 May 2026 11:32:36 UTC",
                "user_data_template": "groups:\n- admingroup:\n  - root\n  - sys\n- cloud-users\nhostname: $hostname\nusers:\n- groups: users\n  lock_passwd: false\n  name: $name\n  passwd: $linux_password\n  primary_group: $name\n  ssh_authorized_keys: $public_key\n  sudo: ALL=(ALL) NOPASSWD:ALL\n",
                "zones": [
                  {
                    "enabled": true,
                    "id": "7c99a597-8516-494f-a2c7-d7377048681e",
                    "name": "ru.AZ-1"
                  },
                  {
                    "enabled": true,
                    "id": "2c63c482-2532-4bba-8c9b-70ea330507bf",
                    "name": "ru.AZ-3"
                  },
                  {
                    "enabled": true,
                    "id": "479a4ab3-3ff3-4972-95c5-7610bac5c0bb",
                    "name": "ru.AZ-2"
                  }
                ]
              },
              {
                "created_at": "Wed, 26 Jun 2024 12:24:19 UTC",
                "description": "Реляционная СУБД уровня enterprise, специальная сборка PostgreSQL",
                "display_name": "Platform V Pangolin SE t",
                "icon": null,
                "id": "c3707855-26a4-4208-bd93-34ab52e5829d",
                "image_metadata": [
                  {
                    "default_value": "",
                    "display_group": "Дополнительные параметры системы",
                    "display_name": "Имя хоста",
                    "display_position": 1,
                    "field_type": "METADATA_FIELD_TYPE_HOSTNAME",
                    "id": "ed49d7e6-3bdc-486f-83c1-212f8d470fcd",
                    "image_id": "c3707855-26a4-4208-bd93-34ab52e5829d",
                    "mandatory_group": "hostname",
                    "mandatory_group_display_name": "",
                    "name": "hostname",
                    "sensitive": false
                  },
                  {
                    "default_value": "",
                    "display_group": "Авторизация пользователя",
                    "display_name": "Публичный ключ",
                    "display_position": 3,
                    "field_type": "METADATA_FIELD_TYPE_PUBLIC_KEY",
                    "id": "93424c77-dda2-47f3-9557-f8e3db76abca",
                    "image_id": "c3707855-26a4-4208-bd93-34ab52e5829d",
                    "mandatory_group": "authentication",
                    "mandatory_group_display_name": "Метод аутентификации",
                    "name": "public_key",
                    "sensitive": false
                  },
                  {
                    "default_value": "",
                    "display_group": "Авторизация пользователя",
                    "display_name": "Пароль",
                    "display_position": 4,
                    "field_type": "METADATA_FIELD_TYPE_LINUX_PASSWORD",
                    "id": "6dfd18b7-557b-478c-a25d-5174c06e7be8",
                    "image_id": "c3707855-26a4-4208-bd93-34ab52e5829d",
                    "mandatory_group": "authentication",
                    "mandatory_group_display_name": "Метод аутентификации",
                    "name": "linux_password",
                    "sensitive": true
                  },
                  {
                    "default_value": "user1",
                    "display_group": "Авторизация пользователя",
                    "display_name": "Имя пользователя",
                    "display_position": 2,
                    "field_type": "METADATA_FIELD_TYPE_LINUX_LOGIN",
                    "id": "e2c07c30-019d-43fc-ac73-d233a1105f36",
                    "image_id": "c3707855-26a4-4208-bd93-34ab52e5829d",
                    "mandatory_group": "name",
                    "mandatory_group_display_name": "",
                    "name": "name",
                    "sensitive": false
                  }
                ],
                "min_cpu": 1,
                "min_disk": 10,
                "min_ram": 1,
                "name": "platform-v-pangolin-se-t",
                "project_id": null,
                "type": "IMAGE_TYPE_MARKETPLACE",
                "updated_at": "Sat, 21 Sep 2024 06:41:45 UTC",
                "user_data_template": "groups:\n- admingroup:\n  - root\n  - sys\n- cloud-users\nhostname: $hostname\nusers:\n- groups: users\n  lock_passwd: false\n  name: $name\n  passwd: $linux_password\n  primary_group: $name\n  ssh_authorized_keys: $public_key\n  sudo: ALL=(ALL) NOPASSWD:ALL\n",
                "zones": [
                  {
                    "enabled": false,
                    "id": "479a4ab3-3ff3-4972-95c5-7610bac5c0bb",
                    "name": "ru.AZ-2"
                  },
                  {
                    "enabled": false,
                    "id": "7c99a597-8516-494f-a2c7-d7377048681e",
                    "name": "ru.AZ-1"
                  }
                ]
              },
              {
                "created_at": "Thu, 27 Jun 2024 11:42:31 UTC",
                "description": "null",
                "display_name": "null",
                "icon": null,
                "id": "e55f2e59-fd31-4a12-96eb-c0044fa4690d",
                "image_metadata": [
                  {
                    "default_value": "",
                    "display_group": "Авторизация пользователя",
                    "display_name": "Публичный ключ",
                    "display_position": 3,
                    "field_type": "METADATA_FIELD_TYPE_PUBLIC_KEY",
                    "id": "d1326fc9-e9af-4201-b5a6-531cd15e2343",
                    "image_id": "e55f2e59-fd31-4a12-96eb-c0044fa4690d",
                    "mandatory_group": "authentication",
                    "mandatory_group_display_name": "Метод аутентификации",
                    "name": "public_key",
                    "sensitive": false
                  },
                  {
                    "default_value": "",
                    "display_group": "Дополнительные параметры системы",
                    "display_name": "Имя хоста",
                    "display_position": 1,
                    "field_type": "METADATA_FIELD_TYPE_HOSTNAME",
                    "id": "94b65e25-7e89-49d9-8e45-31aad1b8f051",
                    "image_id": "e55f2e59-fd31-4a12-96eb-c0044fa4690d",
                    "mandatory_group": "hostname",
                    "mandatory_group_display_name": "",
                    "name": "hostname",
                    "sensitive": false
                  },
                  {
                    "default_value": "",
                    "display_group": "Авторизация пользователя",
                    "display_name": "Пароль",
                    "display_position": 4,
                    "field_type": "METADATA_FIELD_TYPE_LINUX_PASSWORD",
                    "id": "05ea2dcd-5d66-43ae-b91d-f40e981fd49c",
                    "image_id": "e55f2e59-fd31-4a12-96eb-c0044fa4690d",
                    "mandatory_group": "authentication",
                    "mandatory_group_display_name": "Метод аутентификации",
                    "name": "linux_password",
                    "sensitive": true
                  },
                  {
                    "default_value": "user1",
                    "display_group": "Авторизация пользователя",
                    "display_name": "Имя пользователя",
                    "display_position": 2,
                    "field_type": "METADATA_FIELD_TYPE_LINUX_LOGIN",
                    "id": "7e5e5239-1de6-48b4-8164-3b7af77b396b",
                    "image_id": "e55f2e59-fd31-4a12-96eb-c0044fa4690d",
                    "mandatory_group": "name",
                    "mandatory_group_display_name": "",
                    "name": "name",
                    "sensitive": false
                  }
                ],
                "min_cpu": 1,
                "min_disk": 10,
                "min_ram": 1,
                "name": "null",
                "project_id": null,
                "type": "IMAGE_TYPE_MARKETPLACE",
                "updated_at": "Thu, 27 Jun 2024 20:31:20 UTC",
                "user_data_template": "groups:\n- admingroup:\n  - root\n  - sys\n- cloud-users\nhostname: $hostname\nusers:\n- groups: users\n  lock_passwd: false\n  name: $name\n  passwd: $linux_password\n  primary_group: $name\n  ssh_authorized_keys: $public_key\n  sudo: ALL=(ALL) NOPASSWD:ALL\n",
                "zones": [
                  {
                    "enabled": false,
                    "id": "7c99a597-8516-494f-a2c7-d7377048681e",
                    "name": "ru.AZ-1"
                  }
                ]
              },
              {
                "created_at": "Mon, 08 Jul 2024 15:24:22 UTC",
                "description": null,
                "display_name": "nester0807",
                "icon": null,
                "id": "db6e8f7f-f3f4-4366-b5cb-175a8e35aa03",
                "image_metadata": null,
                "min_cpu": 1,
                "min_disk": 10,
                "min_ram": 1,
                "name": "nester0807",
                "project_id": null,
                "type": "IMAGE_TYPE_PUBLIC",
                "updated_at": null,
                "user_data_template": null,
                "zones": [
                  {
                    "enabled": false,
                    "id": "7c99a597-8516-494f-a2c7-d7377048681e",
                    "name": "ru.AZ-1"
                  }
                ]
              },
              {
                "created_at": "Tue, 23 Jul 2024 17:38:03 UTC",
                "description": "1C:EDT поддерживает ключевые принципы создания прикладных решений на платформе «1С:Предприятие 8»",
                "display_name": "1C:EDT",
                "icon": null,
                "id": "bd61c403-e681-40e4-bfa2-f3e44155d270",
                "image_metadata": [
                  {
                    "default_value": "",
                    "display_group": "Дополнительные параметры системы",
                    "display_name": "Имя хоста",
                    "display_position": 1,
                    "field_type": "METADATA_FIELD_TYPE_HOSTNAME",
                    "id": "d08eb27c-f9b9-4b70-8b08-ee784e7b282e",
                    "image_id": "bd61c403-e681-40e4-bfa2-f3e44155d270",
                    "mandatory_group": "hostname",
                    "mandatory_group_display_name": "",
                    "name": "hostname",
                    "sensitive": false
                  },
                  {
                    "default_value": "",
                    "display_group": "Авторизация пользователя",
                    "display_name": "Публичный ключ",
                    "display_position": 3,
                    "field_type": "METADATA_FIELD_TYPE_PUBLIC_KEY",
                    "id": "008daf5a-477a-4623-97e7-61ce1357efc5",
                    "image_id": "bd61c403-e681-40e4-bfa2-f3e44155d270",
                    "mandatory_group": "authentication",
                    "mandatory_group_display_name": "Метод аутентификации",
                    "name": "public_key",
                    "sensitive": false
                  },
                  {
                    "default_value": "",
                    "display_group": "Авторизация пользователя",
                    "display_name": "Пароль",
                    "display_position": 4,
                    "field_type": "METADATA_FIELD_TYPE_LINUX_PASSWORD",
                    "id": "353dadc4-64a0-4c64-9e44-23f13c8289f5",
                    "image_id": "bd61c403-e681-40e4-bfa2-f3e44155d270",
                    "mandatory_group": "authentication",
                    "mandatory_group_display_name": "Метод аутентификации",
                    "name": "linux_password",
                    "sensitive": true
                  },
                  {
                    "default_value": "user1",
                    "display_group": "Авторизация пользователя",
                    "display_name": "Имя пользователя",
                    "display_position": 2,
                    "field_type": "METADATA_FIELD_TYPE_LINUX_LOGIN",
                    "id": "72a87e91-1627-4202-9a0c-84b7588d1d2f",
                    "image_id": "bd61c403-e681-40e4-bfa2-f3e44155d270",
                    "mandatory_group": "name",
                    "mandatory_group_display_name": "",
                    "name": "name",
                    "sensitive": false
                  }
                ],
                "min_cpu": 1,
                "min_disk": 12,
                "min_ram": 1,
                "name": "one_c_edt",
                "project_id": null,
                "type": "IMAGE_TYPE_MARKETPLACE",
                "updated_at": "Tue, 23 Jul 2024 17:41:17 UTC",
                "user_data_template": "groups:\n- admingroup:\n  - root\n  - sys\n- cloud-users\nhostname: $hostname\nusers:\n- groups: users\n  lock_passwd: false\n  name: $name\n  passwd: $linux_password\n  primary_group: $name\n  ssh_authorized_keys: $public_key\n  sudo: ALL=(ALL) NOPASSWD:ALL\n",
                "zones": [
                  {
                    "enabled": false,
                    "id": "7c99a597-8516-494f-a2c7-d7377048681e",
                    "name": "ru.AZ-1"
                  }
                ]
              },
              {
                "created_at": "Wed, 21 Aug 2024 08:28:35 UTC",
                "description": "ПО с протоколом IPsec для аутентификации и шифрования данных",
                "display_name": "strongSwan",
                "icon": null,
                "id": "42f46ff7-fbb4-440a-ab60-c66f1962e7fa",
                "image_metadata": [
                  {
                    "default_value": "",
                    "display_group": "Авторизация пользователя",
                    "display_name": "Пароль",
                    "display_position": 4,
                    "field_type": "METADATA_FIELD_TYPE_LINUX_PASSWORD",
                    "id": "28322977-5aad-4b21-8e3c-156883c71631",
                    "image_id": "42f46ff7-fbb4-440a-ab60-c66f1962e7fa",
                    "mandatory_group": "authentication",
                    "mandatory_group_display_name": "Метод аутентификации",
                    "name": "linux_password",
                    "sensitive": true
                  },
                  {
                    "default_value": "user1",
                    "display_group": "Авторизация пользователя",
                    "display_name": "Имя пользователя",
                    "display_position": 2,
                    "field_type": "METADATA_FIELD_TYPE_LINUX_LOGIN",
                    "id": "8e54b735-c9b8-4ba2-a242-5a75086ed271",
                    "image_id": "42f46ff7-fbb4-440a-ab60-c66f1962e7fa",
                    "mandatory_group": "",
                    "mandatory_group_display_name": "",
                    "name": "name",
                    "sensitive": false
                  },
                  {
                    "default_value": "",
                    "display_group": "Авторизация пользователя",
                    "display_name": "Публичный ключ",
                    "display_position": 3,
                    "field_type": "METADATA_FIELD_TYPE_PUBLIC_KEY",
                    "id": "ee983709-37c4-46ed-bda9-4d8ccc3c7c64",
                    "image_id": "42f46ff7-fbb4-440a-ab60-c66f1962e7fa",
                    "mandatory_group": "authentication",
                    "mandatory_group_display_name": "Метод аутентификации",
                    "name": "public_key",
                    "sensitive": false
                  },
                  {
                    "default_value": "",
                    "display_group": "Дополнительные параметры системы",
                    "display_name": "Имя хоста",
                    "display_position": 1,
                    "field_type": "METADATA_FIELD_TYPE_HOSTNAME",
                    "id": "a6cb5287-7ebc-4aed-aa3f-f1cb30f73636",
                    "image_id": "42f46ff7-fbb4-440a-ab60-c66f1962e7fa",
                    "mandatory_group": "hostname",
                    "mandatory_group_display_name": "",
                    "name": "hostname",
                    "sensitive": false
                  }
                ],
                "min_cpu": 1,
                "min_disk": 15,
                "min_ram": 1,
                "name": "strongswan",
                "project_id": null,
                "type": "IMAGE_TYPE_MARKETPLACE",
                "updated_at": "Wed, 21 Aug 2024 09:03:10 UTC",
                "user_data_template": "groups:\n- admingroup:\n  - root\n  - sys\n- cloud-users\nhostname: $hostname\nusers:\n- groups: users\n  lock_passwd: false\n  name: $name\n  passwd: $linux_password\n  primary_group: $name\n  ssh_authorized_keys: $public_key\n  sudo: ALL=(ALL) NOPASSWD:ALL\n",
                "zones": [
                  {
                    "enabled": true,
                    "id": "479a4ab3-3ff3-4972-95c5-7610bac5c0bb",
                    "name": "ru.AZ-2"
                  },
                  {
                    "enabled": true,
                    "id": "2c63c482-2532-4bba-8c9b-70ea330507bf",
                    "name": "ru.AZ-3"
                  },
                  {
                    "enabled": true,
                    "id": "7c99a597-8516-494f-a2c7-d7377048681e",
                    "name": "ru.AZ-1"
                  }
                ]
              },
              {
                "created_at": "Thu, 31 Oct 2024 10:16:22 UTC",
                "description": null,
                "display_name": "img-nester-3110-test-1",
                "icon": null,
                "id": "983fb08f-2981-415c-b900-79e9c6321f92",
                "image_metadata": null,
                "min_cpu": 1,
                "min_disk": 5,
                "min_ram": 1,
                "name": "img-nester-3110-test-1",
                "project_id": null,
                "type": "IMAGE_TYPE_PUBLIC",
                "updated_at": "Tue, 03 Dec 2024 13:06:16 UTC",
                "user_data_template": null,
                "zones": [
                  {
                    "enabled": false,
                    "id": "7c99a597-8516-494f-a2c7-d7377048681e",
                    "name": "ru.AZ-1"
                  }
                ]
              },
              {
                "created_at": "Sat, 02 Nov 2024 13:19:56 UTC",
                "description": "Встроенная платформа сетевой безопасности",
                "display_name": "NGFW",
                "icon": null,
                "id": "0fe1d88c-9e7b-4188-9d41-b5d8373e9dd1",
                "image_metadata": [
                  {
                    "default_value": "",
                    "display_group": "Авторизация пользователя",
                    "display_name": "Пароль",
                    "display_position": 4,
                    "field_type": "METADATA_FIELD_TYPE_LINUX_PASSWORD",
                    "id": "6e37df77-d698-4f97-bdc2-13131f4d9599",
                    "image_id": "0fe1d88c-9e7b-4188-9d41-b5d8373e9dd1",
                    "mandatory_group": "authentication",
                    "mandatory_group_display_name": "Метод аутентификации",
                    "name": "linux_password",
                    "sensitive": false
                  },
                  {
                    "default_value": "",
                    "display_group": "Дополнительные параметры системы",
                    "display_name": "Имя хоста",
                    "display_position": 1,
                    "field_type": "METADATA_FIELD_TYPE_HOSTNAME",
                    "id": "48a9bf86-cb4c-4fa7-b5e8-aaaf86951463",
                    "image_id": "0fe1d88c-9e7b-4188-9d41-b5d8373e9dd1",
                    "mandatory_group": "hostname",
                    "mandatory_group_display_name": "",
                    "name": "hostname",
                    "sensitive": false
                  },
                  {
                    "default_value": "user1",
                    "display_group": "Авторизация пользователя",
                    "display_name": "Имя пользователя",
                    "display_position": 2,
                    "field_type": "METADATA_FIELD_TYPE_LINUX_LOGIN",
                    "id": "055fc615-9946-40d6-b24a-ed4ad9b136ab",
                    "image_id": "0fe1d88c-9e7b-4188-9d41-b5d8373e9dd1",
                    "mandatory_group": "name",
                    "mandatory_group_display_name": "",
                    "name": "name",
                    "sensitive": false
                  },
                  {
                    "default_value": "",
                    "display_group": "Авторизация пользователя",
                    "display_name": "Публичный ключ",
                    "display_position": 3,
                    "field_type": "METADATA_FIELD_TYPE_PUBLIC_KEY",
                    "id": "e8851d9b-0bb5-46f7-a431-d982e33c031b",
                    "image_id": "0fe1d88c-9e7b-4188-9d41-b5d8373e9dd1",
                    "mandatory_group": "authentication",
                    "mandatory_group_display_name": "Метод аутентификации",
                    "name": "public_key",
                    "sensitive": false
                  }
                ],
                "min_cpu": 1,
                "min_disk": 25,
                "min_ram": 1,
                "name": "ngfw",
                "project_id": null,
                "type": "IMAGE_TYPE_MARKETPLACE",
                "updated_at": "Tue, 17 Dec 2024 06:51:47 UTC",
                "user_data_template": "groups:\n- admingroup:\n  - root\n  - sys\n- cloud-users\nhostname: $hostname\nusers:\n- groups: users\n  lock_passwd: false\n  name: $name\n  passwd: $linux_password\n  primary_group: $name\n  shell: /bin/bash\n  ssh_authorized_keys: $public_key\n  sudo: ALL=(ALL) NOPASSWD:ALL\n",
                "zones": [
                  {
                    "enabled": true,
                    "id": "2c63c482-2532-4bba-8c9b-70ea330507bf",
                    "name": "ru.AZ-3"
                  },
                  {
                    "enabled": true,
                    "id": "479a4ab3-3ff3-4972-95c5-7610bac5c0bb",
                    "name": "ru.AZ-2"
                  },
                  {
                    "enabled": true,
                    "id": "7c99a597-8516-494f-a2c7-d7377048681e",
                    "name": "ru.AZ-1"
                  }
                ]
              },
              {
                "created_at": "Fri, 29 Nov 2024 14:13:48 UTC",
                "description": "ПО для визуализации и изучения данных",
                "display_name": "Kibana",
                "icon": null,
                "id": "4b124165-d389-4fa5-bf55-c9351043a3f3",
                "image_metadata": [
                  {
                    "default_value": "user1",
                    "display_group": "Авторизация пользователя",
                    "display_name": "Имя пользователя",
                    "display_position": 2,
                    "field_type": "METADATA_FIELD_TYPE_LINUX_LOGIN",
                    "id": "ac1a10e1-8d5a-4865-bf71-066c7e3f5bbf",
                    "image_id": "4b124165-d389-4fa5-bf55-c9351043a3f3",
                    "mandatory_group": " name",
                    "mandatory_group_display_name": "",
                    "name": "name",
                    "sensitive": false
                  },
                  {
                    "default_value": "",
                    "display_group": "Дополнительные параметры системы",
                    "display_name": "Имя хоста",
                    "display_position": 1,
                    "field_type": "METADATA_FIELD_TYPE_HOSTNAME",
                    "id": "1ba865df-a07d-4fe7-8035-7b4024a76efb",
                    "image_id": "4b124165-d389-4fa5-bf55-c9351043a3f3",
                    "mandatory_group": "hostname",
                    "mandatory_group_display_name": "",
                    "name": "hostname",
                    "sensitive": false
                  },
                  {
                    "default_value": "",
                    "display_group": "Авторизация пользователя",
                    "display_name": "Пароль",
                    "display_position": 3,
                    "field_type": "METADATA_FIELD_TYPE_LINUX_PASSWORD",
                    "id": "a0739fdf-d6cf-4fff-b828-d83a4349456c",
                    "image_id": "4b124165-d389-4fa5-bf55-c9351043a3f3",
                    "mandatory_group": "authentication",
                    "mandatory_group_display_name": "Метод аутентификации",
                    "name": "linux_password",
                    "sensitive": true
                  },
                  {
                    "default_value": "",
                    "display_group": "Авторизация пользователя",
                    "display_name": "Публичный ключ",
                    "display_position": 4,
                    "field_type": "METADATA_FIELD_TYPE_PUBLIC_KEY",
                    "id": "191dbe45-ac18-40c0-8d56-ad794da93dc0",
                    "image_id": "4b124165-d389-4fa5-bf55-c9351043a3f3",
                    "mandatory_group": "authentication",
                    "mandatory_group_display_name": "Метод аутентификации",
                    "name": "public_key",
                    "sensitive": false
                  }
                ],
                "min_cpu": 2,
                "min_disk": 10,
                "min_ram": 4,
                "name": "kibana-ubuntu-22.04",
                "project_id": null,
                "type": "IMAGE_TYPE_MARKETPLACE",
                "updated_at": "Tue, 03 Dec 2024 13:37:00 UTC",
                "user_data_template": "groups:\n- admingroup:\n  - root\n  - sys\n- cloud-users\nhostname: $hostname\nusers:\n- groups: users\n  lock_passwd: false\n  name: $name\n  passwd: $linux_password\n  primary_group: $name\n  shell: /bin/bash\n  ssh_authorized_keys: $public_key\n  sudo: ALL=(ALL) NOPASSWD:ALL\n",
                "zones": [
                  {
                    "enabled": true,
                    "id": "7c99a597-8516-494f-a2c7-d7377048681e",
                    "name": "ru.AZ-1"
                  },
                  {
                    "enabled": true,
                    "id": "2c63c482-2532-4bba-8c9b-70ea330507bf",
                    "name": "ru.AZ-3"
                  },
                  {
                    "enabled": true,
                    "id": "479a4ab3-3ff3-4972-95c5-7610bac5c0bb",
                    "name": "ru.AZ-2"
                  }
                ]
              },
              {
                "created_at": "Fri, 29 Nov 2024 14:32:22 UTC",
                "description": "ПО с открытым исходным кодом для визуализации данных из различных систем сбора статистики.",
                "display_name": "Grafana",
                "icon": null,
                "id": "5f5bf489-4f41-46b6-b319-93b159964c16",
                "image_metadata": [
                  {
                    "default_value": "",
                    "display_group": "Авторизация пользователя",
                    "display_name": "Пароль",
                    "display_position": 3,
                    "field_type": "METADATA_FIELD_TYPE_LINUX_PASSWORD",
                    "id": "84862d60-e284-49c3-b0b1-dfacd02706a4",
                    "image_id": "5f5bf489-4f41-46b6-b319-93b159964c16",
                    "mandatory_group": "authentication",
                    "mandatory_group_display_name": "Метод аутентификации",
                    "name": "linux_password",
                    "sensitive": true
                  },
                  {
                    "default_value": "",
                    "display_group": "Дополнительные параметры системы",
                    "display_name": "Имя хоста",
                    "display_position": 1,
                    "field_type": "METADATA_FIELD_TYPE_HOSTNAME",
                    "id": "927f2af4-5021-42fc-9b16-fcf51f0e66d4",
                    "image_id": "5f5bf489-4f41-46b6-b319-93b159964c16",
                    "mandatory_group": "hostname",
                    "mandatory_group_display_name": "",
                    "name": "hostname",
                    "sensitive": false
                  },
                  {
                    "default_value": "user1",
                    "display_group": "Авторизация пользователя",
                    "display_name": "Имя пользователя",
                    "display_position": 2,
                    "field_type": "METADATA_FIELD_TYPE_LINUX_LOGIN",
                    "id": "b95959e3-ddd6-4159-86ed-ac5f1fca5987",
                    "image_id": "5f5bf489-4f41-46b6-b319-93b159964c16",
                    "mandatory_group": "name",
                    "mandatory_group_display_name": "",
                    "name": "name",
                    "sensitive": false
                  },
                  {
                    "default_value": "",
                    "display_group": "Авторизация пользователя",
                    "display_name": "Публичный ключ",
                    "display_position": 4,
                    "field_type": "METADATA_FIELD_TYPE_PUBLIC_KEY",
                    "id": "dea6384d-2a6b-4d0c-9218-770844edeb58",
                    "image_id": "5f5bf489-4f41-46b6-b319-93b159964c16",
                    "mandatory_group": "authentication",
                    "mandatory_group_display_name": "Метод аутентификации",
                    "name": "public_key",
                    "sensitive": false
                  }
                ],
                "min_cpu": 2,
                "min_disk": 10,
                "min_ram": 4,
                "name": "grafana-ubuntu-22.04",
                "project_id": null,
                "type": "IMAGE_TYPE_MARKETPLACE",
                "updated_at": "Tue, 03 Dec 2024 13:36:34 UTC",
                "user_data_template": "groups:\n- admingroup:\n  - root\n  - sys\n- cloud-users\nhostname: $hostname\nusers:\n- groups: users\n  lock_passwd: false\n  name: $name\n  passwd: $linux_password\n  primary_group: $name\n  shell: /bin/bash\n  ssh_authorized_keys: $public_key\n  sudo: ALL=(ALL) NOPASSWD:ALL\n",
                "zones": [
                  {
                    "enabled": true,
                    "id": "479a4ab3-3ff3-4972-95c5-7610bac5c0bb",
                    "name": "ru.AZ-2"
                  },
                  {
                    "enabled": true,
                    "id": "2c63c482-2532-4bba-8c9b-70ea330507bf",
                    "name": "ru.AZ-3"
                  },
                  {
                    "enabled": true,
                    "id": "7c99a597-8516-494f-a2c7-d7377048681e",
                    "name": "ru.AZ-1"
                  }
                ]
              },
              {
                "created_at": "Tue, 03 Dec 2024 14:17:37 UTC",
                "description": "ПО для мониторинга и оповещения о событиях",
                "display_name": "Prometheus",
                "icon": null,
                "id": "272f4cdc-57f4-4d75-8012-053327571a08",
                "image_metadata": [
                  {
                    "default_value": "",
                    "display_group": "Авторизация пользователя",
                    "display_name": "Публичный ключ",
                    "display_position": 4,
                    "field_type": "METADATA_FIELD_TYPE_PUBLIC_KEY",
                    "id": "7ede9f5f-ddc1-4d58-893f-3b2b6e2eb1eb",
                    "image_id": "272f4cdc-57f4-4d75-8012-053327571a08",
                    "mandatory_group": "authentication",
                    "mandatory_group_display_name": "Метод аутентификации",
                    "name": "public_key",
                    "sensitive": false
                  },
                  {
                    "default_value": "",
                    "display_group": "Авторизация пользователя",
                    "display_name": "Пароль",
                    "display_position": 2,
                    "field_type": "METADATA_FIELD_TYPE_LINUX_PASSWORD",
                    "id": "ae49b495-35c9-49eb-8eb8-9b010bb5fc0a",
                    "image_id": "272f4cdc-57f4-4d75-8012-053327571a08",
                    "mandatory_group": "authentication",
                    "mandatory_group_display_name": "Метод аутентификации",
                    "name": "linux_password",
                    "sensitive": true
                  },
                  {
                    "default_value": "",
                    "display_group": "Дополнительные параметры системы",
                    "display_name": "Имя хоста",
                    "display_position": 1,
                    "field_type": "METADATA_FIELD_TYPE_HOSTNAME",
                    "id": "3dfa8f17-658a-4cfd-bfef-604d72025422",
                    "image_id": "272f4cdc-57f4-4d75-8012-053327571a08",
                    "mandatory_group": "hostname",
                    "mandatory_group_display_name": "",
                    "name": "hostname",
                    "sensitive": false
                  },
                  {
                    "default_value": "user1",
                    "display_group": "Авторизация пользователя",
                    "display_name": "Имя пользователя",
                    "display_position": 3,
                    "field_type": "METADATA_FIELD_TYPE_LINUX_LOGIN",
                    "id": "4103bf7b-b20b-4236-bb40-941e67c8fbe1",
                    "image_id": "272f4cdc-57f4-4d75-8012-053327571a08",
                    "mandatory_group": "name",
                    "mandatory_group_display_name": "",
                    "name": "name",
                    "sensitive": false
                  }
                ],
                "min_cpu": 1,
                "min_disk": 10,
                "min_ram": 1,
                "name": "prometheus-ubuntu-22.04",
                "project_id": null,
                "type": "IMAGE_TYPE_MARKETPLACE",
                "updated_at": null,
                "user_data_template": "groups:\n- admingroup:\n  - root\n  - sys\n- cloud-users\nhostname: $hostname\nusers:\n- groups: users\n  lock_passwd: false\n  name: $name\n  passwd: $linux_password\n  primary_group: $name\n  shell: /bin/bash\n  ssh_authorized_keys: $public_key\n  sudo: ALL=(ALL) NOPASSWD:ALL\n",
                "zones": [
                  {
                    "enabled": true,
                    "id": "2c63c482-2532-4bba-8c9b-70ea330507bf",
                    "name": "ru.AZ-3"
                  },
                  {
                    "enabled": true,
                    "id": "479a4ab3-3ff3-4972-95c5-7610bac5c0bb",
                    "name": "ru.AZ-2"
                  },
                  {
                    "enabled": true,
                    "id": "7c99a597-8516-494f-a2c7-d7377048681e",
                    "name": "ru.AZ-1"
                  }
                ]
              },
              {
                "created_at": "Fri, 06 Dec 2024 11:29:37 UTC",
                "description": "Имитация вычислений квантового компьютера",
                "display_name": "Квантовый симулятор",
                "icon": null,
                "id": "ed938ae3-1722-4ab2-a53a-1df6ab00398b",
                "image_metadata": [
                  {
                    "default_value": "",
                    "display_group": "Авторизация пользователя",
                    "display_name": "Публичный ключ",
                    "display_position": 4,
                    "field_type": "METADATA_FIELD_TYPE_PUBLIC_KEY",
                    "id": "a558405a-4712-4a13-bfb5-a209fc722de4",
                    "image_id": "ed938ae3-1722-4ab2-a53a-1df6ab00398b",
                    "mandatory_group": "authentication",
                    "mandatory_group_display_name": "Метод аутентификации",
                    "name": "public_key",
                    "sensitive": false
                  },
                  {
                    "default_value": "",
                    "display_group": "Дополнительные параметры системы",
                    "display_name": "Имя хоста",
                    "display_position": 1,
                    "field_type": "METADATA_FIELD_TYPE_HOSTNAME",
                    "id": "943090ca-4210-4ef5-8210-081ac3ba0d16",
                    "image_id": "ed938ae3-1722-4ab2-a53a-1df6ab00398b",
                    "mandatory_group": "hostname",
                    "mandatory_group_display_name": "",
                    "name": "hostname",
                    "sensitive": false
                  },
                  {
                    "default_value": "",
                    "display_group": "Авторизация пользователя",
                    "display_name": "Пароль",
                    "display_position": 3,
                    "field_type": "METADATA_FIELD_TYPE_LINUX_PASSWORD",
                    "id": "bf3132ff-0c3c-44fe-99c8-3b1250a43c09",
                    "image_id": "ed938ae3-1722-4ab2-a53a-1df6ab00398b",
                    "mandatory_group": "authentication",
                    "mandatory_group_display_name": "Метод аутентификации",
                    "name": "linux_password",
                    "sensitive": true
                  },
                  {
                    "default_value": "user1",
                    "display_group": "Авторизация пользователя",
                    "display_name": "Имя пользователя",
                    "display_position": 2,
                    "field_type": "METADATA_FIELD_TYPE_LINUX_LOGIN",
                    "id": "0d81a75f-b76b-4722-8705-b61a3e9b9922",
                    "image_id": "ed938ae3-1722-4ab2-a53a-1df6ab00398b",
                    "mandatory_group": "name",
                    "mandatory_group_display_name": "",
                    "name": "name",
                    "sensitive": false
                  }
                ],
                "min_cpu": 1,
                "min_disk": 20,
                "min_ram": 1,
                "name": "quantum-simulator",
                "project_id": null,
                "type": "IMAGE_TYPE_MARKETPLACE",
                "updated_at": "Thu, 28 May 2026 11:34:25 UTC",
                "user_data_template": "groups:\n- admingroup:\n  - root\n  - sys\n- cloud-users\nhostname: $hostname\nusers:\n- groups: users\n  lock_passwd: false\n  name: $name\n  passwd: $linux_password\n  primary_group: $name\n  sudo: ALL=(ALL) NOPASSWD:ALL\n  shell: /bin/bash\n  ssh_authorized_keys: $public_key\n",
                "zones": [
                  {
                    "enabled": true,
                    "id": "479a4ab3-3ff3-4972-95c5-7610bac5c0bb",
                    "name": "ru.AZ-2"
                  },
                  {
                    "enabled": true,
                    "id": "2c63c482-2532-4bba-8c9b-70ea330507bf",
                    "name": "ru.AZ-3"
                  },
                  {
                    "enabled": true,
                    "id": "7c99a597-8516-494f-a2c7-d7377048681e",
                    "name": "ru.AZ-1"
                  }
                ]
              },
              {
                "created_at": "Sat, 05 Apr 2025 10:11:04 UTC",
                "description": null,
                "display_name": "Debian 11",
                "icon": "\u003c?xml version=\"1.0\" encoding=\"UTF-8\" standalone=\"no\"?\u003e\n\u003csvg width=\"256px\" height=\"317px\" viewBox=\"0 0 256 317\" version=\"1.1\" xmlns=\"http://www.w3.org/2000/svg\" xmlns:xlink=\"http://www.w3.org/1999/xlink\" preserveAspectRatio=\"xMidYMid\"\u003e\n\t\u003cg fill=\"#A80030\"\u003e\n\t\t\u003cpath d=\"M152.796616,167.425369 C147.545671,167.498421 153.790117,170.131199 160.645273,171.186063 C162.538769,169.7075 164.256942,168.211404 165.788102,166.756218 C161.51897,167.802315 157.173864,167.825692 152.796616,167.425369\"\u003e\u003c/path\u003e\n\t\t\u003cpath d=\"M180.979901,160.400733 C184.106507,156.084848 186.385715,151.359874 187.189282,146.474187 C186.487987,149.957285 184.597414,152.964086 182.817877,156.137446 C173.002673,162.317606 181.894506,152.467336 182.812034,148.724175 C172.257546,162.007867 181.362691,156.689715 180.979901,160.400733\"\u003e\u003c/path\u003e\n\t\t\u003cpath d=\"M191.382441,133.330754 C192.016528,123.874962 189.521087,126.864232 188.682455,130.472977 C189.661347,130.981416 190.435693,137.1382 191.382441,133.330754\"\u003e\u003c/path\u003e\n\t\t\u003cpath d=\"M132.885687,4.08796433 C135.687944,4.59055894 138.940199,4.97627109 138.484357,5.64542322 C141.549601,4.97334903 142.245051,4.35387195 132.885687,4.08796433\"\u003e\u003c/path\u003e\n\t\t\u003cpath d=\"M138.484357,5.64542322 L136.503199,6.05451186 L138.34702,5.8908764 L138.484357,5.64542322\"\u003e\u003c/path\u003e\n\t\t\u003cpath d=\"M225.86569,136.916123 C226.178352,145.407634 223.381939,149.527742 220.860199,156.821207 L216.322237,159.088727 C212.608297,166.300376 216.681651,163.667598 214.022575,169.403605 C208.225204,174.558123 196.428841,185.533386 192.653538,186.535654 C189.898033,186.47429 194.520734,183.283399 195.125602,182.032756 C187.364606,187.362597 188.898688,190.033361 177.029273,193.271005 L176.681548,192.499581 C147.408334,206.271258 106.744923,178.979202 107.279661,141.740447 C106.966999,144.104395 106.391354,143.514138 105.742656,144.469653 C104.23195,125.309694 114.590659,106.064996 132.061666,98.207572 C149.149883,89.7482033 169.183538,93.2196126 181.424054,104.627341 C174.700391,95.8202476 161.317348,86.4842604 145.456396,87.3579569 C129.919795,87.60341 115.38546,97.4770565 110.534837,108.195179 C102.575141,113.206515 101.65177,127.512929 98.1832823,130.131096 C93.5167498,164.427334 106.961156,179.245109 129.703562,196.675207 C133.283087,199.08883 130.711673,199.454088 131.196736,201.292065 C123.640283,197.753449 116.720842,192.411919 111.031588,185.872345 C114.050077,190.290502 117.308176,194.585933 121.518867,197.960914 C114.394881,195.547291 104.877725,180.697374 102.098845,180.092507 C114.380271,202.081022 151.925841,218.654956 171.585472,210.432274 C162.489094,210.768311 150.93234,210.619286 140.710969,206.841061 C136.418459,204.631982 130.58018,200.056033 131.623357,199.199869 C158.453727,209.22254 186.169482,206.791385 209.385263,188.180774 C215.290749,183.581449 221.742662,175.756168 223.606937,175.648052 C220.798836,179.87043 224.086155,177.678885 221.929673,181.407435 C227.814706,171.916579 219.37287,177.544469 228.013406,165.017591 L231.204297,169.412371 C230.01794,161.534493 240.987361,151.967664 239.874054,139.507992 C242.38995,135.697623 242.682156,143.607644 240.011391,152.37383 C243.716565,142.649209 240.987361,141.085905 241.939952,133.061924 C242.968518,135.758987 244.318511,138.62553 245.011039,141.471618 C242.597416,132.074267 247.488948,125.645732 248.698681,120.184398 C247.50648,119.655505 244.973052,124.33957 244.394484,113.238657 C244.479224,108.417256 245.73571,110.711074 246.220773,109.524717 C245.274025,108.981213 242.790272,105.284805 241.279566,98.1958837 C242.37534,96.5303086 244.207472,102.514691 245.697724,102.760144 C244.739287,97.1234871 243.088322,92.8251343 243.021115,88.5004829 C238.667243,79.4011828 241.481189,89.7131386 237.948416,84.5936865 C233.314026,70.1382472 241.793849,81.2391597 242.366574,74.6703649 C249.39121,84.8479058 253.397356,100.621195 255.235333,107.154925 C253.832744,99.1893847 251.565224,91.4722197 248.798031,84.0063521 C250.931136,84.903425 245.361686,67.6165079 251.571068,79.0651457 C244.937987,54.6600863 223.183238,31.8563167 203.170038,21.1557267 C205.618726,23.3969481 208.710267,26.2108935 207.599883,26.6521249 C197.647341,20.7261837 199.397655,20.264498 197.97169,17.760291 C189.862969,14.4612834 189.331153,18.0261987 183.960403,17.7661352 C168.678021,9.66033601 165.732583,10.5223442 151.668699,5.44380096 L152.308631,8.43307009 C142.183687,5.06101087 140.512268,9.71293312 129.569147,8.44475834 C128.902917,7.92463135 133.075622,6.56295059 136.509044,6.06327805 C126.720137,7.35482932 127.1789,4.13471732 117.600382,6.41976957 C119.961408,4.76296059 122.456849,3.66718744 124.975666,2.2587537 C116.992593,2.74381594 105.917979,6.90483182 109.336791,3.1207619 C96.3160849,8.92982058 73.1908885,17.0852948 60.2140124,29.2527598 L59.8049238,26.5264762 C53.8585283,33.665073 33.8745482,47.8458384 32.2820246,57.0912417 L30.692423,57.4623435 C27.5979597,62.7016001 25.5963474,68.6392296 23.1418156,74.0304334 C19.0947601,80.926499 17.2100303,76.6836654 17.7856765,77.7648282 C9.82598034,93.903375 5.87243089,107.464663 2.45654075,118.586031 C4.89061816,122.223997 2.51498198,140.486883 3.43543143,155.103036 C-0.561948993,227.289648 54.0981373,297.37822 113.845533,313.560597 C122.602952,316.693048 135.626581,316.573244 146.704117,316.89467 C133.633735,313.157354 131.944783,314.913513 119.213361,310.4749 C110.02932,306.15025 108.01602,301.211965 101.51151,295.566542 L104.085847,300.116191 C91.3281256,295.601606 96.6667323,294.52921 86.2875691,291.241891 L89.0372292,287.650677 C84.9025118,287.338017 78.0853419,280.681559 76.2210666,276.99684 L71.697715,277.175086 C66.2626802,270.468953 63.3669171,265.635863 63.5773055,261.892702 L62.1162747,264.49626 C60.4594657,261.653094 42.1206064,239.346074 51.6348393,244.538578 C49.8669919,242.922678 47.5176543,241.908723 44.9696166,237.280177 L46.9069435,235.065255 C42.3280727,229.174378 38.4797175,221.62377 38.7719237,219.107876 C41.2147672,222.406883 42.909563,223.023438 44.5868265,223.587396 C33.0242283,194.898594 32.3755306,222.006561 23.6181117,194.384311 L25.4706988,194.235286 C24.0505768,192.096336 23.1885686,189.773298 22.0460424,187.494089 L22.8525315,179.45842 C14.5275777,169.833149 20.5236483,138.532024 21.7246156,121.364911 C22.5574032,114.384106 28.6732784,106.953302 33.3252007,95.3001206 L30.4908008,94.8121362 C35.9083032,85.3621887 61.423746,56.8603988 73.2405636,58.3272738 C78.9648825,51.1360799 72.1038815,58.3009752 70.9847319,56.489297 C83.5583634,43.4773562 87.5119129,47.2964908 95.9975802,44.9559193 C105.149478,39.5238067 88.1430783,47.0744141 92.48234,42.8841777 C108.302382,38.8429662 103.69429,33.6972156 124.332812,31.6459283 C126.509749,32.8848825 119.280568,33.5598787 117.465968,35.1670127 C130.647387,28.7180225 159.178398,30.1848974 177.710114,38.7465383 C199.213566,48.7955085 223.373172,78.5011878 224.325764,106.450708 L225.409849,106.742914 C224.860501,117.852593 227.110489,130.700899 223.212459,142.503105 L225.86569,136.916123\"\u003e\u003c/path\u003e\n\t\t\u003cpath d=\"M95.4832973,174.634096 L94.7469378,178.315894 C98.1978927,183.002881 100.935865,188.081424 105.342334,191.745689 C102.171897,185.556762 99.8167152,182.999958 95.4832973,174.634096\"\u003e\u003c/path\u003e\n\t\t\u003cpath d=\"M103.641693,174.312669 C101.815405,172.293524 100.734243,169.86237 99.5245086,167.43998 C100.681645,171.697424 103.051437,175.355845 105.257594,179.07563 L103.641693,174.312669\"\u003e\u003c/path\u003e\n\t\t\u003cpath d=\"M248.00323,142.93557 L247.231806,144.869975 C245.817528,154.916024 242.763974,164.856878 238.082831,174.073061 C243.254879,164.348438 246.600641,153.712134 248.00323,142.93557\"\u003e\u003c/path\u003e\n\t\t\u003cpath d=\"M133.923019,1.56914713 C137.473324,0.268829677 142.651217,0.856164081 146.417755,0 C141.508691,0.412010701 136.623004,0.657463884 131.79868,1.27986303 L133.923019,1.56914713\"\u003e\u003c/path\u003e\n\t\t\u003cpath d=\"M9.2824769,67.8473509 C10.1006542,75.4213348 3.58445657,78.3609288 10.7259754,73.3671253 C14.5538762,64.7441213 9.22987977,70.9856451 9.2824769,67.8473509\"\u003e\u003c/path\u003e\n\t\t\u003cpath d=\"M0.890315672,102.900403 C2.53543641,97.8510804 2.83348671,94.8179803 3.46172998,91.8959186 C-1.08499804,97.7078994 1.3695338,98.9468536 0.890315672,102.900403\"\u003e\u003c/path\u003e\n\t\u003c/g\u003e\n\u003c/svg\u003e",
                "id": "d3405a96-e07e-40e8-abb3-bd9b151ac543",
                "image_metadata": [
                  {
                    "default_value": "",
                    "display_group": "Авторизация пользователя",
                    "display_name": "Публичный ключ",
                    "display_position": 3,
                    "field_type": "METADATA_FIELD_TYPE_PUBLIC_KEY",
                    "id": "f040caf0-129b-4509-b56e-f26d4ff3a8e0",
                    "image_id": "d3405a96-e07e-40e8-abb3-bd9b151ac543",
                    "mandatory_group": "authentication",
                    "mandatory_group_display_name": "Метод аутентификации",
                    "name": "public_key",
                    "sensitive": false
                  },
                  {
                    "default_value": "",
                    "display_group": "Дополнительные параметры системы",
                    "display_name": "Имя хоста",
                    "display_position": 4,
                    "field_type": "METADATA_FIELD_TYPE_HOSTNAME",
                    "id": "69a459f6-b1aa-47e2-8c1f-bd6314256365",
                    "image_id": "d3405a96-e07e-40e8-abb3-bd9b151ac543",
                    "mandatory_group": "hostname",
                    "mandatory_group_display_name": "",
                    "name": "hostname",
                    "sensitive": false
                  },
                  {
                    "default_value": "user1",
                    "display_group": "Авторизация пользователя",
                    "display_name": "Логин",
                    "display_position": 1,
                    "field_type": "METADATA_FIELD_TYPE_LINUX_LOGIN",
                    "id": "a92c73a1-3f4b-46f3-8de8-06c227a3e805",
                    "image_id": "d3405a96-e07e-40e8-abb3-bd9b151ac543",
                    "mandatory_group": "name",
                    "mandatory_group_display_name": "",
                    "name": "name",
                    "sensitive": false
                  },
                  {
                    "default_value": "",
                    "display_group": "Авторизация пользователя",
                    "display_name": "Пароль",
                    "display_position": 2,
                    "field_type": "METADATA_FIELD_TYPE_LINUX_PASSWORD",
                    "id": "771de71f-c340-4d03-8e5e-f4800ee102f5",
                    "image_id": "d3405a96-e07e-40e8-abb3-bd9b151ac543",
                    "mandatory_group": "authentication",
                    "mandatory_group_display_name": "Метод аутентификации",
                    "name": "linux_password",
                    "sensitive": true
                  },
                  {
                    "default_value": "true",
                    "display_group": "Дополнительные параметры системы",
                    "display_name": "Compute agent",
                    "display_position": 5,
                    "field_type": "METADATA_FIELD_TYPE_FLAG",
                    "id": "85638f36-3e32-4c15-b16c-9e446638eb9a",
                    "image_id": "d3405a96-e07e-40e8-abb3-bd9b151ac543",
                    "mandatory_group": "",
                    "mandatory_group_display_name": "",
                    "name": "guest_agent_ready",
                    "sensitive": true
                  }
                ],
                "min_cpu": 1,
                "min_disk": 10,
                "min_ram": 1,
                "name": "debian-11",
                "project_id": null,
                "type": "IMAGE_TYPE_PUBLIC",
                "updated_at": "Wed, 13 Aug 2025 13:14:57 UTC",
                "user_data_template": "groups:\n- admingroup:\n  - root\n  - sys\n- cloud-users\nhostname: $hostname\nusers:\n- groups: users\n  lock_passwd: false\n  name: $name\n  passwd: $linux_password\n  primary_group: $name\n  ssh_authorized_keys: $public_key\n  sudo: ALL=(ALL) NOPASSWD:ALL\n  shell: /bin/bash\nruncmd:\n  - sudo systemctl enable qemu-guest-agent\n  - sudo systemctl stop qemu-guest-agent\n{% if guest_agent_ready %}\n  - sudo systemctl start qemu-guest-agent\n{% endif %}\n  - [sync]\n  - [echo, 3, '\u003e', /proc/sys/vm/drop_caches]",
                "zones": [
                  {
                    "enabled": true,
                    "id": "7c99a597-8516-494f-a2c7-d7377048681e",
                    "name": "ru.AZ-1"
                  },
                  {
                    "enabled": true,
                    "id": "479a4ab3-3ff3-4972-95c5-7610bac5c0bb",
                    "name": "ru.AZ-2"
                  },
                  {
                    "enabled": true,
                    "id": "2c63c482-2532-4bba-8c9b-70ea330507bf",
                    "name": "ru.AZ-3"
                  }
                ]
              },
              {
                "created_at": "Mon, 14 Jul 2025 09:06:09 UTC",
                "description": null,
                "display_name": "Windows Server STD 2019 BYOL",
                "icon": null,
                "id": "4ea0ef28-b522-497e-aaa5-57278dcd7582",
                "image_metadata": [
                  {
                    "default_value": "",
                    "display_group": "Авторизация пользователя",
                    "display_name": "Пароль",
                    "display_position": 2,
                    "field_type": "METADATA_FIELD_TYPE_LINUX_PASSWORD",
                    "id": "b0db5b4a-9c42-4ebe-899a-3bcdba2538ae",
                    "image_id": "4ea0ef28-b522-497e-aaa5-57278dcd7582",
                    "mandatory_group": "Метод аутентификации",
                    "mandatory_group_display_name": "",
                    "name": "linux_password",
                    "sensitive": true
                  },
                  {
                    "default_value": "user1",
                    "display_group": "Авторизация пользователя",
                    "display_name": "Имя пользователя",
                    "display_position": 1,
                    "field_type": "METADATA_FIELD_TYPE_LINUX_LOGIN",
                    "id": "16a7109c-b961-4516-b855-6c450b79ec58",
                    "image_id": "4ea0ef28-b522-497e-aaa5-57278dcd7582",
                    "mandatory_group": "name",
                    "mandatory_group_display_name": "",
                    "name": "name",
                    "sensitive": false
                  }
                ],
                "min_cpu": 1,
                "min_disk": 40,
                "min_ram": 1,
                "name": "win-2019-std-evo-prod",
                "project_id": null,
                "type": "IMAGE_TYPE_MARKETPLACE",
                "updated_at": "Thu, 26 Feb 2026 08:15:10 UTC",
                "user_data_template": "#cloud-config\n\nusers:\n  - name:  $name\n    lock_passwd: false\n    passwd: $linux_password\n    groups: Administrators\n    shell: powershell.exe\nruncmd:\n  - powershell -Command \"Set-LocalUser -Name 'testeap' -PasswordNeverExpires $false\"\n  - powershell -Command \"net user 'testeap' /logonpasswordchg:yes\"",
                "zones": [
                  {
                    "enabled": true,
                    "id": "7c99a597-8516-494f-a2c7-d7377048681e",
                    "name": "ru.AZ-1"
                  },
                  {
                    "enabled": true,
                    "id": "2c63c482-2532-4bba-8c9b-70ea330507bf",
                    "name": "ru.AZ-3"
                  },
                  {
                    "enabled": true,
                    "id": "479a4ab3-3ff3-4972-95c5-7610bac5c0bb",
                    "name": "ru.AZ-2"
                  }
                ]
              },
              {
                "created_at": "Mon, 14 Jul 2025 09:09:23 UTC",
                "description": null,
                "display_name": "Windows Server DC 2022 BYOL",
                "icon": null,
                "id": "1b2ebe35-91e8-4c3b-aad8-35aa5ae5b4cd",
                "image_metadata": [
                  {
                    "default_value": "",
                    "display_group": "Авторизация пользователя",
                    "display_name": "Пароль",
                    "display_position": 2,
                    "field_type": "METADATA_FIELD_TYPE_PLAIN_PASSWORD",
                    "id": "bd3a2d3c-ed99-4c96-89be-b135516623da",
                    "image_id": "1b2ebe35-91e8-4c3b-aad8-35aa5ae5b4cd",
                    "mandatory_group": "Метод аутентификации",
                    "mandatory_group_display_name": "",
                    "name": "linux_password",
                    "sensitive": true
                  },
                  {
                    "default_value": "user1",
                    "display_group": "Авторизация пользователя",
                    "display_name": "Имя пользователя",
                    "display_position": 1,
                    "field_type": "METADATA_FIELD_TYPE_LINUX_LOGIN",
                    "id": "d5b2c020-eff1-4e8e-bee7-cb95c12a613b",
                    "image_id": "1b2ebe35-91e8-4c3b-aad8-35aa5ae5b4cd",
                    "mandatory_group": "name",
                    "mandatory_group_display_name": "",
                    "name": "name",
                    "sensitive": false
                  }
                ],
                "min_cpu": 1,
                "min_disk": 40,
                "min_ram": 1,
                "name": "wind-2022-dc-evo-prod",
                "project_id": null,
                "type": "IMAGE_TYPE_MARKETPLACE",
                "updated_at": "Thu, 26 Feb 2026 08:09:31 UTC",
                "user_data_template": "#cloud-config\n\nusers:\n  - name:  $name\n    lock_passwd: false\n    passwd: $linux_password\n    groups: Administrators\n    shell: powershell.exe\nruncmd:\n  - powershell -Command \"Set-LocalUser -Name 'testeap' -PasswordNeverExpires $false\"\n  - powershell -Command \"net user 'testeap' /logonpasswordchg:yes\"",
                "zones": [
                  {
                    "enabled": true,
                    "id": "2c63c482-2532-4bba-8c9b-70ea330507bf",
                    "name": "ru.AZ-3"
                  },
                  {
                    "enabled": true,
                    "id": "479a4ab3-3ff3-4972-95c5-7610bac5c0bb",
                    "name": "ru.AZ-2"
                  },
                  {
                    "enabled": true,
                    "id": "7c99a597-8516-494f-a2c7-d7377048681e",
                    "name": "ru.AZ-1"
                  }
                ]
              },
              {
                "created_at": "Mon, 25 Aug 2025 09:59:45 UTC",
                "description": null,
                "display_name": "CentOS 9",
                "icon": "\u003c?xml version=\"1.0\" encoding=\"UTF-8\" standalone=\"no\"?\u003e\n\u003csvg width=\"256px\" height=\"256px\" viewBox=\"0 0 256 256\" version=\"1.1\" xmlns=\"http://www.w3.org/2000/svg\" xmlns:xlink=\"http://www.w3.org/1999/xlink\" preserveAspectRatio=\"xMidYMid\"\u003e\n\t\u003cg\u003e\n\t\t\u003cpath d=\"M107.860446,118.641168 L117.088645,127.817911 L107.860446,136.99288 L42.9010976,136.99288 L42.9010976,167.564282 L3.28602642,127.817911 L42.9010976,88.7386823 L42.9010976,118.641168 L107.860446,118.641168 L107.860446,118.641168 L107.860446,118.641168 L107.860446,118.641168 Z M136.414454,40.5732 L215.342964,40.5732 L215.342964,119.503484 L136.414454,119.503484 L136.414454,40.5732 L136.414454,40.5732 L136.414454,40.5732 L136.414454,40.5732 Z\" fill=\"#932279\"\u003e\u003c/path\u003e\n\t\t\u003cpath d=\"M137.274996,107.860446 L128.100027,117.088645 L118.925058,107.860446 L118.925058,42.9010976 L88.3518821,42.9010976 L128.100027,3.28602642 L167.177481,42.9010976 L137.274996,42.9010976 L137.274996,107.860446 L137.274996,107.860446 L137.274996,107.860446 L137.274996,107.860446 Z M136.414454,136.414454 L215.342964,136.414454 L215.342964,215.344738 L136.414454,215.344738 L136.414454,136.414454 L136.414454,136.414454 L136.414454,136.414454 L136.414454,136.414454 Z\" fill=\"#EFA724\"\u003e\u003c/path\u003e\n\t\t\u003cpath d=\"M148.057492,137.274996 L138.827519,128.100027 L148.057492,118.925058 L213.015067,118.925058 L213.015067,88.3518821 L252.631911,128.100027 L213.015067,167.177481 L213.015067,137.274996 L148.057492,137.274996 L148.057492,137.274996 L148.057492,137.274996 L148.057492,137.274996 Z M40.5732,136.414454 L119.501709,136.414454 L119.501709,215.344738 L40.5732,215.344738 L40.5732,136.414454 L40.5732,136.414454 L40.5732,136.414454 L40.5732,136.414454 Z\" fill=\"#262577\"\u003e\u003c/path\u003e\n\t\t\u003cpath d=\"M118.641168,148.057492 L127.816137,138.827519 L136.99288,148.057492 L136.99288,213.016841 L167.564282,213.016841 L127.816137,252.631911 L88.7404565,213.016841 L118.641168,213.016841 L118.641168,148.057492 L118.641168,148.057492 L118.641168,148.057492 L118.641168,148.057492 Z M40.5732,40.5732 L119.501709,40.5732 L119.501709,119.503484 L40.5732,119.503484 L40.5732,40.5732 L40.5732,40.5732 L40.5732,40.5732 L40.5732,40.5732 Z\" fill=\"#9CCD2A\"\u003e\u003c/path\u003e\n\t\t\u003cpath d=\"M37.7538176,37.7538176 L122.321092,37.7538176 L122.321092,122.321092 L37.7538176,122.321092 L37.7538176,37.7538176 L37.7538176,37.7538176 L37.7538176,37.7538176 L37.7538176,37.7538176 L37.7538176,37.7538176 Z M43.3908078,116.684101 L116.682327,116.684101 L116.682327,43.3925822 L43.3908078,43.3925822 L43.3908078,116.684101 L43.3908078,116.684101 L43.3908078,116.684101 L43.3908078,116.684101 Z M133.596846,37.7538176 L218.164121,37.7538176 L218.164121,122.321092 L133.596846,122.321092 L133.596846,37.7538176 L133.596846,37.7538176 L133.596846,37.7538176 L133.596846,37.7538176 Z M139.233837,116.684101 L212.525356,116.684101 L212.525356,43.3925822 L139.233837,43.3925822 L139.233837,116.684101 L139.233837,116.684101 L139.233837,116.684101 L139.233837,116.684101 Z M133.596846,133.596846 L218.164121,133.596846 L218.164121,218.165895 L133.596846,218.165895 L133.596846,133.596846 L133.596846,133.596846 L133.596846,133.596846 L133.596846,133.596846 Z M139.233837,212.525356 L212.525356,212.525356 L212.525356,139.233837 L139.233837,139.233837 L139.233837,212.525356 L139.233837,212.525356 L139.233837,212.525356 L139.233837,212.525356 Z M37.7538176,133.596846 L122.321092,133.596846 L122.321092,218.165895 L37.7538176,218.165895 L37.7538176,133.596846 L37.7538176,133.596846 L37.7538176,133.596846 L37.7538176,133.596846 Z M43.3908078,212.525356 L116.682327,212.525356 L116.682327,139.233837 L43.3908078,139.233837 L43.3908078,212.525356 L43.3908078,212.525356 L43.3908078,212.525356 L43.3908078,212.525356 L43.3908078,212.525356 Z\" fill=\"#FFFFFF\"\u003e\u003c/path\u003e\n\t\t\u003cpath d=\"M60.1882226,187.75773 L0.388574398,127.958082 L60.1864484,68.160208 L119.986097,127.958082 L60.1882226,187.75773 L60.1882226,187.75773 L60.1882226,187.75773 L60.1882226,187.75773 L60.1882226,187.75773 L60.1882226,187.75773 Z M8.36233399,127.958082 L60.1882226,179.78397 L112.012337,127.958082 L60.1864484,76.1339675 L8.36233399,127.958082 L8.36233399,127.958082 L8.36233399,127.958082 L8.36233399,127.958082 Z M127.958082,119.986097 L68.160208,60.1882226 L127.958082,0.388574398 L187.755956,60.1882226 L127.958082,119.986097 L127.958082,119.986097 L127.958082,119.986097 L127.958082,119.986097 Z M76.1339675,60.1882226 L127.958082,112.012337 L179.78397,60.1882226 L127.958082,8.36233399 L76.1339675,60.1882226 L76.1339675,60.1882226 L76.1339675,60.1882226 L76.1339675,60.1882226 Z M195.729716,187.75773 L135.931841,127.958082 L195.729716,68.160208 L255.527589,127.958082 L195.729716,187.75773 L195.729716,187.75773 L195.729716,187.75773 L195.729716,187.75773 Z M143.903827,127.958082 L195.729716,179.78397 L247.553829,127.958082 L195.729716,76.1339675 L143.903827,127.958082 L143.903827,127.958082 L143.903827,127.958082 L143.903827,127.958082 Z M127.958082,255.527589 L68.160208,195.729716 L127.958082,135.931841 L187.755956,195.729716 L127.958082,255.527589 L127.958082,255.527589 L127.958082,255.527589 L127.958082,255.527589 Z M76.1339675,195.729716 L127.958082,247.553829 L179.78397,195.729716 L127.958082,143.905601 L76.1339675,195.729716 L76.1339675,195.729716 L76.1339675,195.729716 L76.1339675,195.729716 L76.1339675,195.729716 L76.1339675,195.729716 Z\" fill=\"#FFFFFF\"\u003e\u003c/path\u003e\n\t\u003c/g\u003e\n\u003c/svg\u003e",
                "id": "f4f7df21-fa2f-470f-99f2-a4b778f938f1",
                "image_metadata": [
                  {
                    "default_value": "user1",
                    "display_group": "Авторизация пользователя",
                    "display_name": "Логин",
                    "display_position": 1,
                    "field_type": "METADATA_FIELD_TYPE_LINUX_LOGIN",
                    "id": "98ea9678-cbce-45e4-ac9a-a8f35f719813",
                    "image_id": "f4f7df21-fa2f-470f-99f2-a4b778f938f1",
                    "mandatory_group": "name",
                    "mandatory_group_display_name": "",
                    "name": "name",
                    "sensitive": false
                  },
                  {
                    "default_value": "",
                    "display_group": "Дополнительные параметры системы",
                    "display_name": "Имя хоста",
                    "display_position": 4,
                    "field_type": "METADATA_FIELD_TYPE_HOSTNAME",
                    "id": "c8835cd4-24f9-461e-a41f-dd6d0992da42",
                    "image_id": "f4f7df21-fa2f-470f-99f2-a4b778f938f1",
                    "mandatory_group": "hostname",
                    "mandatory_group_display_name": "",
                    "name": "hostname",
                    "sensitive": false
                  },
                  {
                    "default_value": "true",
                    "display_group": "Дополнительные параметры системы",
                    "display_name": "Compute agent",
                    "display_position": 5,
                    "field_type": "METADATA_FIELD_TYPE_FLAG",
                    "id": "256b1b98-3e6e-433e-9484-fab790d8fd50",
                    "image_id": "f4f7df21-fa2f-470f-99f2-a4b778f938f1",
                    "mandatory_group": "",
                    "mandatory_group_display_name": "",
                    "name": "guest_agent_ready",
                    "sensitive": true
                  },
                  {
                    "default_value": "",
                    "display_group": "Авторизация пользователя",
                    "display_name": "Публичный ключ",
                    "display_position": 3,
                    "field_type": "METADATA_FIELD_TYPE_PUBLIC_KEY",
                    "id": "82acea9c-5ed9-493e-8ad6-cf980fca3af6",
                    "image_id": "f4f7df21-fa2f-470f-99f2-a4b778f938f1",
                    "mandatory_group": "authentication",
                    "mandatory_group_display_name": "Метод аутентификации",
                    "name": "public_key",
                    "sensitive": false
                  },
                  {
                    "default_value": "",
                    "display_group": "Авторизация пользователя",
                    "display_name": "Пароль",
                    "display_position": 2,
                    "field_type": "METADATA_FIELD_TYPE_LINUX_PASSWORD",
                    "id": "a6f42225-6df1-40df-8af6-3bb38b59742d",
                    "image_id": "f4f7df21-fa2f-470f-99f2-a4b778f938f1",
                    "mandatory_group": "authentication",
                    "mandatory_group_display_name": "Метод аутентификации",
                    "name": "linux_password",
                    "sensitive": true
                  }
                ],
                "min_cpu": 1,
                "min_disk": 10,
                "min_ram": 1,
                "name": "CentOS-9",
                "project_id": null,
                "type": "IMAGE_TYPE_PUBLIC",
                "updated_at": "Mon, 25 Aug 2025 10:17:02 UTC",
                "user_data_template": "groups:\n- admingroup:\n  - root\n  - sys\n- cloud-users\nhostname: $hostname\nusers:\n- groups: users\n  lock_passwd: false\n  name: $name\n  passwd: $linux_password\n  primary_group: $name\n  ssh_authorized_keys: $public_key\n  sudo: ALL=(ALL) NOPASSWD:ALL\n  shell: /bin/bash\nruncmd:\n  - sudo systemctl enable qemu-guest-agent\n  - sudo systemctl stop qemu-guest-agent\n{% if guest_agent_ready %}\n  - sudo systemctl start qemu-guest-agent\n{% endif %}\n  - [sync]\n  - [echo, 3, '\u003e', /proc/sys/vm/drop_caches]",
                "zones": [
                  {
                    "enabled": true,
                    "id": "479a4ab3-3ff3-4972-95c5-7610bac5c0bb",
                    "name": "ru.AZ-2"
                  },
                  {
                    "enabled": true,
                    "id": "2c63c482-2532-4bba-8c9b-70ea330507bf",
                    "name": "ru.AZ-3"
                  },
                  {
                    "enabled": true,
                    "id": "7c99a597-8516-494f-a2c7-d7377048681e",
                    "name": "ru.AZ-1"
                  }
                ]
              },
              {
                "created_at": "Tue, 07 Oct 2025 19:38:16 UTC",
                "description": "Минималистичная российская ОС, разработанная для контейнерных сред Docker и Kubernetes",
                "display_name": "Найс ОС",
                "icon": null,
                "id": "6f16596a-c65a-4fe8-ab29-421e7089537d",
                "image_metadata": [
                  {
                    "default_value": "",
                    "display_group": "Авторизация пользователя",
                    "display_name": "Пароль",
                    "display_position": 2,
                    "field_type": "METADATA_FIELD_TYPE_LINUX_PASSWORD",
                    "id": "dcb90206-fb1b-4635-a39d-2b938ddcc8a7",
                    "image_id": "6f16596a-c65a-4fe8-ab29-421e7089537d",
                    "mandatory_group": "authentication",
                    "mandatory_group_display_name": "Метод аутентификации",
                    "name": "linux_password",
                    "sensitive": true
                  },
                  {
                    "default_value": "false",
                    "display_group": "Авторизация пользователя",
                    "display_name": "Compute agent",
                    "display_position": 4,
                    "field_type": "METADATA_FIELD_TYPE_FLAG",
                    "id": "26ae56cf-1f67-4b86-8e6d-5ca62b5f5478",
                    "image_id": "6f16596a-c65a-4fe8-ab29-421e7089537d",
                    "mandatory_group": "",
                    "mandatory_group_display_name": "",
                    "name": "guest_agent_ready",
                    "sensitive": true
                  },
                  {
                    "default_value": "",
                    "display_group": "Авторизация пользователя",
                    "display_name": "Публичный ключ",
                    "display_position": 1,
                    "field_type": "METADATA_FIELD_TYPE_PUBLIC_KEY",
                    "id": "97c50c58-e4b8-4072-b987-b037cc45e38a",
                    "image_id": "6f16596a-c65a-4fe8-ab29-421e7089537d",
                    "mandatory_group": "authentication",
                    "mandatory_group_display_name": "Метод аутентификации",
                    "name": "public_key",
                    "sensitive": false
                  },
                  {
                    "default_value": "user1",
                    "display_group": "Авторизация пользователя",
                    "display_name": "Логин",
                    "display_position": 5,
                    "field_type": "METADATA_FIELD_TYPE_LINUX_LOGIN",
                    "id": "63046e4b-4262-4128-8a43-b6b6b2f429a8",
                    "image_id": "6f16596a-c65a-4fe8-ab29-421e7089537d",
                    "mandatory_group": "name",
                    "mandatory_group_display_name": "",
                    "name": "name",
                    "sensitive": false
                  },
                  {
                    "default_value": "",
                    "display_group": "Дополнительные параметры системы",
                    "display_name": "Имя хоста",
                    "display_position": 3,
                    "field_type": "METADATA_FIELD_TYPE_HOSTNAME",
                    "id": "5f31738a-daee-405d-be7b-dfd321747c12",
                    "image_id": "6f16596a-c65a-4fe8-ab29-421e7089537d",
                    "mandatory_group": "hostname",
                    "mandatory_group_display_name": "",
                    "name": "hostname",
                    "sensitive": false
                  }
                ],
                "min_cpu": 1,
                "min_disk": 10,
                "min_ram": 1,
                "name": "nice-os",
                "project_id": null,
                "type": "IMAGE_TYPE_MARKETPLACE",
                "updated_at": "Thu, 28 May 2026 11:34:50 UTC",
                "user_data_template": "groups:\n- admingroup:\n  - root\n  - sys\n- cloud-users\nhostname: $hostname\nusers:\n- groups: users\n  lock_passwd: false\n  name: $name\n  passwd: $linux_password\n  primary_group: $name\n  ssh_authorized_keys: $public_key\n  sudo: ALL=(ALL) NOPASSWD:ALL\n  shell: /bin/bash\nruncmd:\n  - sudo systemctl enable qemu-guest-agent\n  - sudo systemctl stop qemu-guest-agent\n{% if guest_agent_ready %}\n  - sudo systemctl start qemu-guest-agent\n{% endif %}\n  - [sync]\n  - [echo, 3, '\u003e', /proc/sys/vm/drop_caches]",
                "zones": [
                  {
                    "enabled": true,
                    "id": "479a4ab3-3ff3-4972-95c5-7610bac5c0bb",
                    "name": "ru.AZ-2"
                  },
                  {
                    "enabled": true,
                    "id": "7c99a597-8516-494f-a2c7-d7377048681e",
                    "name": "ru.AZ-1"
                  },
                  {
                    "enabled": true,
                    "id": "2c63c482-2532-4bba-8c9b-70ea330507bf",
                    "name": "ru.AZ-3"
                  }
                ]
              },
              {
                "created_at": "Wed, 15 Oct 2025 20:46:47 UTC",
                "description": null,
                "display_name": "Fedora 41 Server",
                "icon": null,
                "id": "520eea4d-d40c-46b0-be7d-a99e9b2aef33",
                "image_metadata": [
                  {
                    "default_value": "true",
                    "display_group": "Дополнительные параметры системы",
                    "display_name": "Compute agent",
                    "display_position": 5,
                    "field_type": "METADATA_FIELD_TYPE_FLAG",
                    "id": "de0d89a1-e355-4e0f-843d-04b53eb119e3",
                    "image_id": "520eea4d-d40c-46b0-be7d-a99e9b2aef33",
                    "mandatory_group": "",
                    "mandatory_group_display_name": "",
                    "name": "guest_agent_ready",
                    "sensitive": true
                  },
                  {
                    "default_value": "",
                    "display_group": "Дополнительные параметры системы",
                    "display_name": "Имя хоста",
                    "display_position": 4,
                    "field_type": "METADATA_FIELD_TYPE_HOSTNAME",
                    "id": "09498004-01d3-4f91-b334-9be896f88aef",
                    "image_id": "520eea4d-d40c-46b0-be7d-a99e9b2aef33",
                    "mandatory_group": "hostname",
                    "mandatory_group_display_name": "",
                    "name": "hostname",
                    "sensitive": false
                  },
                  {
                    "default_value": "",
                    "display_group": "Авторизация пользователя",
                    "display_name": "Публичный ключ",
                    "display_position": 3,
                    "field_type": "METADATA_FIELD_TYPE_PUBLIC_KEY",
                    "id": "bd567cbe-350f-4f7d-a50e-4ab96c9fb51d",
                    "image_id": "520eea4d-d40c-46b0-be7d-a99e9b2aef33",
                    "mandatory_group": "authentication",
                    "mandatory_group_display_name": "Метод аутентификации",
                    "name": "public_key",
                    "sensitive": false
                  },
                  {
                    "default_value": "user1",
                    "display_group": "Авторизация пользователя",
                    "display_name": "Логин",
                    "display_position": 1,
                    "field_type": "METADATA_FIELD_TYPE_LINUX_LOGIN",
                    "id": "ae3544a7-3fd1-415e-b290-c8285c65c8c4",
                    "image_id": "520eea4d-d40c-46b0-be7d-a99e9b2aef33",
                    "mandatory_group": "name",
                    "mandatory_group_display_name": "",
                    "name": "name",
                    "sensitive": false
                  },
                  {
                    "default_value": "",
                    "display_group": "Авторизация пользователя",
                    "display_name": "Пароль",
                    "display_position": 2,
                    "field_type": "METADATA_FIELD_TYPE_LINUX_PASSWORD",
                    "id": "7b78557f-ec40-4de5-9d8e-1ed6c81abe84",
                    "image_id": "520eea4d-d40c-46b0-be7d-a99e9b2aef33",
                    "mandatory_group": "authentication",
                    "mandatory_group_display_name": "Метод аутентификации",
                    "name": "linux_password",
                    "sensitive": true
                  }
                ],
                "min_cpu": 1,
                "min_disk": 10,
                "min_ram": 1,
                "name": "fedora-41",
                "project_id": null,
                "type": "IMAGE_TYPE_PUBLIC",
                "updated_at": "Sat, 01 Nov 2025 05:55:09 UTC",
                "user_data_template": "groups:\n- admingroup:\n  - root\n  - sys\n- cloud-users\nhostname: $hostname\nusers:\n- groups: users\n  lock_passwd: false\n  name: $name\n  passwd: $linux_password\n  primary_group: $name\n  ssh_authorized_keys: $public_key\n  sudo: ALL=(ALL) NOPASSWD:ALL\n  shell: /bin/bash\nruncmd:\n  - sudo systemctl enable qemu-guest-agent\n  - sudo systemctl stop qemu-guest-agent\n{% if guest_agent_ready %}\n  - sudo systemctl start qemu-guest-agent\n{% endif %}\n  - [sync]\n  - [echo, 3, '\u003e', /proc/sys/vm/drop_caches]",
                "zones": [
                  {
                    "enabled": true,
                    "id": "2c63c482-2532-4bba-8c9b-70ea330507bf",
                    "name": "ru.AZ-3"
                  },
                  {
                    "enabled": true,
                    "id": "479a4ab3-3ff3-4972-95c5-7610bac5c0bb",
                    "name": "ru.AZ-2"
                  },
                  {
                    "enabled": true,
                    "id": "7c99a597-8516-494f-a2c7-d7377048681e",
                    "name": "ru.AZ-1"
                  }
                ]
              },
              {
                "created_at": "Thu, 23 Oct 2025 22:21:17 UTC",
                "description": "Облачная платформа для безопасного хранения, обмена и управления корпоративными данными и сервисами",
                "display_name": "Nextcloud",
                "icon": null,
                "id": "3baaa8b7-06ac-410b-9160-a29652860b76",
                "image_metadata": [
                  {
                    "default_value": "true",
                    "display_group": "Авторизация пользователя",
                    "display_name": "Compute agent",
                    "display_position": 5,
                    "field_type": "METADATA_FIELD_TYPE_FLAG",
                    "id": "eee384fd-583d-4418-8d6c-d44aa7eae71c",
                    "image_id": "3baaa8b7-06ac-410b-9160-a29652860b76",
                    "mandatory_group": "",
                    "mandatory_group_display_name": "",
                    "name": "guest_agent_ready",
                    "sensitive": true
                  },
                  {
                    "default_value": "",
                    "display_group": "Дополнительные параметры системы",
                    "display_name": "Имя хоста",
                    "display_position": 2,
                    "field_type": "METADATA_FIELD_TYPE_HOSTNAME",
                    "id": "3108f4e8-8952-476e-af4c-f814897a99c1",
                    "image_id": "3baaa8b7-06ac-410b-9160-a29652860b76",
                    "mandatory_group": "hostname",
                    "mandatory_group_display_name": "",
                    "name": "hostname",
                    "sensitive": false
                  },
                  {
                    "default_value": "",
                    "display_group": "Авторизация пользователя",
                    "display_name": "Публичный ключ",
                    "display_position": 3,
                    "field_type": "METADATA_FIELD_TYPE_PUBLIC_KEY",
                    "id": "3907d680-6733-412f-b54e-922f6dd2ce25",
                    "image_id": "3baaa8b7-06ac-410b-9160-a29652860b76",
                    "mandatory_group": "authentication",
                    "mandatory_group_display_name": "Метод аутентификации",
                    "name": "public_key",
                    "sensitive": false
                  },
                  {
                    "default_value": "",
                    "display_group": "Авторизация пользователя",
                    "display_name": "Пароль",
                    "display_position": 4,
                    "field_type": "METADATA_FIELD_TYPE_LINUX_PASSWORD",
                    "id": "30e7c606-64b4-4fc9-9ac9-f81a25343aba",
                    "image_id": "3baaa8b7-06ac-410b-9160-a29652860b76",
                    "mandatory_group": "authentication",
                    "mandatory_group_display_name": "Метод аутентификации",
                    "name": "linux_password",
                    "sensitive": true
                  },
                  {
                    "default_value": "user1",
                    "display_group": "Авторизация пользователя",
                    "display_name": "Логин",
                    "display_position": 1,
                    "field_type": "METADATA_FIELD_TYPE_LINUX_LOGIN",
                    "id": "cf8ca0c2-a88f-4f91-887f-5586fb137d13",
                    "image_id": "3baaa8b7-06ac-410b-9160-a29652860b76",
                    "mandatory_group": "name",
                    "mandatory_group_display_name": "",
                    "name": "name",
                    "sensitive": false
                  }
                ],
                "min_cpu": 1,
                "min_disk": 10,
                "min_ram": 1,
                "name": "ubuntu2404-nextcloud",
                "project_id": null,
                "type": "IMAGE_TYPE_MARKETPLACE",
                "updated_at": "Thu, 28 May 2026 11:35:12 UTC",
                "user_data_template": "groups:\n- admingroup:\n  - root\n  - sys\n- cloud-users\nhostname: $hostname\nusers:\n- groups: users\n  lock_passwd: false\n  name: $name\n  passwd: $linux_password\n  primary_group: $name\n  ssh_authorized_keys: $public_key\n  sudo: ALL=(ALL) NOPASSWD:ALL\n  shell: /bin/bash\nruncmd:\n  - sudo systemctl enable qemu-guest-agent\n  - sudo systemctl stop qemu-guest-agent\n{% if guest_agent_ready %}\n  - sudo systemctl start qemu-guest-agent\n{% endif %}\n  - [sync]\n  - [echo, 3, '\u003e', /proc/sys/vm/drop_caches]",
                "zones": [
                  {
                    "enabled": true,
                    "id": "2c63c482-2532-4bba-8c9b-70ea330507bf",
                    "name": "ru.AZ-3"
                  },
                  {
                    "enabled": true,
                    "id": "479a4ab3-3ff3-4972-95c5-7610bac5c0bb",
                    "name": "ru.AZ-2"
                  },
                  {
                    "enabled": true,
                    "id": "7c99a597-8516-494f-a2c7-d7377048681e",
                    "name": "ru.AZ-1"
                  }
                ]
              },
              {
                "created_at": "Wed, 05 Nov 2025 21:39:28 UTC",
                "description": "Opensource менеджер паролей для команд, позволяющий безопасно хранить, обмениваться и управлять паролями в корпоративной среде.",
                "display_name": "Passbolt",
                "icon": null,
                "id": "2665bbae-4ad8-4f6f-981f-6c2fdec09518",
                "image_metadata": [
                  {
                    "default_value": "true",
                    "display_group": "Авторизация пользователя",
                    "display_name": "Compute agent",
                    "display_position": 2,
                    "field_type": "METADATA_FIELD_TYPE_FLAG",
                    "id": "6d7dd54b-65b7-4f28-a096-5bd6a6f33d87",
                    "image_id": "2665bbae-4ad8-4f6f-981f-6c2fdec09518",
                    "mandatory_group": " Да",
                    "mandatory_group_display_name": "",
                    "name": "guest_agent_ready",
                    "sensitive": true
                  },
                  {
                    "default_value": "",
                    "display_group": "Авторизация пользователя",
                    "display_name": "Пароль",
                    "display_position": 1,
                    "field_type": "METADATA_FIELD_TYPE_LINUX_PASSWORD",
                    "id": "9884027f-1f18-4f2d-b9b1-d06a26f0c578",
                    "image_id": "2665bbae-4ad8-4f6f-981f-6c2fdec09518",
                    "mandatory_group": "authentication",
                    "mandatory_group_display_name": "Метод аутентификации",
                    "name": "linux_password",
                    "sensitive": true
                  },
                  {
                    "default_value": "",
                    "display_group": "Дополнительные параметры системы",
                    "display_name": "Имя хоста",
                    "display_position": 3,
                    "field_type": "METADATA_FIELD_TYPE_HOSTNAME",
                    "id": "793bd17f-5484-4946-ae56-ec695b37372b",
                    "image_id": "2665bbae-4ad8-4f6f-981f-6c2fdec09518",
                    "mandatory_group": "hostname",
                    "mandatory_group_display_name": "",
                    "name": "hostname",
                    "sensitive": false
                  },
                  {
                    "default_value": "user1",
                    "display_group": "Авторизация пользователя",
                    "display_name": "Логин",
                    "display_position": 4,
                    "field_type": "METADATA_FIELD_TYPE_LINUX_LOGIN",
                    "id": "18e3476e-60b9-48b5-92b4-9ae4c83d25a2",
                    "image_id": "2665bbae-4ad8-4f6f-981f-6c2fdec09518",
                    "mandatory_group": "name",
                    "mandatory_group_display_name": "",
                    "name": "name",
                    "sensitive": false
                  },
                  {
                    "default_value": "",
                    "display_group": "Авторизация пользователя",
                    "display_name": "Публичный ключ",
                    "display_position": 5,
                    "field_type": "METADATA_FIELD_TYPE_PUBLIC_KEY",
                    "id": "21de6c91-2764-4b60-989b-6b531c705a51",
                    "image_id": "2665bbae-4ad8-4f6f-981f-6c2fdec09518",
                    "mandatory_group": "authentication",
                    "mandatory_group_display_name": "Метод аутентификации",
                    "name": "public_key",
                    "sensitive": false
                  }
                ],
                "min_cpu": 1,
                "min_disk": 40,
                "min_ram": 1,
                "name": "Passbolt",
                "project_id": null,
                "type": "IMAGE_TYPE_MARKETPLACE",
                "updated_at": "Thu, 28 May 2026 11:31:52 UTC",
                "user_data_template": "groups:\n- admingroup:\n  - root\n  - sys\n- cloud-users\nhostname: $hostname\nusers:\n- groups: users\n  lock_passwd: false\n  name: $name\n  passwd: $linux_password\n  primary_group: $name\n  ssh_authorized_keys: $public_key\n  sudo: ALL=(ALL) NOPASSWD:ALL\n  shell: /bin/bash\nruncmd:\n  - sudo systemctl enable qemu-guest-agent\n  - sudo systemctl stop qemu-guest-agent\n{% if guest_agent_ready %}\n  - sudo systemctl start qemu-guest-agent\n{% endif %}\n  - [sync]\n  - [echo, 3, '\u003e', /proc/sys/vm/drop_caches]",
                "zones": [
                  {
                    "enabled": true,
                    "id": "479a4ab3-3ff3-4972-95c5-7610bac5c0bb",
                    "name": "ru.AZ-2"
                  },
                  {
                    "enabled": true,
                    "id": "7c99a597-8516-494f-a2c7-d7377048681e",
                    "name": "ru.AZ-1"
                  },
                  {
                    "enabled": true,
                    "id": "2c63c482-2532-4bba-8c9b-70ea330507bf",
                    "name": "ru.AZ-3"
                  }
                ]
              },
              {
                "created_at": "Sun, 09 Nov 2025 23:33:50 UTC",
                "description": null,
                "display_name": "Ubuntu 22.04",
                "icon": "\u003c?xml version='1.0' encoding='UTF-8' standalone='no'?\u003e\u003csvg width='256px' height='256px' viewBox='0 0 256 256' version='1.1' xmlns='http://www.w3.org/2000/svg' xmlns:xlink='http://www.w3.org/1999/xlink' preserveAspectRatio='xMidYMid'\u003e\u003cg\u003e\u003cpath d='M255.637396,127.683191 C255.637396,198.196551 198.47207,255.363378 127.954205,255.363378 C57.4348387,255.363378 0.27026393,198.196551 0.27026393,127.683191 C0.27026393,57.1653255 57.4355894,0 127.954205,0 C198.472821,0 255.637396,57.1653255 255.637396,127.683191 L255.637396,127.683191 Z' fill='#DD4814'\u003e\u003c/path\u003e\u003cpath d='M41.1334194,110.63254 C31.7139707,110.63254 24.0827683,118.264493 24.0827683,127.683191 C24.0827683,137.097384 31.7139707,144.728587 41.1334194,144.728587 C50.5476129,144.728587 58.1788152,137.097384 58.1788152,127.683191 C58.1788152,118.264493 50.5476129,110.63254 41.1334194,110.63254 L41.1334194,110.63254 Z M162.848282,188.111202 C154.694569,192.820551 151.898839,203.240727 156.608938,211.389935 C161.313032,219.543648 171.733208,222.338628 179.886921,217.629279 C188.039883,212.925185 190.835613,202.505009 186.126264,194.350545 C181.42217,186.202088 170.995988,183.407109 162.848282,188.111202 L162.848282,188.111202 Z M78.1618299,127.683191 C78.1618299,110.836739 86.5295015,95.9534545 99.3332551,86.9409032 L86.8703343,66.0667683 C71.9555191,76.0365044 60.8581818,91.271132 56.2464282,109.113806 C61.6276833,113.504845 65.0720469,120.189372 65.0720469,127.68244 C65.0720469,135.171003 61.6276833,141.855531 56.2464282,146.246569 C60.852176,164.094499 71.9495132,179.329877 86.8703343,189.299613 L99.3332551,168.420223 C86.5295015,159.412927 78.1618299,144.530393 78.1618299,127.683191 L78.1618299,127.683191 Z M127.954205,77.8855601 C153.967109,77.8855601 175.30895,97.8302874 177.549138,123.265877 L201.839859,122.907777 C200.644692,104.129689 192.441431,87.2719765 179.836622,74.875871 C173.354792,77.3247625 165.86773,76.9501466 159.396411,73.2197537 C152.91383,69.4788504 148.849361,63.1681877 147.738276,56.3177478 C141.438123,54.5790499 134.807648,53.6271202 127.952704,53.6271202 C116.168446,53.6271202 105.026815,56.3950733 95.1344047,61.2913548 L106.979472,82.5175836 C113.351695,79.5521877 120.460387,77.8855601 127.954205,77.8855601 L127.954205,77.8855601 Z M127.954205,177.475566 C120.460387,177.475566 113.351695,175.808188 106.980223,172.843543 L95.1351554,194.069021 C105.027566,198.971308 116.169196,201.740012 127.954205,201.740012 C134.80915,201.740012 141.439625,200.787331 147.739026,199.043378 C148.850111,192.192938 152.916082,185.888282 159.397161,182.140622 C165.872985,178.404223 173.355543,178.036364 179.837372,180.485255 C192.442182,168.08915 200.645443,151.231437 201.84061,132.453349 L177.543883,132.095249 C175.30895,157.537595 153.967859,177.475566 127.954205,177.475566 L127.954205,177.475566 Z M162.842276,67.2446686 C170.995988,71.9532669 181.416915,69.1642933 186.121009,61.0105806 C190.830358,52.856868 188.041384,42.4359413 179.886921,37.7258416 C171.733208,33.0217478 161.313032,35.8167273 156.602182,43.9704399 C151.898839,52.1196481 154.693818,62.5405748 162.842276,67.2446686 L162.842276,67.2446686 Z' fill='#FFFFFF'\u003e\u003c/path\u003e\u003c/g\u003e\u003c/svg\u003e",
                "id": "474c9e98-760f-4e54-aaa9-70024814f2b0",
                "image_metadata": [
                  {
                    "default_value": "false",
                    "display_group": "Дополнительные параметры системы",
                    "display_name": "Управление ПО",
                    "display_position": 6,
                    "field_type": "METADATA_FIELD_TYPE_FLAG",
                    "id": "6e80c6a9-94a6-4203-b635-cc433a524e22",
                    "image_id": "474c9e98-760f-4e54-aaa9-70024814f2b0",
                    "mandatory_group": "",
                    "mandatory_group_display_name": "",
                    "name": "vmm_enabled",
                    "sensitive": false
                  },
                  {
                    "default_value": "",
                    "display_group": "Авторизация пользователя",
                    "display_name": "Публичный ключ",
                    "display_position": 3,
                    "field_type": "METADATA_FIELD_TYPE_PUBLIC_KEY",
                    "id": "291b5ad7-6400-4891-a917-138ca02e97d0",
                    "image_id": "474c9e98-760f-4e54-aaa9-70024814f2b0",
                    "mandatory_group": "authentication",
                    "mandatory_group_display_name": "Метод аутентификации",
                    "name": "public_key",
                    "sensitive": false
                  },
                  {
                    "default_value": "true",
                    "display_group": "Дополнительные параметры системы",
                    "display_name": "Compute agent",
                    "display_position": 5,
                    "field_type": "METADATA_FIELD_TYPE_FLAG",
                    "id": "5c9e37ee-89db-4fa1-af5a-5319ca17ecce",
                    "image_id": "474c9e98-760f-4e54-aaa9-70024814f2b0",
                    "mandatory_group": "",
                    "mandatory_group_display_name": "",
                    "name": "guest_agent_ready",
                    "sensitive": true
                  },
                  {
                    "default_value": "",
                    "display_group": "Дополнительные параметры системы",
                    "display_name": "Имя хоста",
                    "display_position": 4,
                    "field_type": "METADATA_FIELD_TYPE_HOSTNAME",
                    "id": "0a7d05b5-bb69-4422-9a66-2c9c67522599",
                    "image_id": "474c9e98-760f-4e54-aaa9-70024814f2b0",
                    "mandatory_group": "hostname",
                    "mandatory_group_display_name": "",
                    "name": "hostname",
                    "sensitive": false
                  },
                  {
                    "default_value": "user1",
                    "display_group": "Авторизация пользователя",
                    "display_name": "Логин",
                    "display_position": 1,
                    "field_type": "METADATA_FIELD_TYPE_LINUX_LOGIN",
                    "id": "5971d962-91e7-4072-ba3a-6553c61918ec",
                    "image_id": "474c9e98-760f-4e54-aaa9-70024814f2b0",
                    "mandatory_group": "name",
                    "mandatory_group_display_name": "",
                    "name": "name",
                    "sensitive": false
                  },
                  {
                    "default_value": "",
                    "display_group": "Авторизация пользователя",
                    "display_name": "Пароль",
                    "display_position": 2,
                    "field_type": "METADATA_FIELD_TYPE_LINUX_PASSWORD",
                    "id": "d47abc1a-1c0b-4729-a8bd-c8c625888eb0",
                    "image_id": "474c9e98-760f-4e54-aaa9-70024814f2b0",
                    "mandatory_group": "authentication",
                    "mandatory_group_display_name": "Метод аутентификации",
                    "name": "linux_password",
                    "sensitive": true
                  }
                ],
                "min_cpu": 1,
                "min_disk": 10,
                "min_ram": 1,
                "name": "ubuntu-22.04",
                "project_id": null,
                "type": "IMAGE_TYPE_PUBLIC",
                "updated_at": "Fri, 17 Apr 2026 10:36:15 UTC",
                "user_data_template": "// groups:\n- admingroup:\n  - root\n  - sys\n- cloud-users\nhostname: $hostname\nusers:\n- groups: users\n  lock_passwd: false\n  name: $name\n  passwd: $linux_password\n  primary_group: $name\n  ssh_authorized_keys: $public_key\n  sudo: ALL=(ALL) NOPASSWD:ALL\nosconfig:\n  endpoint: $vmm_endpoint\n  token: $vmm_token\n  comname: /dev/virtio-ports/$vmm_serial_name \npackage_update: true\napt:\n  primary:\n    - arches: [default]\n      uri: http://mirror.yandex.ru/ubuntu/",
                "zones": [
                  {
                    "enabled": true,
                    "id": "479a4ab3-3ff3-4972-95c5-7610bac5c0bb",
                    "name": "ru.AZ-2"
                  },
                  {
                    "enabled": true,
                    "id": "2c63c482-2532-4bba-8c9b-70ea330507bf",
                    "name": "ru.AZ-3"
                  },
                  {
                    "enabled": true,
                    "id": "7c99a597-8516-494f-a2c7-d7377048681e",
                    "name": "ru.AZ-1"
                  }
                ]
              },
              {
                "created_at": "Wed, 19 Nov 2025 18:44:34 UTC",
                "description": "Образ Ubuntu 24.04 with GPU",
                "display_name": "Ubuntu 24.04 with GPU",
                "icon": null,
                "id": "b00b76ba-0fa9-4c2e-b15b-bd4538026b0c",
                "image_metadata": [
                  {
                    "default_value": "",
                    "display_group": "Авторизация пользователя",
                    "display_name": "Пароль",
                    "display_position": 2,
                    "field_type": "METADATA_FIELD_TYPE_LINUX_PASSWORD",
                    "id": "d8c4c5f8-b7f8-497e-a4ed-cae1cff37a18",
                    "image_id": "b00b76ba-0fa9-4c2e-b15b-bd4538026b0c",
                    "mandatory_group": "authentication",
                    "mandatory_group_display_name": "Метод аутентификации",
                    "name": "linux_password",
                    "sensitive": true
                  },
                  {
                    "default_value": "true",
                    "display_group": "Дополнительные параметры системы",
                    "display_name": "Compute agent",
                    "display_position": 5,
                    "field_type": "METADATA_FIELD_TYPE_FLAG",
                    "id": "7515548b-58fe-49ef-93de-86e792bc9288",
                    "image_id": "b00b76ba-0fa9-4c2e-b15b-bd4538026b0c",
                    "mandatory_group": "",
                    "mandatory_group_display_name": "",
                    "name": "guest_agent_ready",
                    "sensitive": true
                  },
                  {
                    "default_value": "user1",
                    "display_group": "Авторизация пользователя",
                    "display_name": "Логин",
                    "display_position": 1,
                    "field_type": "METADATA_FIELD_TYPE_LINUX_LOGIN",
                    "id": "6b78816c-f857-4297-92c7-23ffbeb497cd",
                    "image_id": "b00b76ba-0fa9-4c2e-b15b-bd4538026b0c",
                    "mandatory_group": "name",
                    "mandatory_group_display_name": "",
                    "name": "name",
                    "sensitive": false
                  },
                  {
                    "default_value": "",
                    "display_group": "Авторизация пользователя",
                    "display_name": "Публичный ключ",
                    "display_position": 3,
                    "field_type": "METADATA_FIELD_TYPE_PUBLIC_KEY",
                    "id": "6a8b513f-004e-44fa-b264-b5b3092b4834",
                    "image_id": "b00b76ba-0fa9-4c2e-b15b-bd4538026b0c",
                    "mandatory_group": "authentication",
                    "mandatory_group_display_name": "Метод аутентификации",
                    "name": "public_key",
                    "sensitive": false
                  },
                  {
                    "default_value": "",
                    "display_group": "Дополнительные параметры системы",
                    "display_name": "Имя хоста",
                    "display_position": 4,
                    "field_type": "METADATA_FIELD_TYPE_HOSTNAME",
                    "id": "2e70166f-f2e2-44e6-857a-e191844e5d9d",
                    "image_id": "b00b76ba-0fa9-4c2e-b15b-bd4538026b0c",
                    "mandatory_group": "hostname",
                    "mandatory_group_display_name": "",
                    "name": "hostname",
                    "sensitive": false
                  }
                ],
                "min_cpu": 1,
                "min_disk": 10,
                "min_ram": 1,
                "name": "ubuntu-24.04-gpu",
                "project_id": null,
                "type": "IMAGE_TYPE_PUBLIC",
                "updated_at": "Fri, 21 Nov 2025 03:56:06 UTC",
                "user_data_template": "groups:\n- admingroup:\n  - root\n  - sys\n- cloud-users\nhostname: $hostname\nusers:\n- groups: users\n  lock_passwd: false\n  name: $name\n  passwd: $linux_password\n  primary_group: $name\n  ssh_authorized_keys: $public_key\n  shell: /bin/bash\n  sudo: ALL=(ALL) NOPASSWD:ALL\nruncmd:\n  - sudo systemctl enable qemu-guest-agent\n  - sudo systemctl stop qemu-guest-agent\n{% if guest_agent_ready %}\n  - sudo systemctl start qemu-guest-agent\n{% endif %}",
                "zones": [
                  {
                    "enabled": true,
                    "id": "479a4ab3-3ff3-4972-95c5-7610bac5c0bb",
                    "name": "ru.AZ-2"
                  },
                  {
                    "enabled": true,
                    "id": "7c99a597-8516-494f-a2c7-d7377048681e",
                    "name": "ru.AZ-1"
                  }
                ]
              },
              {
                "created_at": "Fri, 21 Nov 2025 04:51:41 UTC",
                "description": null,
                "display_name": "Ubuntu 24.04",
                "icon": "\u003c?xml version='1.0' encoding='UTF-8' standalone='no'?\u003e\u003csvg width='256px' height='256px' viewBox='0 0 256 256' version='1.1' xmlns='http://www.w3.org/2000/svg' xmlns:xlink='http://www.w3.org/1999/xlink' preserveAspectRatio='xMidYMid'\u003e\u003cg\u003e\u003cpath d='M255.637396,127.683191 C255.637396,198.196551 198.47207,255.363378 127.954205,255.363378 C57.4348387,255.363378 0.27026393,198.196551 0.27026393,127.683191 C0.27026393,57.1653255 57.4355894,0 127.954205,0 C198.472821,0 255.637396,57.1653255 255.637396,127.683191 L255.637396,127.683191 Z' fill='#DD4814'\u003e\u003c/path\u003e\u003cpath d='M41.1334194,110.63254 C31.7139707,110.63254 24.0827683,118.264493 24.0827683,127.683191 C24.0827683,137.097384 31.7139707,144.728587 41.1334194,144.728587 C50.5476129,144.728587 58.1788152,137.097384 58.1788152,127.683191 C58.1788152,118.264493 50.5476129,110.63254 41.1334194,110.63254 L41.1334194,110.63254 Z M162.848282,188.111202 C154.694569,192.820551 151.898839,203.240727 156.608938,211.389935 C161.313032,219.543648 171.733208,222.338628 179.886921,217.629279 C188.039883,212.925185 190.835613,202.505009 186.126264,194.350545 C181.42217,186.202088 170.995988,183.407109 162.848282,188.111202 L162.848282,188.111202 Z M78.1618299,127.683191 C78.1618299,110.836739 86.5295015,95.9534545 99.3332551,86.9409032 L86.8703343,66.0667683 C71.9555191,76.0365044 60.8581818,91.271132 56.2464282,109.113806 C61.6276833,113.504845 65.0720469,120.189372 65.0720469,127.68244 C65.0720469,135.171003 61.6276833,141.855531 56.2464282,146.246569 C60.852176,164.094499 71.9495132,179.329877 86.8703343,189.299613 L99.3332551,168.420223 C86.5295015,159.412927 78.1618299,144.530393 78.1618299,127.683191 L78.1618299,127.683191 Z M127.954205,77.8855601 C153.967109,77.8855601 175.30895,97.8302874 177.549138,123.265877 L201.839859,122.907777 C200.644692,104.129689 192.441431,87.2719765 179.836622,74.875871 C173.354792,77.3247625 165.86773,76.9501466 159.396411,73.2197537 C152.91383,69.4788504 148.849361,63.1681877 147.738276,56.3177478 C141.438123,54.5790499 134.807648,53.6271202 127.952704,53.6271202 C116.168446,53.6271202 105.026815,56.3950733 95.1344047,61.2913548 L106.979472,82.5175836 C113.351695,79.5521877 120.460387,77.8855601 127.954205,77.8855601 L127.954205,77.8855601 Z M127.954205,177.475566 C120.460387,177.475566 113.351695,175.808188 106.980223,172.843543 L95.1351554,194.069021 C105.027566,198.971308 116.169196,201.740012 127.954205,201.740012 C134.80915,201.740012 141.439625,200.787331 147.739026,199.043378 C148.850111,192.192938 152.916082,185.888282 159.397161,182.140622 C165.872985,178.404223 173.355543,178.036364 179.837372,180.485255 C192.442182,168.08915 200.645443,151.231437 201.84061,132.453349 L177.543883,132.095249 C175.30895,157.537595 153.967859,177.475566 127.954205,177.475566 L127.954205,177.475566 Z M162.842276,67.2446686 C170.995988,71.9532669 181.416915,69.1642933 186.121009,61.0105806 C190.830358,52.856868 188.041384,42.4359413 179.886921,37.7258416 C171.733208,33.0217478 161.313032,35.8167273 156.602182,43.9704399 C151.898839,52.1196481 154.693818,62.5405748 162.842276,67.2446686 L162.842276,67.2446686 Z' fill='#FFFFFF'\u003e\u003c/path\u003e\u003c/g\u003e\u003c/svg\u003e",
                "id": "fe51a6e6-a5ad-410e-b441-1a195208a8cf",
                "image_metadata": [
                  {
                    "default_value": "true",
                    "display_group": "Дополнительные параметры системы",
                    "display_name": "Compute agent",
                    "display_position": 5,
                    "field_type": "METADATA_FIELD_TYPE_FLAG",
                    "id": "5df45dcf-4bc0-466b-bc10-50bc98e417eb",
                    "image_id": "fe51a6e6-a5ad-410e-b441-1a195208a8cf",
                    "mandatory_group": "",
                    "mandatory_group_display_name": "",
                    "name": "guest_agent_ready",
                    "sensitive": true
                  },
                  {
                    "default_value": "",
                    "display_group": "Авторизация пользователя",
                    "display_name": "Публичный ключ",
                    "display_position": 3,
                    "field_type": "METADATA_FIELD_TYPE_PUBLIC_KEY",
                    "id": "b6b6d6b9-832f-4350-b11e-8445e5aeb607",
                    "image_id": "fe51a6e6-a5ad-410e-b441-1a195208a8cf",
                    "mandatory_group": "authentication",
                    "mandatory_group_display_name": "Метод аутентификации",
                    "name": "public_key",
                    "sensitive": false
                  },
                  {
                    "default_value": "false",
                    "display_group": "Дополнительные параметры системы",
                    "display_name": "Управление ПО",
                    "display_position": 6,
                    "field_type": "METADATA_FIELD_TYPE_FLAG",
                    "id": "3717d253-bff0-479b-8b16-003bf10f9261",
                    "image_id": "fe51a6e6-a5ad-410e-b441-1a195208a8cf",
                    "mandatory_group": "",
                    "mandatory_group_display_name": "",
                    "name": "vmm_enabled",
                    "sensitive": false
                  },
                  {
                    "default_value": "",
                    "display_group": "Дополнительные параметры системы",
                    "display_name": "Имя хоста",
                    "display_position": 4,
                    "field_type": "METADATA_FIELD_TYPE_HOSTNAME",
                    "id": "248820ab-62ae-4279-8454-c12bce04bb4c",
                    "image_id": "fe51a6e6-a5ad-410e-b441-1a195208a8cf",
                    "mandatory_group": "hostname",
                    "mandatory_group_display_name": "",
                    "name": "hostname",
                    "sensitive": false
                  },
                  {
                    "default_value": "",
                    "display_group": "Авторизация пользователя",
                    "display_name": "Пароль",
                    "display_position": 2,
                    "field_type": "METADATA_FIELD_TYPE_LINUX_PASSWORD",
                    "id": "69b7c14d-cf44-4abd-9680-1a00187026fe",
                    "image_id": "fe51a6e6-a5ad-410e-b441-1a195208a8cf",
                    "mandatory_group": "authentication",
                    "mandatory_group_display_name": "Метод аутентификации",
                    "name": "linux_password",
                    "sensitive": true
                  },
                  {
                    "default_value": "user1",
                    "display_group": "Авторизация пользователя",
                    "display_name": "Логин",
                    "display_position": 1,
                    "field_type": "METADATA_FIELD_TYPE_LINUX_LOGIN",
                    "id": "7d02a7cb-c878-4b92-8d48-dad13e8a1412",
                    "image_id": "fe51a6e6-a5ad-410e-b441-1a195208a8cf",
                    "mandatory_group": "name",
                    "mandatory_group_display_name": "",
                    "name": "name",
                    "sensitive": false
                  }
                ],
                "min_cpu": 1,
                "min_disk": 10,
                "min_ram": 1,
                "name": "Ubuntu-24.04",
                "project_id": null,
                "type": "IMAGE_TYPE_PUBLIC",
                "updated_at": "Fri, 17 Apr 2026 10:29:38 UTC",
                "user_data_template": "// groups:\n- admingroup:\n  - root\n  - sys\n- cloud-users\nhostname: $hostname\nusers:\n- groups: users\n  lock_passwd: false\n  name: $name\n  passwd: $linux_password\n  primary_group: $name\n  ssh_authorized_keys: $public_key\n  sudo: ALL=(ALL) NOPASSWD:ALL\nosconfig:\n  endpoint: $vmm_endpoint\n  token: $vmm_token\n  comname: /dev/virtio-ports/$vmm_serial_name \npackage_update: true\napt:\n  primary:\n    - arches: [default]\n      uri: http://mirror.yandex.ru/ubuntu/",
                "zones": [
                  {
                    "enabled": true,
                    "id": "7c99a597-8516-494f-a2c7-d7377048681e",
                    "name": "ru.AZ-1"
                  },
                  {
                    "enabled": true,
                    "id": "479a4ab3-3ff3-4972-95c5-7610bac5c0bb",
                    "name": "ru.AZ-2"
                  },
                  {
                    "enabled": true,
                    "id": "2c63c482-2532-4bba-8c9b-70ea330507bf",
                    "name": "ru.AZ-3"
                  }
                ]
              },
              {
                "created_at": "Mon, 24 Nov 2025 22:59:25 UTC",
                "description": "Образ Ubuntu 22.04 with GPU",
                "display_name": "Ubuntu 22.04 with GPU",
                "icon": null,
                "id": "73f53337-8b42-4062-bef6-e2200f920ed1",
                "image_metadata": [
                  {
                    "default_value": "",
                    "display_group": "Авторизация пользователя",
                    "display_name": "Пароль",
                    "display_position": 2,
                    "field_type": "METADATA_FIELD_TYPE_LINUX_PASSWORD",
                    "id": "224eec7f-5ef0-4c22-8a46-3ed84ea3569e",
                    "image_id": "73f53337-8b42-4062-bef6-e2200f920ed1",
                    "mandatory_group": "authentication",
                    "mandatory_group_display_name": "Метод аутентификации",
                    "name": "linux_password",
                    "sensitive": true
                  },
                  {
                    "default_value": "",
                    "display_group": "Дополнительные параметры системы",
                    "display_name": "Имя хоста",
                    "display_position": 4,
                    "field_type": "METADATA_FIELD_TYPE_HOSTNAME",
                    "id": "13e43d40-8878-428a-a035-5b37eb05c6a2",
                    "image_id": "73f53337-8b42-4062-bef6-e2200f920ed1",
                    "mandatory_group": "hostname",
                    "mandatory_group_display_name": "",
                    "name": "hostname",
                    "sensitive": false
                  },
                  {
                    "default_value": "true",
                    "display_group": "Дополнительные параметры системы",
                    "display_name": "Compute agent",
                    "display_position": 5,
                    "field_type": "METADATA_FIELD_TYPE_FLAG",
                    "id": "556d3bab-0c6b-4782-a8a0-fa9d0f748b48",
                    "image_id": "73f53337-8b42-4062-bef6-e2200f920ed1",
                    "mandatory_group": "",
                    "mandatory_group_display_name": "",
                    "name": "guest_agent_ready",
                    "sensitive": true
                  },
                  {
                    "default_value": "user1",
                    "display_group": "Авторизация пользователя",
                    "display_name": "Логин",
                    "display_position": 1,
                    "field_type": "METADATA_FIELD_TYPE_LINUX_LOGIN",
                    "id": "474cdab4-43cb-4b1b-b838-a5db43b61a72",
                    "image_id": "73f53337-8b42-4062-bef6-e2200f920ed1",
                    "mandatory_group": "name",
                    "mandatory_group_display_name": "",
                    "name": "name",
                    "sensitive": false
                  },
                  {
                    "default_value": "",
                    "display_group": "Авторизация пользователя",
                    "display_name": "Публичный ключ",
                    "display_position": 3,
                    "field_type": "METADATA_FIELD_TYPE_PUBLIC_KEY",
                    "id": "e5dba2a7-8af6-4d2d-a505-d3560191a2bb",
                    "image_id": "73f53337-8b42-4062-bef6-e2200f920ed1",
                    "mandatory_group": "authentication",
                    "mandatory_group_display_name": "Метод аутентификации",
                    "name": "public_key",
                    "sensitive": false
                  }
                ],
                "min_cpu": 1,
                "min_disk": 10,
                "min_ram": 1,
                "name": "Ubuntu-22.04-gpu",
                "project_id": null,
                "type": "IMAGE_TYPE_PUBLIC",
                "updated_at": "Tue, 25 Nov 2025 00:06:45 UTC",
                "user_data_template": "groups:\n- admingroup:\n  - root\n  - sys\n- cloud-users\nhostname: $hostname\nusers:\n- groups: users\n  lock_passwd: false\n  name: $name\n  passwd: $linux_password\n  primary_group: $name\n  ssh_authorized_keys: $public_key\n  sudo: ALL=(ALL) NOPASSWD:ALL\nruncmd:\n  - sudo systemctl enable qemu-guest-agent\n  - sudo systemctl stop qemu-guest-agent\n{% if guest_agent_ready %}\n  - sudo systemctl start qemu-guest-agent\n{% endif %}",
                "zones": [
                  {
                    "enabled": true,
                    "id": "2c63c482-2532-4bba-8c9b-70ea330507bf",
                    "name": "ru.AZ-3"
                  },
                  {
                    "enabled": true,
                    "id": "479a4ab3-3ff3-4972-95c5-7610bac5c0bb",
                    "name": "ru.AZ-2"
                  },
                  {
                    "enabled": true,
                    "id": "7c99a597-8516-494f-a2c7-d7377048681e",
                    "name": "ru.AZ-1"
                  }
                ]
              },
              {
                "created_at": "Tue, 09 Dec 2025 14:53:47 UTC",
                "description": "Инструменты мониторинга",
                "display_name": "Zabbix Server",
                "icon": null,
                "id": "97086b5b-7600-4a57-b582-3e044664d39a",
                "image_metadata": [
                  {
                    "default_value": "false",
                    "display_group": "Дополнительные параметры системы",
                    "display_name": "Управление ПО",
                    "display_position": 2,
                    "field_type": "METADATA_FIELD_TYPE_FLAG",
                    "id": "9dbc9b71-1eff-49ad-8d84-1cccf6b9884c",
                    "image_id": "97086b5b-7600-4a57-b582-3e044664d39a",
                    "mandatory_group": "",
                    "mandatory_group_display_name": "",
                    "name": "vmm_enabled",
                    "sensitive": false
                  },
                  {
                    "default_value": "user1",
                    "display_group": "Авторизация пользователя",
                    "display_name": "Логин",
                    "display_position": 3,
                    "field_type": "METADATA_FIELD_TYPE_LINUX_LOGIN",
                    "id": "85a4fb11-e16a-4616-bcab-7a267b687d19",
                    "image_id": "97086b5b-7600-4a57-b582-3e044664d39a",
                    "mandatory_group": "name",
                    "mandatory_group_display_name": "",
                    "name": "name",
                    "sensitive": false
                  },
                  {
                    "default_value": "",
                    "display_group": "Дополнительные параметры системы",
                    "display_name": "Имя хоста",
                    "display_position": 1,
                    "field_type": "METADATA_FIELD_TYPE_HOSTNAME",
                    "id": "f3ac1d23-a389-456a-8a99-90e6ad78c2a7",
                    "image_id": "97086b5b-7600-4a57-b582-3e044664d39a",
                    "mandatory_group": "hostname",
                    "mandatory_group_display_name": "",
                    "name": "hostname",
                    "sensitive": false
                  },
                  {
                    "default_value": "true",
                    "display_group": "Дополнительные параметры системы",
                    "display_name": "Compute agent",
                    "display_position": 6,
                    "field_type": "METADATA_FIELD_TYPE_FLAG",
                    "id": "b8111b26-a0df-40f7-8fe4-cfb0b2cee815",
                    "image_id": "97086b5b-7600-4a57-b582-3e044664d39a",
                    "mandatory_group": "",
                    "mandatory_group_display_name": "",
                    "name": "guest_agent_ready",
                    "sensitive": true
                  },
                  {
                    "default_value": "",
                    "display_group": "Авторизация пользователя",
                    "display_name": "Публичный ключ",
                    "display_position": 4,
                    "field_type": "METADATA_FIELD_TYPE_PUBLIC_KEY",
                    "id": "89546feb-a8fa-4743-8610-8463c075870b",
                    "image_id": "97086b5b-7600-4a57-b582-3e044664d39a",
                    "mandatory_group": "authentication",
                    "mandatory_group_display_name": "Метод аутентификации",
                    "name": "public_key",
                    "sensitive": false
                  },
                  {
                    "default_value": "",
                    "display_group": "Авторизация пользователя",
                    "display_name": "Пароль",
                    "display_position": 5,
                    "field_type": "METADATA_FIELD_TYPE_LINUX_PASSWORD",
                    "id": "52e068f8-3ec6-4c99-b4d2-c0aa3d0e61c1",
                    "image_id": "97086b5b-7600-4a57-b582-3e044664d39a",
                    "mandatory_group": "authentication",
                    "mandatory_group_display_name": "Метод аутентификации",
                    "name": "linux_password",
                    "sensitive": true
                  }
                ],
                "min_cpu": 1,
                "min_disk": 10,
                "min_ram": 1,
                "name": "zabbixserver",
                "project_id": null,
                "type": "IMAGE_TYPE_MARKETPLACE",
                "updated_at": null,
                "user_data_template": "// groups:\n- admingroup:\n  - root\n  - sys\n- cloud-users\nhostname: $hostname\nusers:\n- groups: users\n  lock_passwd: false\n  name: $name\n  passwd: $linux_password\n  primary_group: $name\n  ssh_authorized_keys: $public_key\n  sudo: ALL=(ALL) NOPASSWD:ALL\n  shell: /bin/bash\nosconfig:\n  endpoint: $vmm_endpoint\n  token: $vmm_token\n  comname: /dev/virtio-ports/$vmm_serial_name ",
                "zones": [
                  {
                    "enabled": true,
                    "id": "7c99a597-8516-494f-a2c7-d7377048681e",
                    "name": "ru.AZ-1"
                  },
                  {
                    "enabled": true,
                    "id": "479a4ab3-3ff3-4972-95c5-7610bac5c0bb",
                    "name": "ru.AZ-2"
                  },
                  {
                    "enabled": true,
                    "id": "2c63c482-2532-4bba-8c9b-70ea330507bf",
                    "name": "ru.AZ-3"
                  }
                ]
              },
              {
                "created_at": "Mon, 12 Jan 2026 18:12:06 UTC",
                "description": null,
                "display_name": "ostrov-fix",
                "icon": null,
                "id": "bce1bc4f-d622-4ecb-b1d7-5e88166ebebd",
                "image_metadata": null,
                "min_cpu": 1,
                "min_disk": 10,
                "min_ram": 1,
                "name": "ostrov-fix",
                "project_id": null,
                "type": "IMAGE_TYPE_PUBLIC",
                "updated_at": null,
                "user_data_template": null,
                "zones": [
                  {
                    "enabled": false,
                    "id": "7c99a597-8516-494f-a2c7-d7377048681e",
                    "name": "ru.AZ-1"
                  }
                ]
              },
              {
                "created_at": "Tue, 20 Jan 2026 17:00:46 UTC",
                "description": null,
                "display_name": "test-fix-ostrov",
                "icon": null,
                "id": "ac59f9e6-a0af-4c43-a778-4892558d8bb4",
                "image_metadata": null,
                "min_cpu": 1,
                "min_disk": 10,
                "min_ram": 1,
                "name": "test-fix-ostrov",
                "project_id": null,
                "type": "IMAGE_TYPE_PUBLIC",
                "updated_at": "Tue, 20 Jan 2026 17:09:38 UTC",
                "user_data_template": "#cloud-config\ngroups:\n- admingroup:\n  - root\n  - sys\n- cloud-users\nhostname: $hostname\nusers:\n- groups: users\n  lock_passwd: false\n  name: $name\n  passwd: $linux_password\n  primary_group: $name\n  ssh_authorized_keys: $public_key\n  sudo: ALL=(ALL) NOPASSWD:ALL\n  shell: /bin/bash\nruncmd:\n  - sudo systemctl enable qemu-guest-agent\n  - sudo systemctl stop qemu-guest-agent\n{% if guest_agent_ready %}\n  - sudo systemctl start qemu-guest-agent\n{% endif %}\n  - [sync]\n  - [echo, 3, '\u003e', /proc/sys/vm/drop_caches]",
                "zones": [
                  {
                    "enabled": false,
                    "id": "7c99a597-8516-494f-a2c7-d7377048681e",
                    "name": "ru.AZ-1"
                  }
                ]
              },
              {
                "created_at": "Tue, 27 Jan 2026 15:14:31 UTC",
                "description": "Платформа для автоматизации рабочих процессов",
                "display_name": "n8n",
                "icon": null,
                "id": "d39cb672-c8f9-4259-a08b-f1dbe569e525",
                "image_metadata": [
                  {
                    "default_value": "",
                    "display_group": "Авторизация пользователя",
                    "display_name": "Пароль",
                    "display_position": 4,
                    "field_type": "METADATA_FIELD_TYPE_LINUX_PASSWORD",
                    "id": "4e818a24-a7a8-4249-a6f6-f31deb90dfa5",
                    "image_id": "d39cb672-c8f9-4259-a08b-f1dbe569e525",
                    "mandatory_group": "authentication",
                    "mandatory_group_display_name": "Метод аутентификации",
                    "name": "linux_password",
                    "sensitive": false
                  },
                  {
                    "default_value": "",
                    "display_group": "Авторизация пользователя",
                    "display_name": "Публичный ключ",
                    "display_position": 1,
                    "field_type": "METADATA_FIELD_TYPE_PUBLIC_KEY",
                    "id": "9dee98a7-12a3-438b-bd26-a1b7672f4c6a",
                    "image_id": "d39cb672-c8f9-4259-a08b-f1dbe569e525",
                    "mandatory_group": "authentication",
                    "mandatory_group_display_name": "Метод аутентификации",
                    "name": "public_key",
                    "sensitive": false
                  },
                  {
                    "default_value": "",
                    "display_group": "Дополнительные параметры системы",
                    "display_name": "Имя хоста",
                    "display_position": 2,
                    "field_type": "METADATA_FIELD_TYPE_HOSTNAME",
                    "id": "3eb52c2d-cbe2-48b4-8dfc-44755f71a8d2",
                    "image_id": "d39cb672-c8f9-4259-a08b-f1dbe569e525",
                    "mandatory_group": "hostname",
                    "mandatory_group_display_name": "",
                    "name": "hostname",
                    "sensitive": false
                  },
                  {
                    "default_value": "user1",
                    "display_group": "Авторизация пользователя",
                    "display_name": "Логин",
                    "display_position": 3,
                    "field_type": "METADATA_FIELD_TYPE_LINUX_LOGIN",
                    "id": "89d3091b-2e3c-48be-801b-2974e00e38e7",
                    "image_id": "d39cb672-c8f9-4259-a08b-f1dbe569e525",
                    "mandatory_group": "name",
                    "mandatory_group_display_name": "",
                    "name": "name",
                    "sensitive": false
                  }
                ],
                "min_cpu": 1,
                "min_disk": 15,
                "min_ram": 1,
                "name": "n8n",
                "project_id": null,
                "type": "IMAGE_TYPE_MARKETPLACE",
                "updated_at": "Thu, 28 May 2026 11:29:44 UTC",
                "user_data_template": "#cloud-config\ngroups:\n- admingroup:\n  - root\n  - sys\n- cloud-users\nhostname: $hostname\nusers:\n- groups: users\n  lock_passwd: false\n  name: $name\n  passwd: $linux_password\n  primary_group: $name\n  ssh_authorized_keys: $public_key\n  sudo: ALL=(ALL) NOPASSWD:ALL\n  shell: /bin/bash",
                "zones": [
                  {
                    "enabled": true,
                    "id": "2c63c482-2532-4bba-8c9b-70ea330507bf",
                    "name": "ru.AZ-3"
                  },
                  {
                    "enabled": true,
                    "id": "7c99a597-8516-494f-a2c7-d7377048681e",
                    "name": "ru.AZ-1"
                  },
                  {
                    "enabled": true,
                    "id": "479a4ab3-3ff3-4972-95c5-7610bac5c0bb",
                    "name": "ru.AZ-2"
                  }
                ]
              },
              {
                "created_at": "Sun, 08 Feb 2026 22:29:56 UTC",
                "description": "Инструменты мониторинга",
                "display_name": "Zabbix Proxy",
                "icon": null,
                "id": "f3e1f004-ac3c-4562-898d-970d992f1f6c",
                "image_metadata": [
                  {
                    "default_value": "user1",
                    "display_group": "Авторизация пользователя",
                    "display_name": "Имя пользователя",
                    "display_position": 2,
                    "field_type": "METADATA_FIELD_TYPE_LINUX_LOGIN",
                    "id": "808818fb-cfa3-48d7-85ab-5b4f27e6635d",
                    "image_id": "f3e1f004-ac3c-4562-898d-970d992f1f6c",
                    "mandatory_group": "name",
                    "mandatory_group_display_name": "",
                    "name": "linux_login",
                    "sensitive": false
                  },
                  {
                    "default_value": "",
                    "display_group": "Дополнительные параметры системы",
                    "display_name": "Имя хоста",
                    "display_position": 1,
                    "field_type": "METADATA_FIELD_TYPE_HOSTNAME",
                    "id": "9aeac01e-0fa8-47f2-ab99-78e3c77cc928",
                    "image_id": "f3e1f004-ac3c-4562-898d-970d992f1f6c",
                    "mandatory_group": "hostname",
                    "mandatory_group_display_name": "",
                    "name": "hostname",
                    "sensitive": false
                  },
                  {
                    "default_value": "user1",
                    "display_group": "Авторизация пользователя",
                    "display_name": "Логин",
                    "display_position": 2,
                    "field_type": "METADATA_FIELD_TYPE_LINUX_LOGIN",
                    "id": "08749812-4081-4a4c-b00d-b1c994cce3b0",
                    "image_id": "f3e1f004-ac3c-4562-898d-970d992f1f6c",
                    "mandatory_group": "name",
                    "mandatory_group_display_name": "",
                    "name": "name",
                    "sensitive": false
                  },
                  {
                    "default_value": "",
                    "display_group": "Авторизация пользователя",
                    "display_name": "Публичный ключ",
                    "display_position": 3,
                    "field_type": "METADATA_FIELD_TYPE_PUBLIC_KEY",
                    "id": "ffbf2a7d-0cae-4936-a919-0ca397211f54",
                    "image_id": "f3e1f004-ac3c-4562-898d-970d992f1f6c",
                    "mandatory_group": "authentication",
                    "mandatory_group_display_name": "Метод аутентификации",
                    "name": "public_key",
                    "sensitive": false
                  },
                  {
                    "default_value": "true",
                    "display_group": "Дополнительные параметры системы",
                    "display_name": "Compute agent",
                    "display_position": 4,
                    "field_type": "METADATA_FIELD_TYPE_FLAG",
                    "id": "ff8751a9-4423-4edb-b84e-1806270964b1",
                    "image_id": "f3e1f004-ac3c-4562-898d-970d992f1f6c",
                    "mandatory_group": "",
                    "mandatory_group_display_name": "",
                    "name": "guest_agent_ready",
                    "sensitive": true
                  },
                  {
                    "default_value": "",
                    "display_group": "Авторизация пользователя",
                    "display_name": "Пароль",
                    "display_position": 5,
                    "field_type": "METADATA_FIELD_TYPE_LINUX_PASSWORD",
                    "id": "17d073a6-d0f7-4d24-a939-cd39e6e6f96d",
                    "image_id": "f3e1f004-ac3c-4562-898d-970d992f1f6c",
                    "mandatory_group": "authentication",
                    "mandatory_group_display_name": "Метод аутентификации",
                    "name": "linux_password",
                    "sensitive": true
                  }
                ],
                "min_cpu": 1,
                "min_disk": 10,
                "min_ram": 1,
                "name": "Zabbix_Proxy",
                "project_id": null,
                "type": "IMAGE_TYPE_MARKETPLACE",
                "updated_at": null,
                "user_data_template": "#cloud-config\ngroups:\n- admingroup:\n  - root\n  - sys\n- cloud-users\nhostname: $hostname\nusers:\n- groups: users\n  lock_passwd: false\n  name: $name\n  passwd: $linux_password\n  primary_group: $name\n  ssh_authorized_keys: $public_key\n  shell: /bin/bash\n  sudo: ALL=(ALL) NOPASSWD:ALL\nruncmd:\n  - sudo systemctl enable qemu-guest-agent\n  - sudo systemctl stop qemu-guest-agent\n{% if guest_agent_ready %}\n  - sudo systemctl start qemu-guest-agent\n{% endif %}",
                "zones": [
                  {
                    "enabled": true,
                    "id": "479a4ab3-3ff3-4972-95c5-7610bac5c0bb",
                    "name": "ru.AZ-2"
                  },
                  {
                    "enabled": true,
                    "id": "2c63c482-2532-4bba-8c9b-70ea330507bf",
                    "name": "ru.AZ-3"
                  },
                  {
                    "enabled": true,
                    "id": "7c99a597-8516-494f-a2c7-d7377048681e",
                    "name": "ru.AZ-1"
                  }
                ]
              },
              {
                "created_at": "Fri, 13 Feb 2026 20:57:30 UTC",
                "description": "Платформа для контейнеризации",
                "display_name": "Docker",
                "icon": null,
                "id": "c3cf7d12-5e64-4d4d-b258-f3d2991daf9d",
                "image_metadata": [
                  {
                    "default_value": "",
                    "display_group": "Авторизация пользователя",
                    "display_name": "Публичный ключ",
                    "display_position": 3,
                    "field_type": "METADATA_FIELD_TYPE_PUBLIC_KEY",
                    "id": "3198663d-47d6-4162-b971-17bcf67b9605",
                    "image_id": "c3cf7d12-5e64-4d4d-b258-f3d2991daf9d",
                    "mandatory_group": "authentication",
                    "mandatory_group_display_name": "Метод аутентификации",
                    "name": "public_key",
                    "sensitive": false
                  },
                  {
                    "default_value": "",
                    "display_group": "Дополнительные параметры системы",
                    "display_name": "Имя хоста",
                    "display_position": 4,
                    "field_type": "METADATA_FIELD_TYPE_HOSTNAME",
                    "id": "dcc4f6d9-9d5e-4b2e-bbb7-cf3acbb28f77",
                    "image_id": "c3cf7d12-5e64-4d4d-b258-f3d2991daf9d",
                    "mandatory_group": "hostname",
                    "mandatory_group_display_name": "",
                    "name": "hostname",
                    "sensitive": false
                  },
                  {
                    "default_value": "user1",
                    "display_group": "Авторизация пользователя",
                    "display_name": "Логин",
                    "display_position": 1,
                    "field_type": "METADATA_FIELD_TYPE_LINUX_LOGIN",
                    "id": "515b14a3-5018-4397-b46f-2921a3681381",
                    "image_id": "c3cf7d12-5e64-4d4d-b258-f3d2991daf9d",
                    "mandatory_group": "name",
                    "mandatory_group_display_name": "",
                    "name": "name",
                    "sensitive": false
                  },
                  {
                    "default_value": "",
                    "display_group": "Авторизация пользователя",
                    "display_name": "Пароль",
                    "display_position": 2,
                    "field_type": "METADATA_FIELD_TYPE_LINUX_PASSWORD",
                    "id": "c17c5cb0-8e92-4029-ad89-002700b87df0",
                    "image_id": "c3cf7d12-5e64-4d4d-b258-f3d2991daf9d",
                    "mandatory_group": "authentication",
                    "mandatory_group_display_name": "Метод аутентификации",
                    "name": "linux_password",
                    "sensitive": true
                  },
                  {
                    "default_value": "true",
                    "display_group": "Дополнительные параметры системы",
                    "display_name": "Compute agent",
                    "display_position": 5,
                    "field_type": "METADATA_FIELD_TYPE_FLAG",
                    "id": "f63d7d45-0640-4296-9ecc-760a623b0dd6",
                    "image_id": "c3cf7d12-5e64-4d4d-b258-f3d2991daf9d",
                    "mandatory_group": "",
                    "mandatory_group_display_name": "",
                    "name": "guest_agent_ready",
                    "sensitive": true
                  }
                ],
                "min_cpu": 1,
                "min_disk": 10,
                "min_ram": 1,
                "name": "Docker",
                "project_id": null,
                "type": "IMAGE_TYPE_MARKETPLACE",
                "updated_at": "Thu, 28 May 2026 11:30:05 UTC",
                "user_data_template": "#cloud-config\ngroups:\n- admingroup:\n  - root\n  - sys\n- cloud-users\nhostname: $hostname\nusers:\n- groups: users\n  lock_passwd: false\n  name: $name\n  passwd: $linux_password\n  primary_group: $name\n  ssh_authorized_keys: $public_key\n  shell: /bin/bash\n  sudo: ALL=(ALL) NOPASSWD:ALL\nruncmd:\n  - sudo systemctl enable qemu-guest-agent\n  - sudo systemctl stop qemu-guest-agent\n{% if guest_agent_ready %}\n  - sudo systemctl start qemu-guest-agent\n{% endif %}",
                "zones": [
                  {
                    "enabled": true,
                    "id": "479a4ab3-3ff3-4972-95c5-7610bac5c0bb",
                    "name": "ru.AZ-2"
                  },
                  {
                    "enabled": true,
                    "id": "7c99a597-8516-494f-a2c7-d7377048681e",
                    "name": "ru.AZ-1"
                  },
                  {
                    "enabled": true,
                    "id": "2c63c482-2532-4bba-8c9b-70ea330507bf",
                    "name": "ru.AZ-3"
                  }
                ]
              },
              {
                "created_at": "Wed, 18 Feb 2026 06:26:55 UTC",
                "description": "Инструмент для сквозного мониторинга и трассировки запросов в микросервисных IT-системах",
                "display_name": "Jaeger",
                "icon": null,
                "id": "07029e3c-4ac1-4c98-84af-0c99c6252f8b",
                "image_metadata": [
                  {
                    "default_value": "user1",
                    "display_group": "Авторизация пользователя",
                    "display_name": "Логин",
                    "display_position": 4,
                    "field_type": "METADATA_FIELD_TYPE_LINUX_LOGIN",
                    "id": "d360e5a2-2a1d-4362-b874-1c16c06b386e",
                    "image_id": "07029e3c-4ac1-4c98-84af-0c99c6252f8b",
                    "mandatory_group": "name",
                    "mandatory_group_display_name": "",
                    "name": "name",
                    "sensitive": false
                  },
                  {
                    "default_value": "user1",
                    "display_group": "Авторизация пользователя",
                    "display_name": "Имя пользователя",
                    "display_position": 2,
                    "field_type": "METADATA_FIELD_TYPE_LINUX_LOGIN",
                    "id": "3c242757-2d85-4ce5-884f-b18787dcbf68",
                    "image_id": "07029e3c-4ac1-4c98-84af-0c99c6252f8b",
                    "mandatory_group": "name",
                    "mandatory_group_display_name": "",
                    "name": "linux_login",
                    "sensitive": false
                  },
                  {
                    "default_value": "",
                    "display_group": "Авторизация пользователя",
                    "display_name": "Публичный ключ",
                    "display_position": 1,
                    "field_type": "METADATA_FIELD_TYPE_PUBLIC_KEY",
                    "id": "11a6dc06-5366-4749-a300-7af305c49152",
                    "image_id": "07029e3c-4ac1-4c98-84af-0c99c6252f8b",
                    "mandatory_group": "authentication",
                    "mandatory_group_display_name": "Метод аутентификации",
                    "name": "public_key",
                    "sensitive": false
                  },
                  {
                    "default_value": "",
                    "display_group": "Авторизация пользователя",
                    "display_name": "Пароль",
                    "display_position": 2,
                    "field_type": "METADATA_FIELD_TYPE_LINUX_PASSWORD",
                    "id": "155121eb-324a-444e-a8fe-6e30f2b34ced",
                    "image_id": "07029e3c-4ac1-4c98-84af-0c99c6252f8b",
                    "mandatory_group": "authentication",
                    "mandatory_group_display_name": "Метод аутентификации",
                    "name": "linux_password",
                    "sensitive": true
                  },
                  {
                    "default_value": "",
                    "display_group": "Дополнительные параметры системы",
                    "display_name": "Имя хоста",
                    "display_position": 3,
                    "field_type": "METADATA_FIELD_TYPE_HOSTNAME",
                    "id": "ff8407e4-65e8-4467-bd49-21647ccd5b5d",
                    "image_id": "07029e3c-4ac1-4c98-84af-0c99c6252f8b",
                    "mandatory_group": " hostname",
                    "mandatory_group_display_name": "",
                    "name": "hostname",
                    "sensitive": false
                  }
                ],
                "min_cpu": 1,
                "min_disk": 20,
                "min_ram": 1,
                "name": "Jaeger",
                "project_id": null,
                "type": "IMAGE_TYPE_MARKETPLACE",
                "updated_at": "Thu, 28 May 2026 11:28:28 UTC",
                "user_data_template": "#cloud-config\n// groups:\n- admingroup:\n  - root\n  - sys\n- cloud-users\nhostname: $hostname\nusers:\n- groups: users\n  lock_passwd: false\n  name: $name\n  passwd: $linux_password\n  primary_group: $name\n  ssh_authorized_keys: $public_key\n  sudo: ALL=(ALL) NOPASSWD:ALL",
                "zones": [
                  {
                    "enabled": true,
                    "id": "7c99a597-8516-494f-a2c7-d7377048681e",
                    "name": "ru.AZ-1"
                  },
                  {
                    "enabled": true,
                    "id": "2c63c482-2532-4bba-8c9b-70ea330507bf",
                    "name": "ru.AZ-3"
                  },
                  {
                    "enabled": true,
                    "id": "479a4ab3-3ff3-4972-95c5-7610bac5c0bb",
                    "name": "ru.AZ-2"
                  }
                ]
              },
              {
                "created_at": "Wed, 25 Feb 2026 01:55:19 UTC",
                "description": "Саморазвивающийся AI-агент, способный самостоятельно писать свой код",
                "display_name": "Ouroboros",
                "icon": null,
                "id": "acce2f5c-ffd1-4f1d-98cd-04d6246125d3",
                "image_metadata": [
                  {
                    "default_value": "",
                    "display_group": "Авторизация пользователя",
                    "display_name": "Пароль",
                    "display_position": 2,
                    "field_type": "METADATA_FIELD_TYPE_LINUX_PASSWORD",
                    "id": "37f2469e-f08c-46d3-b0f4-f6dfb6df5124",
                    "image_id": "acce2f5c-ffd1-4f1d-98cd-04d6246125d3",
                    "mandatory_group": "authentication",
                    "mandatory_group_display_name": "Метод аутентификации",
                    "name": "linux_password",
                    "sensitive": true
                  },
                  {
                    "default_value": "user1",
                    "display_group": "Авторизация пользователя",
                    "display_name": "Логин",
                    "display_position": 1,
                    "field_type": "METADATA_FIELD_TYPE_LINUX_LOGIN",
                    "id": "bace61e0-72f8-47cf-bf38-279d57c464d3",
                    "image_id": "acce2f5c-ffd1-4f1d-98cd-04d6246125d3",
                    "mandatory_group": "name",
                    "mandatory_group_display_name": "",
                    "name": "name",
                    "sensitive": false
                  },
                  {
                    "default_value": "true",
                    "display_group": "Дополнительные параметры системы",
                    "display_name": "Compute agent",
                    "display_position": 5,
                    "field_type": "METADATA_FIELD_TYPE_FLAG",
                    "id": "2ddb3fcf-6e57-48ce-80be-54f93b5f660d",
                    "image_id": "acce2f5c-ffd1-4f1d-98cd-04d6246125d3",
                    "mandatory_group": "",
                    "mandatory_group_display_name": "",
                    "name": "guest_agent_ready",
                    "sensitive": true
                  },
                  {
                    "default_value": "",
                    "display_group": "Дополнительные параметры системы",
                    "display_name": "Имя хоста",
                    "display_position": 4,
                    "field_type": "METADATA_FIELD_TYPE_HOSTNAME",
                    "id": "64622f08-9cff-47b7-9e3c-37dbed5adacc",
                    "image_id": "acce2f5c-ffd1-4f1d-98cd-04d6246125d3",
                    "mandatory_group": "hostname",
                    "mandatory_group_display_name": "",
                    "name": "hostname",
                    "sensitive": false
                  },
                  {
                    "default_value": "",
                    "display_group": "Авторизация пользователя",
                    "display_name": "Публичный ключ",
                    "display_position": 3,
                    "field_type": "METADATA_FIELD_TYPE_PUBLIC_KEY",
                    "id": "edf3a3fb-0851-42fd-a72f-fcc2ba6e6153",
                    "image_id": "acce2f5c-ffd1-4f1d-98cd-04d6246125d3",
                    "mandatory_group": "authentication",
                    "mandatory_group_display_name": "Метод аутентификации",
                    "name": "public_key",
                    "sensitive": false
                  }
                ],
                "min_cpu": 1,
                "min_disk": 25,
                "min_ram": 1,
                "name": "Ouroboros",
                "project_id": null,
                "type": "IMAGE_TYPE_MARKETPLACE",
                "updated_at": "Fri, 06 Mar 2026 20:07:32 UTC",
                "user_data_template": "#cloud-config\ngroups:\n- admingroup:\n  - root\n  - sys\n- cloud-users\nhostname: $hostname\nusers:\n- groups: users\n  lock_passwd: false\n  name: $name\n  passwd: $linux_password\n  primary_group: $name\n  ssh_authorized_keys: $public_key\n  sudo: ALL=(ALL) NOPASSWD:ALL\nruncmd:\n  - sudo systemctl enable qemu-guest-agent\n  - sudo systemctl stop qemu-guest-agent\n{% if guest_agent_ready %}\n  - sudo systemctl start qemu-guest-agent\n{% endif %}",
                "zones": [
                  {
                    "enabled": true,
                    "id": "2c63c482-2532-4bba-8c9b-70ea330507bf",
                    "name": "ru.AZ-3"
                  },
                  {
                    "enabled": true,
                    "id": "479a4ab3-3ff3-4972-95c5-7610bac5c0bb",
                    "name": "ru.AZ-2"
                  },
                  {
                    "enabled": true,
                    "id": "7c99a597-8516-494f-a2c7-d7377048681e",
                    "name": "ru.AZ-1"
                  }
                ]
              },
              {
                "created_at": "Wed, 25 Feb 2026 10:08:21 UTC",
                "description": null,
                "display_name": "ubuntu-test2204",
                "icon": null,
                "id": "b22f5421-c3be-442e-a8a4-0583cf640f82",
                "image_metadata": null,
                "min_cpu": 1,
                "min_disk": 10,
                "min_ram": 1,
                "name": "ubuntu-test2204",
                "project_id": null,
                "type": "IMAGE_TYPE_PUBLIC",
                "updated_at": null,
                "user_data_template": null,
                "zones": [
                  {
                    "enabled": false,
                    "id": "7c99a597-8516-494f-a2c7-d7377048681e",
                    "name": "ru.AZ-1"
                  }
                ]
              },
              {
                "created_at": "Thu, 26 Feb 2026 06:01:17 UTC",
                "description": "Инструмент для управления алертами в ИТ-системах",
                "display_name": "Alertmanager",
                "icon": null,
                "id": "bc9c26dd-d918-4555-af54-1ac56f004f67",
                "image_metadata": [
                  {
                    "default_value": "",
                    "display_group": "Авторизация пользователя",
                    "display_name": "Пароль",
                    "display_position": 4,
                    "field_type": "METADATA_FIELD_TYPE_LINUX_PASSWORD",
                    "id": "8e9c9fd6-beda-4ccf-bd88-f5cdca67e4d2",
                    "image_id": "bc9c26dd-d918-4555-af54-1ac56f004f67",
                    "mandatory_group": "authentication",
                    "mandatory_group_display_name": "Метод аутентификации",
                    "name": "linux_password",
                    "sensitive": true
                  },
                  {
                    "default_value": "user1",
                    "display_group": "Авторизация пользователя",
                    "display_name": "Имя пользователя",
                    "display_position": 2,
                    "field_type": "METADATA_FIELD_TYPE_LINUX_LOGIN",
                    "id": "7a2bdf23-7eb6-4f28-9bc4-0dbeb393a2f5",
                    "image_id": "bc9c26dd-d918-4555-af54-1ac56f004f67",
                    "mandatory_group": "name",
                    "mandatory_group_display_name": "",
                    "name": "name",
                    "sensitive": false
                  },
                  {
                    "default_value": "",
                    "display_group": "Дополнительные параметры системы",
                    "display_name": "Имя хоста",
                    "display_position": 1,
                    "field_type": "METADATA_FIELD_TYPE_TEXT",
                    "id": "ac3eb758-16ab-4ba1-b265-72d642b50fbc",
                    "image_id": "bc9c26dd-d918-4555-af54-1ac56f004f67",
                    "mandatory_group": "hostname",
                    "mandatory_group_display_name": "",
                    "name": "hostname",
                    "sensitive": false
                  },
                  {
                    "default_value": "",
                    "display_group": "Авторизация пользователя",
                    "display_name": "Публичный ключ",
                    "display_position": 3,
                    "field_type": "METADATA_FIELD_TYPE_PUBLIC_KEY",
                    "id": "d4298942-216d-4abf-8e7a-5043ccbb4191",
                    "image_id": "bc9c26dd-d918-4555-af54-1ac56f004f67",
                    "mandatory_group": "authentication",
                    "mandatory_group_display_name": "Метод аутентификации",
                    "name": "public_key",
                    "sensitive": false
                  }
                ],
                "min_cpu": 1,
                "min_disk": 15,
                "min_ram": 1,
                "name": "Alertmanager",
                "project_id": null,
                "type": "IMAGE_TYPE_MARKETPLACE",
                "updated_at": "Thu, 28 May 2026 11:32:59 UTC",
                "user_data_template": "#cloud-config\n// groups:\n- admingroup:\n  - root\n  - sys\n- cloud-users\nhostname: $hostname\nusers:\n- groups: users\n  lock_passwd: false\n  name: $name\n  passwd: $linux_password\n  primary_group: $name\n  ssh_authorized_keys: $public_key\n  sudo: ALL=(ALL) NOPASSWD:ALL\nosconfig:\n  endpoint: $vmm_endpoint\n  token: $vmm_token\n  comname: /dev/virtio-ports/$vmm_serial_name",
                "zones": [
                  {
                    "enabled": true,
                    "id": "7c99a597-8516-494f-a2c7-d7377048681e",
                    "name": "ru.AZ-1"
                  },
                  {
                    "enabled": true,
                    "id": "2c63c482-2532-4bba-8c9b-70ea330507bf",
                    "name": "ru.AZ-3"
                  },
                  {
                    "enabled": true,
                    "id": "479a4ab3-3ff3-4972-95c5-7610bac5c0bb",
                    "name": "ru.AZ-2"
                  }
                ]
              },
              {
                "created_at": "Thu, 26 Feb 2026 14:53:14 UTC",
                "description": "Система для сбора, хранения и анализа логов",
                "display_name": "Grafana Loki",
                "icon": null,
                "id": "9a9bc3af-0ceb-44e3-826a-fa5970cf1867",
                "image_metadata": [
                  {
                    "default_value": "",
                    "display_group": "Авторизация пользователя",
                    "display_name": "Пароль",
                    "display_position": 4,
                    "field_type": "METADATA_FIELD_TYPE_LINUX_PASSWORD",
                    "id": "6aa46bb0-4056-4c46-88a3-799c3c9295ec",
                    "image_id": "9a9bc3af-0ceb-44e3-826a-fa5970cf1867",
                    "mandatory_group": "authentication",
                    "mandatory_group_display_name": "Метод аутентификации",
                    "name": "linux_password",
                    "sensitive": true
                  },
                  {
                    "default_value": "user1",
                    "display_group": "Авторизация пользователя",
                    "display_name": "Имя пользователя",
                    "display_position": 2,
                    "field_type": "METADATA_FIELD_TYPE_LINUX_LOGIN",
                    "id": "1adee463-4d4f-4297-8cc6-366924e33e41",
                    "image_id": "9a9bc3af-0ceb-44e3-826a-fa5970cf1867",
                    "mandatory_group": "name",
                    "mandatory_group_display_name": "",
                    "name": "name",
                    "sensitive": false
                  },
                  {
                    "default_value": "",
                    "display_group": "Дополнительные параметры системы",
                    "display_name": "Имя хоста",
                    "display_position": 1,
                    "field_type": "METADATA_FIELD_TYPE_TEXT",
                    "id": "3a0fbf3b-f50f-4d65-849a-11a8741498d5",
                    "image_id": "9a9bc3af-0ceb-44e3-826a-fa5970cf1867",
                    "mandatory_group": "hostname",
                    "mandatory_group_display_name": "",
                    "name": "hostname",
                    "sensitive": false
                  },
                  {
                    "default_value": "",
                    "display_group": "Авторизация пользователя",
                    "display_name": "Публичный ключ",
                    "display_position": 3,
                    "field_type": "METADATA_FIELD_TYPE_PUBLIC_KEY",
                    "id": "f1081238-f07e-45b7-a0c9-051caa4bb97d",
                    "image_id": "9a9bc3af-0ceb-44e3-826a-fa5970cf1867",
                    "mandatory_group": "authentication",
                    "mandatory_group_display_name": "Метод аутентификации",
                    "name": "public_key",
                    "sensitive": false
                  }
                ],
                "min_cpu": 1,
                "min_disk": 20,
                "min_ram": 1,
                "name": "Grafana-Loki",
                "project_id": null,
                "type": "IMAGE_TYPE_MARKETPLACE",
                "updated_at": "Thu, 28 May 2026 11:29:21 UTC",
                "user_data_template": "#cloud-config\n// groups:\n- admingroup:\n  - root\n  - sys\n- cloud-users\nhostname: $hostname\nusers:\n- groups: users\n  lock_passwd: false\n  name: $name\n  passwd: $linux_password\n  primary_group: $name\n  ssh_authorized_keys: $public_key\n  sudo: ALL=(ALL) NOPASSWD:ALL\nosconfig:\n  endpoint: $vmm_endpoint\n  token: $vmm_token\n  comname: /dev/virtio-ports/$vmm_serial_name",
                "zones": [
                  {
                    "enabled": true,
                    "id": "2c63c482-2532-4bba-8c9b-70ea330507bf",
                    "name": "ru.AZ-3"
                  },
                  {
                    "enabled": true,
                    "id": "7c99a597-8516-494f-a2c7-d7377048681e",
                    "name": "ru.AZ-1"
                  },
                  {
                    "enabled": true,
                    "id": "479a4ab3-3ff3-4972-95c5-7610bac5c0bb",
                    "name": "ru.AZ-2"
                  }
                ]
              },
              {
                "created_at": "Fri, 06 Mar 2026 11:22:21 UTC",
                "description": "Саморазвивающийся AI-агент с интеграцией Foundation Models",
                "display_name": "Ouroboros E",
                "icon": null,
                "id": "6a9c807c-e48d-4675-8bc4-e599d9588274",
                "image_metadata": [
                  {
                    "default_value": "true",
                    "display_group": "Дополнительные параметры системы",
                    "display_name": "guest_agent_ready",
                    "display_position": 5,
                    "field_type": "METADATA_FIELD_TYPE_FLAG",
                    "id": "9e84b9bb-5db4-402f-ba19-30d11f25db48",
                    "image_id": "6a9c807c-e48d-4675-8bc4-e599d9588274",
                    "mandatory_group": "",
                    "mandatory_group_display_name": "",
                    "name": "guest_agent_ready",
                    "sensitive": true
                  },
                  {
                    "default_value": "user1",
                    "display_group": "Авторизация пользователя",
                    "display_name": "Логин",
                    "display_position": 1,
                    "field_type": "METADATA_FIELD_TYPE_LINUX_LOGIN",
                    "id": "a8727d8d-05e1-4919-811a-c006a602d94a",
                    "image_id": "6a9c807c-e48d-4675-8bc4-e599d9588274",
                    "mandatory_group": "name",
                    "mandatory_group_display_name": "",
                    "name": "name",
                    "sensitive": false
                  },
                  {
                    "default_value": "",
                    "display_group": "Авторизация пользователя",
                    "display_name": "Пароль",
                    "display_position": 2,
                    "field_type": "METADATA_FIELD_TYPE_LINUX_PASSWORD",
                    "id": "3978fd5a-0f28-46ca-bda9-c1c5b0be3697",
                    "image_id": "6a9c807c-e48d-4675-8bc4-e599d9588274",
                    "mandatory_group": "authentication",
                    "mandatory_group_display_name": "Метод аутентификации",
                    "name": "linux_password",
                    "sensitive": true
                  },
                  {
                    "default_value": "",
                    "display_group": "Авторизация пользователя",
                    "display_name": "Публичный ключ",
                    "display_position": 3,
                    "field_type": "METADATA_FIELD_TYPE_PUBLIC_KEY",
                    "id": "57981c8f-52ad-4e06-835a-516e164b738d",
                    "image_id": "6a9c807c-e48d-4675-8bc4-e599d9588274",
                    "mandatory_group": "authentication",
                    "mandatory_group_display_name": "Метод аутентификации",
                    "name": "public_key",
                    "sensitive": false
                  },
                  {
                    "default_value": "",
                    "display_group": "Дополнительные параметры системы",
                    "display_name": "Имя хоста",
                    "display_position": 4,
                    "field_type": "METADATA_FIELD_TYPE_HOSTNAME",
                    "id": "1e28407d-98b9-48bf-a71a-4b871c095679",
                    "image_id": "6a9c807c-e48d-4675-8bc4-e599d9588274",
                    "mandatory_group": "hostname",
                    "mandatory_group_display_name": "",
                    "name": "hostname",
                    "sensitive": false
                  }
                ],
                "min_cpu": 1,
                "min_disk": 20,
                "min_ram": 1,
                "name": "Ouroboros_E",
                "project_id": null,
                "type": "IMAGE_TYPE_MARKETPLACE",
                "updated_at": "Thu, 28 May 2026 11:33:56 UTC",
                "user_data_template": "#cloud-config\ngroups:\n- admingroup:\n  - root\n  - sys\n- cloud-users\nhostname: $hostname\nusers:\n- groups: users\n  lock_passwd: false\n  name: $name\n  passwd: $linux_password\n  primary_group: $name\n  ssh_authorized_keys: $public_key\n  sudo: ALL=(ALL) NOPASSWD:ALL\nruncmd:\n  - sudo systemctl enable qemu-guest-agent\n  - sudo systemctl stop qemu-guest-agent\n{% if guest_agent_ready %}\n  - sudo systemctl start qemu-guest-agent\n{% endif %}",
                "zones": [
                  {
                    "enabled": true,
                    "id": "2c63c482-2532-4bba-8c9b-70ea330507bf",
                    "name": "ru.AZ-3"
                  },
                  {
                    "enabled": true,
                    "id": "7c99a597-8516-494f-a2c7-d7377048681e",
                    "name": "ru.AZ-1"
                  },
                  {
                    "enabled": true,
                    "id": "479a4ab3-3ff3-4972-95c5-7610bac5c0bb",
                    "name": "ru.AZ-2"
                  }
                ]
              },
              {
                "created_at": "Fri, 13 Mar 2026 23:56:24 UTC",
                "description": "Масштабируемая и быстрая time-series база данных для мониторинга и аналитики",
                "display_name": "VictoriaMetrics",
                "icon": null,
                "id": "e6ceddea-984b-41d5-8126-02fc1f5cb899",
                "image_metadata": [
                  {
                    "default_value": "true",
                    "display_group": "Дополнительные параметры системы",
                    "display_name": "Compute agent",
                    "display_position": 1,
                    "field_type": "METADATA_FIELD_TYPE_FLAG",
                    "id": "54e15d09-0ba7-47f4-81aa-7ad0cb4fdf34",
                    "image_id": "e6ceddea-984b-41d5-8126-02fc1f5cb899",
                    "mandatory_group": "",
                    "mandatory_group_display_name": "",
                    "name": "guest_agent_ready",
                    "sensitive": true
                  },
                  {
                    "default_value": "",
                    "display_group": "Авторизация пользователя",
                    "display_name": "Пароль",
                    "display_position": 3,
                    "field_type": "METADATA_FIELD_TYPE_LINUX_PASSWORD",
                    "id": "4755be35-203b-4381-b17e-96c1c91d35c5",
                    "image_id": "e6ceddea-984b-41d5-8126-02fc1f5cb899",
                    "mandatory_group": "authentication",
                    "mandatory_group_display_name": "Метод аутентификации",
                    "name": "linux_password",
                    "sensitive": true
                  },
                  {
                    "default_value": "",
                    "display_group": "Дополнительные параметры системы",
                    "display_name": "Имя хоста",
                    "display_position": 2,
                    "field_type": "METADATA_FIELD_TYPE_HOSTNAME",
                    "id": "5d0aa2f9-9a48-491e-abb0-2f419ac02de6",
                    "image_id": "e6ceddea-984b-41d5-8126-02fc1f5cb899",
                    "mandatory_group": "hostname",
                    "mandatory_group_display_name": "",
                    "name": "hostname",
                    "sensitive": false
                  },
                  {
                    "default_value": "",
                    "display_group": "Авторизация пользователя",
                    "display_name": "Публичный ключ",
                    "display_position": 4,
                    "field_type": "METADATA_FIELD_TYPE_PUBLIC_KEY",
                    "id": "e8e3620e-3c40-4fb3-9c6b-01827cc059c3",
                    "image_id": "e6ceddea-984b-41d5-8126-02fc1f5cb899",
                    "mandatory_group": "authentication",
                    "mandatory_group_display_name": "Метод аутентификации",
                    "name": "public_key",
                    "sensitive": false
                  },
                  {
                    "default_value": "user1",
                    "display_group": "Авторизация пользователя",
                    "display_name": "Логин",
                    "display_position": 1,
                    "field_type": "METADATA_FIELD_TYPE_LINUX_LOGIN",
                    "id": "b7dc2c85-65d7-4546-9061-4dbc9bccc3cc",
                    "image_id": "e6ceddea-984b-41d5-8126-02fc1f5cb899",
                    "mandatory_group": "name",
                    "mandatory_group_display_name": "",
                    "name": "name",
                    "sensitive": false
                  }
                ],
                "min_cpu": 1,
                "min_disk": 10,
                "min_ram": 1,
                "name": "VictoriaMetrics",
                "project_id": null,
                "type": "IMAGE_TYPE_MARKETPLACE",
                "updated_at": "Thu, 28 May 2026 11:28:56 UTC",
                "user_data_template": "#cloud-config\n// groups:\n- admingroup:\n  - root\n  - sys\n- cloud-users\nhostname: $hostname\nusers:\n- groups: users\n  lock_passwd: false\n  name: $name\n  passwd: $linux_password\n  primary_group: $name\n  ssh_authorized_keys: $public_key\n  sudo: ALL=(ALL) NOPASSWD:ALL\nosconfig:\n  endpoint: $vmm_endpoint\n  token: $vmm_token\n  comname: /dev/virtio-ports/$vmm_serial_name",
                "zones": [
                  {
                    "enabled": true,
                    "id": "479a4ab3-3ff3-4972-95c5-7610bac5c0bb",
                    "name": "ru.AZ-2"
                  },
                  {
                    "enabled": true,
                    "id": "7c99a597-8516-494f-a2c7-d7377048681e",
                    "name": "ru.AZ-1"
                  },
                  {
                    "enabled": true,
                    "id": "2c63c482-2532-4bba-8c9b-70ea330507bf",
                    "name": "ru.AZ-3"
                  }
                ]
              },
              {
                "created_at": "Tue, 31 Mar 2026 11:21:33 UTC",
                "description": "Cовременная система управления контентом (CMS), разработанная специально для интернет-магазинов",
                "display_name": "VirtualityCMS",
                "icon": null,
                "id": "3b747068-f413-4b4d-91bd-4b0fe87e2cb8",
                "image_metadata": [
                  {
                    "default_value": "user1",
                    "display_group": "Авторизация пользователя",
                    "display_name": "Логин",
                    "display_position": 2,
                    "field_type": "METADATA_FIELD_TYPE_LINUX_LOGIN",
                    "id": "3f5dd72d-4d98-409b-b9bd-e523a5bafe22",
                    "image_id": "3b747068-f413-4b4d-91bd-4b0fe87e2cb8",
                    "mandatory_group": "name",
                    "mandatory_group_display_name": "",
                    "name": "name",
                    "sensitive": false
                  },
                  {
                    "default_value": "",
                    "display_group": "Дополнительные параметры системы",
                    "display_name": "Имя хоста",
                    "display_position": 1,
                    "field_type": "METADATA_FIELD_TYPE_HOSTNAME",
                    "id": "7a35a810-debe-4afd-965f-6ab5c7efc414",
                    "image_id": "3b747068-f413-4b4d-91bd-4b0fe87e2cb8",
                    "mandatory_group": "hostname",
                    "mandatory_group_display_name": "",
                    "name": "hostname",
                    "sensitive": false
                  },
                  {
                    "default_value": "",
                    "display_group": "Авторизация пользователя",
                    "display_name": "Пароль",
                    "display_position": 4,
                    "field_type": "METADATA_FIELD_TYPE_LINUX_PASSWORD",
                    "id": "a71643f3-e9cf-45d5-911d-003489ece9aa",
                    "image_id": "3b747068-f413-4b4d-91bd-4b0fe87e2cb8",
                    "mandatory_group": "authentication",
                    "mandatory_group_display_name": "Метод аутентификации",
                    "name": "linux_password",
                    "sensitive": false
                  },
                  {
                    "default_value": "",
                    "display_group": "Авторизация пользователя",
                    "display_name": "Публичный ключ",
                    "display_position": 3,
                    "field_type": "METADATA_FIELD_TYPE_PUBLIC_KEY",
                    "id": "cf20b8de-44da-413d-99dd-e1cf5a91722e",
                    "image_id": "3b747068-f413-4b4d-91bd-4b0fe87e2cb8",
                    "mandatory_group": "authentication",
                    "mandatory_group_display_name": "Метод аутентификации",
                    "name": "public_key",
                    "sensitive": false
                  }
                ],
                "min_cpu": 1,
                "min_disk": 25,
                "min_ram": 1,
                "name": "VirtualityCMS",
                "project_id": null,
                "type": "IMAGE_TYPE_MARKETPLACE",
                "updated_at": "Thu, 07 May 2026 16:06:48 UTC",
                "user_data_template": "// groups:\n- admingroup:\n  - root\n  - sys\n- cloud-users\nhostname: $hostname\nusers:\n- groups: users\n  lock_passwd: false\n  name: $name\n  passwd: $linux_password\n  primary_group: $name\n  ssh_authorized_keys: $public_key\n  sudo: ALL=(ALL) NOPASSWD:ALL\nosconfig:\n  endpoint: $vmm_endpoint\n  token: $vmm_token\n  comname: /dev/virtio-ports/$vmm_serial_name \npackage_update: true\napt:\n  primary:\n    - arches: [default]\n      uri: http://mirror.yandex.ru/ubuntu/",
                "zones": [
                  {
                    "enabled": true,
                    "id": "7c99a597-8516-494f-a2c7-d7377048681e",
                    "name": "ru.AZ-1"
                  },
                  {
                    "enabled": true,
                    "id": "479a4ab3-3ff3-4972-95c5-7610bac5c0bb",
                    "name": "ru.AZ-2"
                  }
                ]
              },
              {
                "created_at": "Tue, 14 Apr 2026 12:53:43 UTC",
                "description": "ИИ-помощник для автоматизации управления облачной инфраструктурой",
                "display_name": "OpenClaw (ex.Clawdbot)",
                "icon": null,
                "id": "f4d7a481-c9c7-435a-9292-eb7efbfaeb07",
                "image_metadata": [
                  {
                    "default_value": "",
                    "display_group": "Авторизация пользователя",
                    "display_name": "Пароль",
                    "display_position": 4,
                    "field_type": "METADATA_FIELD_TYPE_LINUX_PASSWORD",
                    "id": "c9f46a14-7879-4f13-9a77-142febe241a9",
                    "image_id": "f4d7a481-c9c7-435a-9292-eb7efbfaeb07",
                    "mandatory_group": "authentication",
                    "mandatory_group_display_name": "Метод аутентификации",
                    "name": "linux_password",
                    "sensitive": true
                  },
                  {
                    "default_value": "",
                    "display_group": "Авторизация пользователя",
                    "display_name": "Публичный ключ",
                    "display_position": 3,
                    "field_type": "METADATA_FIELD_TYPE_PUBLIC_KEY",
                    "id": "b18950d0-3c53-46b0-9e88-3bde9d111b8d",
                    "image_id": "f4d7a481-c9c7-435a-9292-eb7efbfaeb07",
                    "mandatory_group": "authentication",
                    "mandatory_group_display_name": "Метод аутентификации",
                    "name": "public_key",
                    "sensitive": false
                  },
                  {
                    "default_value": "user1",
                    "display_group": "Авторизация пользователя",
                    "display_name": "Логин",
                    "display_position": 2,
                    "field_type": "METADATA_FIELD_TYPE_LINUX_LOGIN",
                    "id": "654a7ff2-6a55-42a8-802b-2ea48077c34c",
                    "image_id": "f4d7a481-c9c7-435a-9292-eb7efbfaeb07",
                    "mandatory_group": "name",
                    "mandatory_group_display_name": "",
                    "name": "name",
                    "sensitive": false
                  },
                  {
                    "default_value": "",
                    "display_group": "Дополнительные параметры системы",
                    "display_name": "Имя хоста",
                    "display_position": 1,
                    "field_type": "METADATA_FIELD_TYPE_HOSTNAME",
                    "id": "a7c4cf13-f5bc-4616-97db-b2959fd1c2be",
                    "image_id": "f4d7a481-c9c7-435a-9292-eb7efbfaeb07",
                    "mandatory_group": "hostname",
                    "mandatory_group_display_name": "",
                    "name": "hostname",
                    "sensitive": false
                  }
                ],
                "min_cpu": 1,
                "min_disk": 20,
                "min_ram": 1,
                "name": "OpenClaw_exClawdbotv2",
                "project_id": null,
                "type": "IMAGE_TYPE_MARKETPLACE",
                "updated_at": "Thu, 28 May 2026 11:26:11 UTC",
                "user_data_template": "// groups:\n- admingroup:\n  - root\n  - sys\n- cloud-users\nhostname: $hostname\nusers:\n- groups: users\n  lock_passwd: false\n  name: $name\n  passwd: $linux_password\n  primary_group: $name\n  ssh_authorized_keys: $public_key\n  sudo: ALL=(ALL) NOPASSWD:ALL",
                "zones": [
                  {
                    "enabled": true,
                    "id": "2c63c482-2532-4bba-8c9b-70ea330507bf",
                    "name": "ru.AZ-3"
                  },
                  {
                    "enabled": true,
                    "id": "479a4ab3-3ff3-4972-95c5-7610bac5c0bb",
                    "name": "ru.AZ-2"
                  },
                  {
                    "enabled": true,
                    "id": "7c99a597-8516-494f-a2c7-d7377048681e",
                    "name": "ru.AZ-1"
                  }
                ]
              },
              {
                "created_at": "Sat, 25 Apr 2026 20:54:41 UTC",
                "description": "Управление разработкой",
                "display_name": "GitLab",
                "icon": null,
                "id": "8f1a9878-c552-4320-bbd4-268c3eb5692a",
                "image_metadata": [
                  {
                    "default_value": "true",
                    "display_group": "Дополнительные параметры системы",
                    "display_name": "Compute agent",
                    "display_position": 5,
                    "field_type": "METADATA_FIELD_TYPE_FLAG",
                    "id": "92ec1b1a-0e55-4fdb-ac09-75069e862f67",
                    "image_id": "8f1a9878-c552-4320-bbd4-268c3eb5692a",
                    "mandatory_group": "",
                    "mandatory_group_display_name": "",
                    "name": "guest_agent_ready",
                    "sensitive": true
                  },
                  {
                    "default_value": "user1",
                    "display_group": "Авторизация пользователя",
                    "display_name": "Логин",
                    "display_position": 1,
                    "field_type": "METADATA_FIELD_TYPE_LINUX_LOGIN",
                    "id": "69111f0d-200f-4205-844d-d9e3f00fcfbf",
                    "image_id": "8f1a9878-c552-4320-bbd4-268c3eb5692a",
                    "mandatory_group": "name",
                    "mandatory_group_display_name": "",
                    "name": "name",
                    "sensitive": false
                  },
                  {
                    "default_value": "",
                    "display_group": "Авторизация пользователя",
                    "display_name": "Пароль",
                    "display_position": 2,
                    "field_type": "METADATA_FIELD_TYPE_LINUX_PASSWORD",
                    "id": "1958b07b-4d09-4ae6-89ed-efec5030153b",
                    "image_id": "8f1a9878-c552-4320-bbd4-268c3eb5692a",
                    "mandatory_group": "authentication",
                    "mandatory_group_display_name": "Метод аутентификации",
                    "name": "linux_password",
                    "sensitive": true
                  },
                  {
                    "default_value": "",
                    "display_group": "Авторизация пользователя",
                    "display_name": "Публичный ключ",
                    "display_position": 3,
                    "field_type": "METADATA_FIELD_TYPE_PUBLIC_KEY",
                    "id": "5561fff8-46c9-439d-bcac-18f494381725",
                    "image_id": "8f1a9878-c552-4320-bbd4-268c3eb5692a",
                    "mandatory_group": "authentication",
                    "mandatory_group_display_name": "Метод аутентификации",
                    "name": "public_key",
                    "sensitive": false
                  },
                  {
                    "default_value": "",
                    "display_group": "Дополнительные параметры системы",
                    "display_name": "Имя хоста",
                    "display_position": 4,
                    "field_type": "METADATA_FIELD_TYPE_HOSTNAME",
                    "id": "b91361c8-69cf-42d6-9b0a-4d62224a9ae3",
                    "image_id": "8f1a9878-c552-4320-bbd4-268c3eb5692a",
                    "mandatory_group": "hostname",
                    "mandatory_group_display_name": "",
                    "name": "hostname",
                    "sensitive": false
                  }
                ],
                "min_cpu": 1,
                "min_disk": 10,
                "min_ram": 1,
                "name": "GitLab",
                "project_id": null,
                "type": "IMAGE_TYPE_MARKETPLACE",
                "updated_at": "Thu, 28 May 2026 11:27:30 UTC",
                "user_data_template": "// groups:\n- admingroup:\n  - root\n  - sys\n- cloud-users\nhostname: $hostname\nusers:\n- groups: users\n  lock_passwd: false\n  name: $name\n  passwd: $linux_password\n  primary_group: $name\n  ssh_authorized_keys: $public_key\n  sudo: ALL=(ALL) NOPASSWD:ALL\nosconfig:\n  endpoint: $vmm_endpoint\n  token: $vmm_token\n  comname: /dev/virtio-ports/$vmm_serial_name \npackage_update: true\napt:\n  primary:\n    - arches: [default]\n      uri: http://mirror.yandex.ru/ubuntu/",
                "zones": [
                  {
                    "enabled": true,
                    "id": "7c99a597-8516-494f-a2c7-d7377048681e",
                    "name": "ru.AZ-1"
                  },
                  {
                    "enabled": true,
                    "id": "479a4ab3-3ff3-4972-95c5-7610bac5c0bb",
                    "name": "ru.AZ-2"
                  },
                  {
                    "enabled": true,
                    "id": "2c63c482-2532-4bba-8c9b-70ea330507bf",
                    "name": "ru.AZ-3"
                  }
                ]
              },
              {
                "created_at": "Tue, 28 Apr 2026 21:27:39 UTC",
                "description": "Платформа для управления аутентификацией и авторизацией",
                "display_name": "Keycloak",
                "icon": null,
                "id": "df90a6f5-ceae-43a8-9089-1a6f9b2b2566",
                "image_metadata": [
                  {
                    "default_value": "user1",
                    "display_group": "Авторизация пользователя",
                    "display_name": "Логин",
                    "display_position": 1,
                    "field_type": "METADATA_FIELD_TYPE_LINUX_LOGIN",
                    "id": "5a3c6436-3c86-4bfe-8303-513505cdf179",
                    "image_id": "df90a6f5-ceae-43a8-9089-1a6f9b2b2566",
                    "mandatory_group": "name",
                    "mandatory_group_display_name": "",
                    "name": "name",
                    "sensitive": false
                  },
                  {
                    "default_value": "",
                    "display_group": "Авторизация пользователя",
                    "display_name": "Публичный ключ",
                    "display_position": 3,
                    "field_type": "METADATA_FIELD_TYPE_PUBLIC_KEY",
                    "id": "f2e05434-7d85-4b7a-94ca-158ee6720f7f",
                    "image_id": "df90a6f5-ceae-43a8-9089-1a6f9b2b2566",
                    "mandatory_group": "authentication",
                    "mandatory_group_display_name": "Метод аутентификации",
                    "name": "public_key",
                    "sensitive": false
                  },
                  {
                    "default_value": "",
                    "display_group": "Дополнительные параметры системы",
                    "display_name": "Имя хоста",
                    "display_position": 4,
                    "field_type": "METADATA_FIELD_TYPE_HOSTNAME",
                    "id": "60ce98c1-4c44-4f7e-bf84-2c947fa66ba8",
                    "image_id": "df90a6f5-ceae-43a8-9089-1a6f9b2b2566",
                    "mandatory_group": "hostname",
                    "mandatory_group_display_name": "",
                    "name": "hostname",
                    "sensitive": false
                  },
                  {
                    "default_value": "true",
                    "display_group": "Дополнительные параметры системы",
                    "display_name": "Compute agent",
                    "display_position": 5,
                    "field_type": "METADATA_FIELD_TYPE_FLAG",
                    "id": "a3cd108d-804f-4b21-af85-23263ca5516a",
                    "image_id": "df90a6f5-ceae-43a8-9089-1a6f9b2b2566",
                    "mandatory_group": "",
                    "mandatory_group_display_name": "",
                    "name": "guest_agent_ready",
                    "sensitive": true
                  },
                  {
                    "default_value": "false",
                    "display_group": "Дополнительные параметры системы",
                    "display_name": "Управление ПО",
                    "display_position": 6,
                    "field_type": "METADATA_FIELD_TYPE_FLAG",
                    "id": "4bf0320c-eb4d-425f-a63d-12332ae1a9c7",
                    "image_id": "df90a6f5-ceae-43a8-9089-1a6f9b2b2566",
                    "mandatory_group": "",
                    "mandatory_group_display_name": "",
                    "name": "vmm_enabled",
                    "sensitive": false
                  },
                  {
                    "default_value": "",
                    "display_group": "Авторизация пользователя",
                    "display_name": "Пароль",
                    "display_position": 2,
                    "field_type": "METADATA_FIELD_TYPE_LINUX_PASSWORD",
                    "id": "61bb81d2-5404-4af6-a976-a315cb4359d3",
                    "image_id": "df90a6f5-ceae-43a8-9089-1a6f9b2b2566",
                    "mandatory_group": "authentication",
                    "mandatory_group_display_name": "Метод аутентификации",
                    "name": "linux_password",
                    "sensitive": true
                  }
                ],
                "min_cpu": 1,
                "min_disk": 10,
                "min_ram": 1,
                "name": "Keycloak",
                "project_id": null,
                "type": "IMAGE_TYPE_MARKETPLACE",
                "updated_at": "Thu, 28 May 2026 11:26:57 UTC",
                "user_data_template": "// groups:\n- admingroup:\n  - root\n  - sys\n- cloud-users\nhostname: $hostname\nusers:\n- groups: users\n  lock_passwd: false\n  name: $name\n  passwd: $linux_password\n  primary_group: $name\n  ssh_authorized_keys: $public_key\n  sudo: ALL=(ALL) NOPASSWD:ALL\nosconfig:\n  endpoint: $vmm_endpoint\n  token: $vmm_token\n  comname: /dev/virtio-ports/$vmm_serial_name \npackage_update: true\napt:\n  primary:\n    - arches: [default]\n      uri: http://mirror.yandex.ru/ubuntu/",
                "zones": [
                  {
                    "enabled": true,
                    "id": "7c99a597-8516-494f-a2c7-d7377048681e",
                    "name": "ru.AZ-1"
                  },
                  {
                    "enabled": true,
                    "id": "479a4ab3-3ff3-4972-95c5-7610bac5c0bb",
                    "name": "ru.AZ-2"
                  },
                  {
                    "enabled": true,
                    "id": "2c63c482-2532-4bba-8c9b-70ea330507bf",
                    "name": "ru.AZ-3"
                  }
                ]
              },
              {
                "created_at": "Wed, 29 Apr 2026 07:29:07 UTC",
                "description": null,
                "display_name": "ubuntu2404-desktop",
                "icon": null,
                "id": "b0ede36a-8bfb-4ab9-aae1-c19c00ec889b",
                "image_metadata": null,
                "min_cpu": 1,
                "min_disk": 10,
                "min_ram": 1,
                "name": "ubuntu2404-desktop",
                "project_id": null,
                "type": "IMAGE_TYPE_PUBLIC",
                "updated_at": null,
                "user_data_template": null,
                "zones": [
                  {
                    "enabled": false,
                    "id": "7c99a597-8516-494f-a2c7-d7377048681e",
                    "name": "ru.AZ-1"
                  }
                ]
              }
            ],
            "order_by": null,
            "page_size": null,
            "project_id": "84c2b149-4e26-4eff-807f-e4db3df3b67f"
          },
          "sensitive_attributes": [],
          "identity_schema_version": 0
        }
      ]
    },
    {
      "mode": "managed",
      "type": "cloudru_evolution_compute_disk",
      "name": "boot_disk",
      "provider": "provider[\"cloud.ru/cloudru/cloud\"]",
      "instances": [
        {
          "schema_version": 0,
          "attributes": {
            "bootable": true,
            "created_at": "Mon, 15 Jun 2026 03:20:19 UTC",
            "description": null,
            "disk_type": {
              "free_tier": false,
              "id": "a859e3dc-6b14-42a8-9bcc-890fde0ba6d0",
              "name": "SSD"
            },
            "disk_type_identifier": {
              "id": null,
              "name": "SSD"
            },
            "encrypted": false,
            "id": "b1cab201-a422-4045-9995-f77ee429175f",
            "image": {
              "id": "474c9e98-760f-4e54-aaa9-70024814f2b0",
              "name": "Ubuntu22.04-new"
            },
            "image_id": "474c9e98-760f-4e54-aaa9-70024814f2b0",
            "name": "appvendor-boot-disk",
            "project_id": "84c2b149-4e26-4eff-807f-e4db3df3b67f",
            "readonly": false,
            "serial_id": "fa4871075d7dca76",
            "shared": false,
            "size": 25,
            "status": "DISK_STATUS_AVAILABLE",
            "updated_at": "Mon, 15 Jun 2026 04:09:41 UTC",
            "vms": null,
            "zone": {
              "enabled": true,
              "id": "479a4ab3-3ff3-4972-95c5-7610bac5c0bb",
              "name": "ru.AZ-2"
            },
            "zone_identifier": {
              "id": null,
              "name": "ru.AZ-2"
            }
          },
          "sensitive_attributes": [],
          "identity_schema_version": 0,
          "dependencies": [
            "data.cloudru_evolution_compute_image_collection.ubuntu_img"
          ]
        }
      ]
    }
  ],
  "check_results": null
}
